<?xml version="1.0" encoding="utf-8"?>
<Project ToolsVersion="4.0" xmlns="http://schemas.microsoft.com/developer/msbuild/2003">
  <ItemGroup>
    <Filter Include="Device">
      <UniqueIdentifier>{2652cc8a-df30-4d71-9db0-53ad9d3409f4}</UniqueIdentifier>
    </Filter>
    <Filter Include="Device\Texture">
      <UniqueIdentifier>{da0ff5d3-3ac0-41d5-9f1e-03b640e836d6}</UniqueIdentifier>
    </Filter>
    <Filter Include="Device\Vertex">
      <UniqueIdentifier>{f989d700-f4b9-42ab-aa68-095fb9f8ba0d}</UniqueIdentifier>
    </Filter>
    <Filter Include="Device\Shader">
      <UniqueIdentifier>{d4a8ce61-7f72-4409-9a16-51982a346d37}</UniqueIdentifier>
    </Filter>
    <Filter Include="Device\Font">
      <UniqueIdentifier>{dbceafe2-dba9-4a17-b505-723e63720392}</UniqueIdentifier>
    </Filter>
    <Filter Include="Device\Query">
      <UniqueIdentifier>{b1f08ff3-03b4-4da7-8112-9ec2746a5cb6}</UniqueIdentifier>
    </Filter>
    <Filter Include="Navigation">
      <UniqueIdentifier>{07efde16-cac0-414d-bf0e-e90d70283fab}</UniqueIdentifier>
    </Filter>
    <Filter Include="Material">
      <UniqueIdentifier>{bbe7c346-8a44-431b-bb72-902ca944a8c7}</UniqueIdentifier>
    </Filter>
    <Filter Include="Base">
      <UniqueIdentifier>{22ccf72d-62f5-41f6-8fe5-3d2fce303b1e}</UniqueIdentifier>
    </Filter>
    <Filter Include="Base\Resource">
      <UniqueIdentifier>{5c7f400e-31a4-4052-9d71-ea259efa05d7}</UniqueIdentifier>
    </Filter>
    <Filter Include="Base\Memory">
      <UniqueIdentifier>{8a2124fe-cc5b-4b77-85ee-73e288357401}</UniqueIdentifier>
    </Filter>
    <Filter Include="Base\File">
      <UniqueIdentifier>{9a0a0d0c-dd2e-4ada-a8a1-c761ad3dae55}</UniqueIdentifier>
    </Filter>
    <Filter Include="SceneGraph">
      <UniqueIdentifier>{8a0aa341-d0c6-45e4-bc07-e23ac0ecef85}</UniqueIdentifier>
    </Filter>
    <Filter Include="SceneGraph\Actor">
      <UniqueIdentifier>{74e3f77d-464d-445c-8658-07f35cc8912e}</UniqueIdentifier>
    </Filter>
    <Filter Include="SceneGraph\Actor\Animation">
      <UniqueIdentifier>{5c71cd6d-ca37-4047-ae29-e2f700b2d004}</UniqueIdentifier>
    </Filter>
    <Filter Include="SceneGraph\Actor\PassRenderer">
      <UniqueIdentifier>{7a918f78-ecf3-418f-81be-6e6e51d52914}</UniqueIdentifier>
    </Filter>
    <Filter Include="SceneGraph\Actor\ClothNew">
      <UniqueIdentifier>{6cfe566f-940e-4587-b93a-afdb0b9ce64f}</UniqueIdentifier>
    </Filter>
    <Filter Include="SceneGraph\Actor\ActorControllers">
      <UniqueIdentifier>{48d1dacf-3d79-4c68-b040-5aea3d6296a7}</UniqueIdentifier>
    </Filter>
    <Filter Include="SceneGraph\Environment">
      <UniqueIdentifier>{6eb687d3-2cbe-491c-a8a0-71d19f45fa6d}</UniqueIdentifier>
    </Filter>
    <Filter Include="SceneGraph\Environment\PassRenderer">
      <UniqueIdentifier>{71a7e088-9e9c-4d74-ba06-cd0f96725e77}</UniqueIdentifier>
    </Filter>
    <Filter Include="SceneGraph\SceneNodeControllers">
      <UniqueIdentifier>{fd4ce05c-4b36-42f1-96e8-a7408f8adbbf}</UniqueIdentifier>
    </Filter>
    <Filter Include="SceneGraph\Light">
      <UniqueIdentifier>{de437ff9-19e2-4fbc-8f85-580e2c603b02}</UniqueIdentifier>
    </Filter>
    <Filter Include="SceneGraph\Light\GI">
      <UniqueIdentifier>{20a81c0c-c686-4cc0-a0a3-164bcf816e32}</UniqueIdentifier>
    </Filter>
    <Filter Include="SceneGraph\Light\PassRenderer">
      <UniqueIdentifier>{828d5f13-b1f9-441e-9aca-7617f58dc04b}</UniqueIdentifier>
    </Filter>
    <Filter Include="SceneGraph\SceneNode">
      <UniqueIdentifier>{b59aa691-f02a-4384-9aa3-f306c72b9570}</UniqueIdentifier>
    </Filter>
    <Filter Include="SceneGraph\Terrain">
      <UniqueIdentifier>{db670b6a-3943-4158-b6ee-c3202212847f}</UniqueIdentifier>
    </Filter>
    <Filter Include="SceneGraph\Terrain\PassRenderer">
      <UniqueIdentifier>{e3a89c75-cdd9-4d87-8a52-d5147bff96f4}</UniqueIdentifier>
    </Filter>
    <Filter Include="SceneGraph\Water">
      <UniqueIdentifier>{104127b4-b95b-4a39-a0ee-c97589fdb989}</UniqueIdentifier>
    </Filter>
    <Filter Include="SceneGraph\Water\PassRenderer">
      <UniqueIdentifier>{8692d817-de97-4cb2-9ec5-512c61cf1e10}</UniqueIdentifier>
    </Filter>
    <Filter Include="SceneGraph\Water\Resource">
      <UniqueIdentifier>{bb2f7a14-a791-4bfe-90d2-55216515adf9}</UniqueIdentifier>
    </Filter>
    <Filter Include="SceneGraph\Grass">
      <UniqueIdentifier>{933d27ea-2c50-48e4-9bd8-d33ab73c1e0d}</UniqueIdentifier>
    </Filter>
    <Filter Include="SceneGraph\Grass\SpeedGrass">
      <UniqueIdentifier>{f51e1d7a-5591-42aa-bb5f-6792cd5ae2ae}</UniqueIdentifier>
    </Filter>
    <Filter Include="SceneGraph\Tree">
      <UniqueIdentifier>{2641c41f-48c5-499b-93fa-9d922eeeec2a}</UniqueIdentifier>
    </Filter>
    <Filter Include="SceneGraph\Tree\PassRenderer">
      <UniqueIdentifier>{fa1d18f7-9ca3-473b-a2d4-d7543f727c2a}</UniqueIdentifier>
    </Filter>
    <Filter Include="SceneGraph\Tree\Resource">
      <UniqueIdentifier>{f84b6785-82e7-47b1-8734-fbeb1114d563}</UniqueIdentifier>
    </Filter>
    <Filter Include="SceneGraph\Tree\Collision">
      <UniqueIdentifier>{04dc4b79-e006-4afc-96ae-8637cbbe4782}</UniqueIdentifier>
    </Filter>
    <Filter Include="SceneGraph\SceneManager">
      <UniqueIdentifier>{56599bdd-de9d-4203-b10f-89dbac18e765}</UniqueIdentifier>
    </Filter>
    <Filter Include="SceneGraph\Camera">
      <UniqueIdentifier>{f15abbfc-533d-4bb3-9b4f-b0db099b3348}</UniqueIdentifier>
    </Filter>
    <Filter Include="SceneGraph\Camera\CameraController">
      <UniqueIdentifier>{3b89d2f0-0d9e-4907-a20e-69b48dd143c8}</UniqueIdentifier>
    </Filter>
    <Filter Include="SceneGraph\PassRenderer">
      <UniqueIdentifier>{6ff6fbd8-fbcc-4998-8449-45f6faae2c7c}</UniqueIdentifier>
    </Filter>
    <Filter Include="SceneGraph\Effect">
      <UniqueIdentifier>{a96d56d2-3013-4ce2-8ac9-ea18817c9feb}</UniqueIdentifier>
    </Filter>
    <Filter Include="SceneGraph\Effect\PassRenderer">
      <UniqueIdentifier>{d6b1ef5f-cf2e-4a0f-9252-43846e88e33a}</UniqueIdentifier>
    </Filter>
    <Filter Include="SceneGraph\StaticMesh">
      <UniqueIdentifier>{7094938a-6fcd-4d8e-870d-20ca1f0d7ded}</UniqueIdentifier>
    </Filter>
    <Filter Include="SceneGraph\StaticMesh\PassRenderer">
      <UniqueIdentifier>{a485e180-30e4-40ab-80ea-aa6de6af41dc}</UniqueIdentifier>
    </Filter>
    <Filter Include="SceneGraph\Decal">
      <UniqueIdentifier>{e7fe52ee-07a0-4c8b-89dc-a9c4cc562be6}</UniqueIdentifier>
    </Filter>
    <Filter Include="SceneGraph\Decal\PassRenderer">
      <UniqueIdentifier>{d5c2e877-8ebd-48a2-a4a7-5701c65ea0eb}</UniqueIdentifier>
    </Filter>
    <Filter Include="SceneGraph\Rendering">
      <UniqueIdentifier>{a9c620a0-e969-40e6-bd87-144c6509445d}</UniqueIdentifier>
    </Filter>
    <Filter Include="SceneGraph\Rendering\PostEffect">
      <UniqueIdentifier>{68039f41-d8e8-4dc9-93ad-6ac26c8b0c97}</UniqueIdentifier>
    </Filter>
    <Filter Include="SceneGraph\SpaceDivision">
      <UniqueIdentifier>{cce93866-6cec-4fa8-830e-c592bc9fdab1}</UniqueIdentifier>
    </Filter>
    <Filter Include="SceneGraph\RCullingList">
      <UniqueIdentifier>{b8ea1e19-6160-4277-958a-631025b8d86c}</UniqueIdentifier>
    </Filter>
    <Filter Include="SceneGraph\Shadow">
      <UniqueIdentifier>{bcfc9256-74b8-45be-931d-e75aa97cf9a4}</UniqueIdentifier>
    </Filter>
    <Filter Include="SceneGraph\Context">
      <UniqueIdentifier>{9861dcc1-da52-43fe-969c-6260ed209b31}</UniqueIdentifier>
    </Filter>
    <Filter Include="SceneGraph\Occluder">
      <UniqueIdentifier>{480ea87c-7b93-4e7f-96e2-ef1cd1bfa173}</UniqueIdentifier>
    </Filter>
    <Filter Include="SceneGraph\LODSystem">
      <UniqueIdentifier>{e55db9a5-57c1-4b08-88ee-f3c531d393c5}</UniqueIdentifier>
    </Filter>
    <Filter Include="Application">
      <UniqueIdentifier>{3e22de70-261f-433d-8a8e-e077a76568c4}</UniqueIdentifier>
    </Filter>
    <Filter Include="Application\ToolSupport">
      <UniqueIdentifier>{8df6ef85-9bf4-4f20-b860-7e22fe802e77}</UniqueIdentifier>
    </Filter>
    <Filter Include="ImageLib">
      <UniqueIdentifier>{6a8393e7-c5f8-474a-80a1-65e837560989}</UniqueIdentifier>
    </Filter>
    <Filter Include="ImageLib\SOIL">
      <UniqueIdentifier>{8183ef56-8cc3-456c-b733-25830fdedd55}</UniqueIdentifier>
    </Filter>
    <Filter Include="UnitTestRunner">
      <UniqueIdentifier>{90fecb17-cb68-422e-a7b9-ed1fc765c0ae}</UniqueIdentifier>
    </Filter>
    <Filter Include="Debug">
      <UniqueIdentifier>{134b6a13-6b79-41e3-a5c8-8b0d71018958}</UniqueIdentifier>
    </Filter>
    <Filter Include="Analyst">
      <UniqueIdentifier>{87212561-bfd7-4611-b23e-f0420848f3bf}</UniqueIdentifier>
    </Filter>
    <Filter Include="Analyst\Profiler">
      <UniqueIdentifier>{753fbdc5-5b16-4e3b-8fb7-57bb48eb1328}</UniqueIdentifier>
    </Filter>
    <Filter Include="Util">
      <UniqueIdentifier>{9161f75f-2eb9-42fd-92cb-a269310089a0}</UniqueIdentifier>
    </Filter>
    <Filter Include="Util\Desc">
      <UniqueIdentifier>{17eda653-89eb-42b1-8557-62d4ac22e825}</UniqueIdentifier>
    </Filter>
    <Filter Include="Desc">
      <UniqueIdentifier>{7bdc4db8-6744-46b8-9f34-90cc08d4af31}</UniqueIdentifier>
    </Filter>
  </ItemGroup>
  <ItemGroup>
    <ClCompile Include="RDevice.cpp">
      <Filter>Device</Filter>
    </ClCompile>
    <ClCompile Include="RDeviceD3D.cpp">
      <Filter>Device</Filter>
    </ClCompile>
    <ClCompile Include="RDeviceOpenGL.cpp">
      <Filter>Device</Filter>
    </ClCompile>
    <ClCompile Include="RTexture.cpp">
      <Filter>Device\Texture</Filter>
    </ClCompile>
    <ClCompile Include="RTextureManager.cpp">
      <Filter>Device\Texture</Filter>
    </ClCompile>
    <ClCompile Include="RShaderComposer.cpp">
      <Filter>Device\Shader</Filter>
    </ClCompile>
    <ClCompile Include="RShaderComposite.cpp">
      <Filter>Device\Shader</Filter>
    </ClCompile>
    <ClCompile Include="RShaderCompositeManager.cpp">
      <Filter>Device\Shader</Filter>
    </ClCompile>
    <ClCompile Include="RShaderConstant.cpp">
      <Filter>Device\Shader</Filter>
    </ClCompile>
    <ClCompile Include="RShaderFX.cpp">
      <Filter>Device\Shader</Filter>
    </ClCompile>
    <ClCompile Include="RTechnique.cpp">
      <Filter>Device\Shader</Filter>
    </ClCompile>
    <ClCompile Include="RFont.cpp">
      <Filter>Device\Font</Filter>
    </ClCompile>
    <ClCompile Include="RD3DQuery.cpp">
      <Filter>Device\Query</Filter>
    </ClCompile>
    <ClCompile Include="RQuery.cpp">
      <Filter>Device\Query</Filter>
    </ClCompile>
    <ClCompile Include="RAStar.cpp">
      <Filter>Navigation</Filter>
    </ClCompile>
    <ClCompile Include="RNavigationMesh.cpp">
      <Filter>Navigation</Filter>
    </ClCompile>
    <ClCompile Include="RNavigationNode.cpp">
      <Filter>Navigation</Filter>
    </ClCompile>
    <ClCompile Include="RCompositeLayer.cpp">
      <Filter>Material</Filter>
    </ClCompile>
    <ClCompile Include="RMaterial.cpp">
      <Filter>Material</Filter>
    </ClCompile>
    <ClCompile Include="RMaterialResource.cpp">
      <Filter>Material</Filter>
    </ClCompile>
    <ClCompile Include="RMaterialResourceMgr.cpp">
      <Filter>Material</Filter>
    </ClCompile>
    <ClCompile Include="RMaterialTexture.cpp">
      <Filter>Material</Filter>
    </ClCompile>
    <ClCompile Include="RUVTransform.cpp">
      <Filter>Material</Filter>
    </ClCompile>
    <ClCompile Include="RBackgroundWorker.cpp">
      <Filter>Base</Filter>
    </ClCompile>
    <ClCompile Include="RBackgroundWorkUnit.cpp">
      <Filter>Base</Filter>
    </ClCompile>
    <ClCompile Include="RConfiguration.cpp">
      <Filter>Base</Filter>
    </ClCompile>
    <ClCompile Include="RLoadingWorkUnit.cpp">
      <Filter>Base</Filter>
    </ClCompile>
    <ClCompile Include="RMemPoolReleaser.cpp">
      <Filter>Base</Filter>
    </ClCompile>
    <ClCompile Include="RMeshProfileInfo.cpp">
      <Filter>Base</Filter>
    </ClCompile>
    <ClCompile Include="RPathSplitter.cpp">
      <Filter>Base</Filter>
    </ClCompile>
    <ClCompile Include="RRenderHelper.cpp">
      <Filter>Base</Filter>
    </ClCompile>
    <ClCompile Include="RRenderHelper2.cpp">
      <Filter>Base</Filter>
    </ClCompile>
    <ClCompile Include="RSceneLoader.cpp">
      <Filter>Base</Filter>
    </ClCompile>
    <ClCompile Include="RSUtil.cpp">
      <Filter>Base</Filter>
    </ClCompile>
    <ClCompile Include="RSystemInfo.cpp">
      <Filter>Base</Filter>
    </ClCompile>
    <ClCompile Include="RTimer.cpp">
      <Filter>Base</Filter>
    </ClCompile>
    <ClCompile Include="RTypes.cpp">
      <Filter>Base</Filter>
    </ClCompile>
    <ClCompile Include="RUtil.cpp">
      <Filter>Base</Filter>
    </ClCompile>
    <ClCompile Include="RVType.cpp">
      <Filter>Base</Filter>
    </ClCompile>
    <ClCompile Include="RXMLTemplate.cpp">
      <Filter>Base</Filter>
    </ClCompile>
    <ClCompile Include="RResource.cpp">
      <Filter>Base\Resource</Filter>
    </ClCompile>
    <ClCompile Include="RResourceLoader.cpp">
      <Filter>Base\Resource</Filter>
    </ClCompile>
    <ClCompile Include="RResourceLoadingGroup.cpp">
      <Filter>Base\Resource</Filter>
    </ClCompile>
    <ClCompile Include="RResourceManager.cpp">
      <Filter>Base\Resource</Filter>
    </ClCompile>
    <ClCompile Include="RMemoryAlloc.cpp">
      <Filter>Base\Memory</Filter>
    </ClCompile>
    <ClCompile Include="RStlCustomAlloc.cpp">
      <Filter>Base\Memory</Filter>
    </ClCompile>
    <ClCompile Include="RFile.cpp">
      <Filter>Base\File</Filter>
    </ClCompile>
    <ClCompile Include="RSceneNode.cpp">
      <Filter>SceneGraph</Filter>
    </ClCompile>
    <ClCompile Include="RSceneNodeID.cpp">
      <Filter>SceneGraph</Filter>
    </ClCompile>
    <ClCompile Include="RActor.cpp">
      <Filter>SceneGraph\Actor</Filter>
    </ClCompile>
    <ClCompile Include="RActorCollision.cpp">
      <Filter>SceneGraph\Actor</Filter>
    </ClCompile>
    <ClCompile Include="RActorNode.cpp">
      <Filter>SceneGraph\Actor</Filter>
    </ClCompile>
    <ClCompile Include="RActorNodePhysique.cpp">
      <Filter>SceneGraph\Actor</Filter>
    </ClCompile>
    <ClCompile Include="RActorNodeRenderStrategy.cpp">
      <Filter>SceneGraph\Actor</Filter>
    </ClCompile>
    <ClCompile Include="RMesh.cpp">
      <Filter>SceneGraph\Actor</Filter>
    </ClCompile>
    <ClCompile Include="RMeshAnimationMgr.cpp">
      <Filter>SceneGraph\Actor</Filter>
    </ClCompile>
    <ClCompile Include="RMeshCollision.cpp">
      <Filter>SceneGraph\Actor</Filter>
    </ClCompile>
    <ClCompile Include="RMeshMgr.cpp">
      <Filter>SceneGraph\Actor</Filter>
    </ClCompile>
    <ClCompile Include="RMeshNode.cpp">
      <Filter>SceneGraph\Actor</Filter>
    </ClCompile>
    <ClCompile Include="RMeshNodeData.cpp">
      <Filter>SceneGraph\Actor</Filter>
    </ClCompile>
    <ClCompile Include="RMeshNodeLoadImpl.cpp">
      <Filter>SceneGraph\Actor</Filter>
    </ClCompile>
    <ClCompile Include="RMeshUtil.cpp">
      <Filter>SceneGraph\Actor</Filter>
    </ClCompile>
    <ClCompile Include="RAnimation.cpp">
      <Filter>SceneGraph\Actor\Animation</Filter>
    </ClCompile>
    <ClCompile Include="RAnimationBlendTable.cpp">
      <Filter>SceneGraph\Actor\Animation</Filter>
    </ClCompile>
    <ClCompile Include="RAnimationFileLoadImpl.cpp">
      <Filter>SceneGraph\Actor\Animation</Filter>
    </ClCompile>
    <ClCompile Include="RAnimationManager.cpp">
      <Filter>SceneGraph\Actor\Animation</Filter>
    </ClCompile>
    <ClCompile Include="RAnimationNode.cpp">
      <Filter>SceneGraph\Actor\Animation</Filter>
    </ClCompile>
    <ClCompile Include="RAnimationResource.cpp">
      <Filter>SceneGraph\Actor\Animation</Filter>
    </ClCompile>
    <ClCompile Include="RSkeleton.cpp">
      <Filter>SceneGraph\Actor\Animation</Filter>
    </ClCompile>
    <ClCompile Include="RAccumMotionBlurPassRenderer.cpp">
      <Filter>SceneGraph\Actor\PassRenderer</Filter>
    </ClCompile>
    <ClCompile Include="RActorPassRenderer.cpp">
      <Filter>SceneGraph\Actor\PassRenderer</Filter>
    </ClCompile>
    <ClCompile Include="REdgePassRender.cpp">
      <Filter>SceneGraph\Actor\PassRenderer</Filter>
    </ClCompile>
    <ClCompile Include="RPixelMotionBlurPassRenderer.cpp">
      <Filter>SceneGraph\Actor\PassRenderer</Filter>
    </ClCompile>
    <ClCompile Include="RPostEffectEdgePassRender.cpp">
      <Filter>SceneGraph\Actor\PassRenderer</Filter>
    </ClCompile>
    <ClCompile Include="RVertexMotionBlurPassRenderer.cpp">
      <Filter>SceneGraph\Actor\PassRenderer</Filter>
    </ClCompile>
    <ClCompile Include="RClothActorNode.cpp">
      <Filter>SceneGraph\Actor\ClothNew</Filter>
    </ClCompile>
    <ClCompile Include="RClothCollision.cpp">
      <Filter>SceneGraph\Actor\ClothNew</Filter>
    </ClCompile>
    <ClCompile Include="RClothConstraint.cpp">
      <Filter>SceneGraph\Actor\ClothNew</Filter>
    </ClCompile>
    <ClCompile Include="RClothEdgeAndTriangleInfo.cpp">
      <Filter>SceneGraph\Actor\ClothNew</Filter>
    </ClCompile>
    <ClCompile Include="RClothInfo.cpp">
      <Filter>SceneGraph\Actor\ClothNew</Filter>
    </ClCompile>
    <ClCompile Include="RClothLocalActorNode.cpp">
      <Filter>SceneGraph\Actor\ClothNew</Filter>
    </ClCompile>
    <ClCompile Include="RClothParameter.cpp">
      <Filter>SceneGraph\Actor\ClothNew</Filter>
    </ClCompile>
    <ClCompile Include="RClothParticle.cpp">
      <Filter>SceneGraph\Actor\ClothNew</Filter>
    </ClCompile>
    <ClCompile Include="RClothSimulator.cpp">
      <Filter>SceneGraph\Actor\ClothNew</Filter>
    </ClCompile>
    <ClCompile Include="RClothUtility.cpp">
      <Filter>SceneGraph\Actor\ClothNew</Filter>
    </ClCompile>
    <ClCompile Include="RClothWorldActorNode.cpp">
      <Filter>SceneGraph\Actor\ClothNew</Filter>
    </ClCompile>
    <ClCompile Include="RActorAlignController.cpp">
      <Filter>SceneGraph\Actor\ActorControllers</Filter>
    </ClCompile>
    <ClCompile Include="RActorController.cpp">
      <Filter>SceneGraph\Actor\ActorControllers</Filter>
    </ClCompile>
    <ClCompile Include="RActorNodeConstraintController.cpp">
      <Filter>SceneGraph\Actor\ActorControllers</Filter>
    </ClCompile>
    <ClCompile Include="RAnimationController.cpp">
      <Filter>SceneGraph\Actor\ActorControllers</Filter>
    </ClCompile>
    <ClCompile Include="RAnimationControllerNode.cpp">
      <Filter>SceneGraph\Actor\ActorControllers</Filter>
    </ClCompile>
    <ClCompile Include="REnvironment.cpp">
      <Filter>SceneGraph\Environment</Filter>
    </ClCompile>
    <ClCompile Include="REnvironmentSet.cpp">
      <Filter>SceneGraph\Environment</Filter>
    </ClCompile>
    <ClCompile Include="RSceneSky.cpp">
      <Filter>SceneGraph\Environment</Filter>
    </ClCompile>
    <ClCompile Include="RSkyManager.cpp">
      <Filter>SceneGraph\Environment</Filter>
    </ClCompile>
    <ClCompile Include="RWeatherEffect.cpp">
      <Filter>SceneGraph\Environment</Filter>
    </ClCompile>
    <ClCompile Include="RWeatherEffectSet.cpp">
      <Filter>SceneGraph\Environment</Filter>
    </ClCompile>
    <ClCompile Include="RSkyPassRenderer.cpp">
      <Filter>SceneGraph\Environment\PassRenderer</Filter>
    </ClCompile>
    <ClCompile Include="RAlignController.cpp">
      <Filter>SceneGraph\SceneNodeControllers</Filter>
    </ClCompile>
    <ClCompile Include="RRotateSettingController.cpp">
      <Filter>SceneGraph\SceneNodeControllers</Filter>
    </ClCompile>
    <ClCompile Include="RSceneNodeController.cpp">
      <Filter>SceneGraph\SceneNodeControllers</Filter>
    </ClCompile>
    <ClCompile Include="RSceneNodeControllerFactory.cpp">
      <Filter>SceneGraph\SceneNodeControllers</Filter>
    </ClCompile>
    <ClCompile Include="RShaderEffectController.cpp">
      <Filter>SceneGraph\SceneNodeControllers</Filter>
    </ClCompile>
    <ClCompile Include="RSimpleRotationController.cpp">
      <Filter>SceneGraph\SceneNodeControllers</Filter>
    </ClCompile>
    <ClCompile Include="RDirectionalLightSceneNode.cpp">
      <Filter>SceneGraph\Light</Filter>
    </ClCompile>
    <ClCompile Include="RLightingShader.cpp">
      <Filter>SceneGraph\Light</Filter>
    </ClCompile>
    <ClCompile Include="RLightSceneNode.cpp">
      <Filter>SceneGraph\Light</Filter>
    </ClCompile>
    <ClCompile Include="RPointLightSceneNode.cpp">
      <Filter>SceneGraph\Light</Filter>
    </ClCompile>
    <ClCompile Include="RSpotLightSceneNode.cpp">
      <Filter>SceneGraph\Light</Filter>
    </ClCompile>
    <ClCompile Include="RGIProcessor.cpp">
      <Filter>SceneGraph\Light\GI</Filter>
    </ClCompile>
    <ClCompile Include="RHBAOProcessor.cpp">
      <Filter>SceneGraph\Light\GI</Filter>
    </ClCompile>
    <ClCompile Include="RSSAOProcessor.cpp">
      <Filter>SceneGraph\Light\GI</Filter>
    </ClCompile>
    <ClCompile Include="RDirectionalLightPassRenderer.cpp">
      <Filter>SceneGraph\Light\PassRenderer</Filter>
    </ClCompile>
    <ClCompile Include="RPointLightPassRenderer.cpp">
      <Filter>SceneGraph\Light\PassRenderer</Filter>
    </ClCompile>
    <ClCompile Include="RSpotLightPassRenderer.cpp">
      <Filter>SceneGraph\Light\PassRenderer</Filter>
    </ClCompile>
    <ClCompile Include="RSceneNodeInstance.cpp">
      <Filter>SceneGraph\SceneNode</Filter>
    </ClCompile>
    <ClCompile Include="RSceneNodePolygonCollector_Collision.cpp">
      <Filter>SceneGraph\SceneNode</Filter>
    </ClCompile>
    <ClCompile Include="RScreenEffectManager.cpp">
      <Filter>SceneGraph\SceneNode</Filter>
    </ClCompile>
    <ClCompile Include="RTextSceneNode.cpp">
      <Filter>SceneGraph\SceneNode</Filter>
    </ClCompile>
    <ClCompile Include="RWorldSceneNode.cpp">
      <Filter>SceneGraph\SceneNode</Filter>
    </ClCompile>
    <ClCompile Include="Horizon.cpp">
      <Filter>SceneGraph\Terrain</Filter>
    </ClCompile>
    <ClCompile Include="RTerrain.cpp">
      <Filter>SceneGraph\Terrain</Filter>
    </ClCompile>
    <ClCompile Include="RTerrainPatch.cpp">
      <Filter>SceneGraph\Terrain</Filter>
    </ClCompile>
    <ClCompile Include="RTerrainProcess.cpp">
      <Filter>SceneGraph\Terrain</Filter>
    </ClCompile>
    <ClCompile Include="RTerrainPVS.cpp">
      <Filter>SceneGraph\Terrain</Filter>
    </ClCompile>
    <ClCompile Include="RTerrainQuadTree.cpp">
      <Filter>SceneGraph\Terrain</Filter>
    </ClCompile>
    <ClCompile Include="RTerrainResource.cpp">
      <Filter>SceneGraph\Terrain</Filter>
    </ClCompile>
    <ClCompile Include="RTerrainShader.cpp">
      <Filter>SceneGraph\Terrain</Filter>
    </ClCompile>
    <ClCompile Include="RTerrainPassRenderer.cpp">
      <Filter>SceneGraph\Terrain\PassRenderer</Filter>
    </ClCompile>
    <ClCompile Include="RWaterSceneNode.cpp">
      <Filter>SceneGraph\Water</Filter>
    </ClCompile>
    <ClCompile Include="RWaterPassRenderer.cpp">
      <Filter>SceneGraph\Water\PassRenderer</Filter>
    </ClCompile>
    <ClCompile Include="RGrassLoader.cpp">
      <Filter>SceneGraph\Grass</Filter>
    </ClCompile>
    <ClCompile Include="RGrassSystem.cpp">
      <Filter>SceneGraph\Grass</Filter>
    </ClCompile>
    <ClCompile Include="RSpeedGrass.cpp">
      <Filter>SceneGraph\Grass</Filter>
    </ClCompile>
    <ClCompile Include="RSpeedGrassGPUInstance.cpp">
      <Filter>SceneGraph\Grass</Filter>
    </ClCompile>
    <ClCompile Include="RSpeedGrassShader.cpp">
      <Filter>SceneGraph\Grass</Filter>
    </ClCompile>
    <ClCompile Include="Dependencies\speedgrass\IdvVectorMath.cpp">
      <Filter>SceneGraph\Grass\SpeedGrass</Filter>
    </ClCompile>
    <ClCompile Include="Dependencies\speedgrass\SpeedGrassRT.cpp">
      <Filter>SceneGraph\Grass\SpeedGrass</Filter>
    </ClCompile>
    <ClCompile Include="RTreeSceneNode.cpp">
      <Filter>SceneGraph\Tree</Filter>
    </ClCompile>
    <ClCompile Include="RTreePassRenderer.cpp">
      <Filter>SceneGraph\Tree\PassRenderer</Filter>
    </ClCompile>
    <ClCompile Include="RTreeResource.cpp">
      <Filter>SceneGraph\Tree\Resource</Filter>
    </ClCompile>
    <ClCompile Include="RTreeResourceMgr.cpp">
      <Filter>SceneGraph\Tree\Resource</Filter>
    </ClCompile>
    <ClCompile Include="RTreeCollision.cpp">
      <Filter>SceneGraph\Tree\Collision</Filter>
    </ClCompile>
    <ClCompile Include="RSceneManager.cpp">
      <Filter>SceneGraph\SceneManager</Filter>
    </ClCompile>
    <ClCompile Include="RSceneManager_Create.cpp">
      <Filter>SceneGraph\SceneManager</Filter>
    </ClCompile>
    <ClCompile Include="RCameraArcBallSceneNode.cpp">
      <Filter>SceneGraph\Camera</Filter>
    </ClCompile>
    <ClCompile Include="RCameraFPSSceneNode.cpp">
      <Filter>SceneGraph\Camera</Filter>
    </ClCompile>
    <ClCompile Include="RCameraSceneNode.cpp">
      <Filter>SceneGraph\Camera</Filter>
    </ClCompile>
    <ClCompile Include="RPolarCameraSceneNode.cpp">
      <Filter>SceneGraph\Camera</Filter>
    </ClCompile>
    <ClCompile Include="RVariableFrustum.cpp">
      <Filter>SceneGraph\Camera</Filter>
    </ClCompile>
    <ClCompile Include="RViewFrustum.cpp">
      <Filter>SceneGraph\Camera</Filter>
    </ClCompile>
    <ClCompile Include="RCameraAnimationController.cpp">
      <Filter>SceneGraph\Camera\CameraController</Filter>
    </ClCompile>
    <ClCompile Include="RCameraSceneNodeController.cpp">
      <Filter>SceneGraph\Camera\CameraController</Filter>
    </ClCompile>
    <ClCompile Include="RCameraShakeController.cpp">
      <Filter>SceneGraph\Camera\CameraController</Filter>
    </ClCompile>
    <ClCompile Include="RAdditivePassRenderer.cpp">
      <Filter>SceneGraph\PassRenderer</Filter>
    </ClCompile>
    <ClCompile Include="RAlphaPassRenderer.cpp">
      <Filter>SceneGraph\PassRenderer</Filter>
    </ClCompile>
    <ClCompile Include="RDebugPassRenderer.cpp">
      <Filter>SceneGraph\PassRenderer</Filter>
    </ClCompile>
    <ClCompile Include="RDistortionPassRenderer.cpp">
      <Filter>SceneGraph\PassRenderer</Filter>
    </ClCompile>
    <ClCompile Include="RPassRenderer.cpp">
      <Filter>SceneGraph\PassRenderer</Filter>
    </ClCompile>
    <ClCompile Include="RBspline.cpp">
      <Filter>SceneGraph\Effect</Filter>
    </ClCompile>
    <ClCompile Include="RCardinal.cpp">
      <Filter>SceneGraph\Effect</Filter>
    </ClCompile>
    <ClCompile Include="REffectActor.cpp">
      <Filter>SceneGraph\Effect</Filter>
    </ClCompile>
    <ClCompile Include="REffectBase.cpp">
      <Filter>SceneGraph\Effect</Filter>
    </ClCompile>
    <ClCompile Include="REffectInstance.cpp">
      <Filter>SceneGraph\Effect</Filter>
    </ClCompile>
    <ClCompile Include="REffectManager.cpp">
      <Filter>SceneGraph\Effect</Filter>
    </ClCompile>
    <ClCompile Include="REffectSceneNode.cpp">
      <Filter>SceneGraph\Effect</Filter>
    </ClCompile>
    <ClCompile Include="REmitter.cpp">
      <Filter>SceneGraph\Effect</Filter>
    </ClCompile>
    <ClCompile Include="REmitter_Renderer.cpp">
      <Filter>SceneGraph\Effect</Filter>
    </ClCompile>
    <ClCompile Include="REmitter_UVModifier.cpp">
      <Filter>SceneGraph\Effect</Filter>
    </ClCompile>
    <ClCompile Include="RGlareDef.cpp">
      <Filter>SceneGraph\Effect</Filter>
    </ClCompile>
    <ClCompile Include="RParticle.cpp">
      <Filter>SceneGraph\Effect</Filter>
    </ClCompile>
    <ClCompile Include="RParticle_Create.cpp">
      <Filter>SceneGraph\Effect</Filter>
    </ClCompile>
    <ClCompile Include="RParticleShader.cpp">
      <Filter>SceneGraph\Effect</Filter>
    </ClCompile>
    <ClCompile Include="RTrail.cpp">
      <Filter>SceneGraph\Effect</Filter>
    </ClCompile>
    <ClCompile Include="REffectPassRenderer.cpp">
      <Filter>SceneGraph\Effect\PassRenderer</Filter>
    </ClCompile>
    <ClCompile Include="RStaticMeshDepthRenderStrategy.cpp">
      <Filter>SceneGraph\StaticMesh</Filter>
    </ClCompile>
    <ClCompile Include="RStaticMeshGStageRenderStrategy.cpp">
      <Filter>SceneGraph\StaticMesh</Filter>
    </ClCompile>
    <ClCompile Include="RStaticMeshMStageRenderStrategy.cpp">
      <Filter>SceneGraph\StaticMesh</Filter>
    </ClCompile>
    <ClCompile Include="RStaticMeshRenderStrategy.cpp">
      <Filter>SceneGraph\StaticMesh</Filter>
    </ClCompile>
    <ClCompile Include="RStaticMeshResource.cpp">
      <Filter>SceneGraph\StaticMesh</Filter>
    </ClCompile>
    <ClCompile Include="RStaticMeshResourceFileLoadImpl.cpp">
      <Filter>SceneGraph\StaticMesh</Filter>
    </ClCompile>
    <ClCompile Include="RStaticMeshSceneNode.cpp">
      <Filter>SceneGraph\StaticMesh</Filter>
    </ClCompile>
    <ClCompile Include="RStaticMeshPassRenderer.cpp">
      <Filter>SceneGraph\StaticMesh\PassRenderer</Filter>
    </ClCompile>
    <ClCompile Include="RDecalCollision.cpp">
      <Filter>SceneGraph\Decal</Filter>
    </ClCompile>
    <ClCompile Include="RDecalPolygonSceneNode.cpp">
      <Filter>SceneGraph\Decal</Filter>
    </ClCompile>
    <ClCompile Include="RDecalProjectionSceneNode.cpp">
      <Filter>SceneGraph\Decal</Filter>
    </ClCompile>
    <ClCompile Include="RDecalPolygonPassRenderer.cpp">
      <Filter>SceneGraph\Decal\PassRenderer</Filter>
    </ClCompile>
    <ClCompile Include="RDecalProjectionPassRenderer.cpp">
      <Filter>SceneGraph\Decal\PassRenderer</Filter>
    </ClCompile>
    <ClCompile Include="RDeferredRenderingStrategy.cpp">
      <Filter>SceneGraph\Rendering</Filter>
    </ClCompile>
    <ClCompile Include="RInferredRenderingStrategy.cpp">
      <Filter>SceneGraph\Rendering</Filter>
    </ClCompile>
    <ClCompile Include="RNullRenderingStrategy.cpp">
      <Filter>SceneGraph\Rendering</Filter>
    </ClCompile>
    <ClCompile Include="RRenderingCallbackInterface.cpp">
      <Filter>SceneGraph\Rendering</Filter>
    </ClCompile>
    <ClCompile Include="RRenderingStrategy.cpp">
      <Filter>SceneGraph\Rendering</Filter>
    </ClCompile>
    <ClCompile Include="RPostEffectAccumMotionBlur.cpp">
      <Filter>SceneGraph\Rendering\PostEffect</Filter>
    </ClCompile>
    <ClCompile Include="RPostEffectDistortion.cpp">
      <Filter>SceneGraph\Rendering\PostEffect</Filter>
    </ClCompile>
    <ClCompile Include="RPostEffectDistortionParameter.cpp">
      <Filter>SceneGraph\Rendering\PostEffect</Filter>
    </ClCompile>
    <ClCompile Include="RPostEffectDOF.cpp">
      <Filter>SceneGraph\Rendering\PostEffect</Filter>
    </ClCompile>
    <ClCompile Include="RPostEffectEdge.cpp">
      <Filter>SceneGraph\Rendering\PostEffect</Filter>
    </ClCompile>
    <ClCompile Include="RPostEffectFinalScene.cpp">
      <Filter>SceneGraph\Rendering\PostEffect</Filter>
    </ClCompile>
    <ClCompile Include="RPostEffectHDR.cpp">
      <Filter>SceneGraph\Rendering\PostEffect</Filter>
    </ClCompile>
    <ClCompile Include="RPostEffectInterface.cpp">
      <Filter>SceneGraph\Rendering\PostEffect</Filter>
    </ClCompile>
    <ClCompile Include="RPostEffectManager.cpp">
      <Filter>SceneGraph\Rendering\PostEffect</Filter>
    </ClCompile>
    <ClCompile Include="RPostEffectPixelMotionBlur.cpp">
      <Filter>SceneGraph\Rendering\PostEffect</Filter>
    </ClCompile>
    <ClCompile Include="RPostEffectScreenMotionBlur.cpp">
      <Filter>SceneGraph\Rendering\PostEffect</Filter>
    </ClCompile>
    <ClCompile Include="ROctreeManager.cpp">
      <Filter>SceneGraph\SpaceDivision</Filter>
    </ClCompile>
    <ClCompile Include="RCullingList.cpp">
      <Filter>SceneGraph\RCullingList</Filter>
    </ClCompile>
    <ClCompile Include="RCullingMgr.cpp">
      <Filter>SceneGraph\RCullingList</Filter>
    </ClCompile>
    <ClCompile Include="ROccluderList.cpp">
      <Filter>SceneGraph\RCullingList</Filter>
    </ClCompile>
    <ClCompile Include="ROcclusionCullingMgr.cpp">
      <Filter>SceneGraph\RCullingList</Filter>
    </ClCompile>
    <ClCompile Include="RRenderChain.cpp">
      <Filter>SceneGraph\RCullingList</Filter>
    </ClCompile>
    <ClCompile Include="RRenderingList.cpp">
      <Filter>SceneGraph\RCullingList</Filter>
    </ClCompile>
    <ClCompile Include="RViewFrustumCullingMgr.cpp">
      <Filter>SceneGraph\RCullingList</Filter>
    </ClCompile>
    <ClCompile Include="RDepthMapShadowStrategy.cpp">
      <Filter>SceneGraph\Shadow</Filter>
    </ClCompile>
    <ClCompile Include="RLiSPSMShadowStrategy.cpp">
      <Filter>SceneGraph\Shadow</Filter>
    </ClCompile>
    <ClCompile Include="RProjectionShadow.cpp">
      <Filter>SceneGraph\Shadow</Filter>
    </ClCompile>
    <ClCompile Include="RProjectionShadowStrategy.cpp">
      <Filter>SceneGraph\Shadow</Filter>
    </ClCompile>
    <ClCompile Include="RPSSMShadowStrategy.cpp">
      <Filter>SceneGraph\Shadow</Filter>
    </ClCompile>
    <ClCompile Include="RShadowStrategy.cpp">
      <Filter>SceneGraph\Shadow</Filter>
    </ClCompile>
    <ClCompile Include="RDuplicateUpdateCheckContext.cpp">
      <Filter>SceneGraph\Context</Filter>
    </ClCompile>
    <ClCompile Include="ROccluderContext.cpp">
      <Filter>SceneGraph\Context</Filter>
    </ClCompile>
    <ClCompile Include="ROccluderSceneNode.cpp">
      <Filter>SceneGraph\Occluder</Filter>
    </ClCompile>
    <ClCompile Include="RLODContext.cpp">
      <Filter>SceneGraph\LODSystem</Filter>
    </ClCompile>
    <ClCompile Include="RLODController.cpp">
      <Filter>SceneGraph\LODSystem</Filter>
    </ClCompile>
    <ClCompile Include="RLODMetric.cpp">
      <Filter>SceneGraph\LODSystem</Filter>
    </ClCompile>
    <ClCompile Include="RLODMetricInfo.cpp">
      <Filter>SceneGraph\LODSystem</Filter>
    </ClCompile>
    <ClCompile Include="RLODNode.cpp">
      <Filter>SceneGraph\LODSystem</Filter>
    </ClCompile>
    <ClCompile Include="RLODProcessorBase.cpp">
      <Filter>SceneGraph\LODSystem</Filter>
    </ClCompile>
    <ClCompile Include="RLODProcessorDistance.cpp">
      <Filter>SceneGraph\LODSystem</Filter>
    </ClCompile>
    <ClCompile Include="RLODProcessorFog.cpp">
      <Filter>SceneGraph\LODSystem</Filter>
    </ClCompile>
    <ClCompile Include="RLODProcessorProjection.cpp">
      <Filter>SceneGraph\LODSystem</Filter>
    </ClCompile>
    <ClCompile Include="RApplication.cpp">
      <Filter>Application</Filter>
    </ClCompile>
    <ClCompile Include="RD3DApplication.cpp">
      <Filter>Application</Filter>
    </ClCompile>
    <ClCompile Include="RLibTypes.cpp">
      <Filter>Application</Filter>
    </ClCompile>
    <ClCompile Include="MImagePacker.cpp">
      <Filter>Application\ToolSupport</Filter>
    </ClCompile>
    <ClCompile Include="RToolApplication.cpp">
      <Filter>Application\ToolSupport</Filter>
    </ClCompile>
    <ClCompile Include="RToolHelper.cpp">
      <Filter>Application\ToolSupport</Filter>
    </ClCompile>
    <ClCompile Include="RToolUtil.cpp">
      <Filter>Application\ToolSupport</Filter>
    </ClCompile>
    <ClCompile Include="MFileLoader.cpp">
      <Filter>ImageLib</Filter>
    </ClCompile>
    <ClCompile Include="Dependencies\SOIL\image_DXT.c">
      <Filter>ImageLib\SOIL</Filter>
    </ClCompile>
    <ClCompile Include="Dependencies\SOIL\SOIL.c">
      <Filter>ImageLib\SOIL</Filter>
    </ClCompile>
    <ClCompile Include="Dependencies\SOIL\stb_image_aug.c">
      <Filter>ImageLib\SOIL</Filter>
    </ClCompile>
    <ClCompile Include="RUnitTestRunner.cpp">
      <Filter>UnitTestRunner</Filter>
    </ClCompile>
    <ClCompile Include="RDebuggingInfo.cpp">
      <Filter>Debug</Filter>
    </ClCompile>
    <ClCompile Include="RAnalyst.cpp">
      <Filter>Analyst</Filter>
    </ClCompile>
    <ClCompile Include="RCPUAnalyst.cpp">
      <Filter>Analyst</Filter>
    </ClCompile>
    <ClCompile Include="RGPUAnalyst.cpp">
      <Filter>Analyst</Filter>
    </ClCompile>
    <ClCompile Include="RResourceAnalyst.cpp">
      <Filter>Analyst</Filter>
    </ClCompile>
    <ClCompile Include="RGPUProfiler.cpp">
      <Filter>Analyst\Profiler</Filter>
    </ClCompile>
    <ClCompile Include="RProfileInfo.cpp">
      <Filter>Analyst\Profiler</Filter>
    </ClCompile>
    <ClCompile Include="Util\RUSceneXML.cpp">
      <Filter>Util</Filter>
    </ClCompile>
    <ClCompile Include="REngine.cpp" />
    <ClCompile Include="RListener.cpp" />
    <ClCompile Include="RMaterialDecal.cpp" />
    <ClCompile Include="stdafx.cpp" />
  </ItemGroup>
  <ItemGroup>
    <ClInclude Include="RDevice.h">
      <Filter>Device</Filter>
    </ClInclude>
    <ClInclude Include="RDeviceD3D.h">
      <Filter>Device</Filter>
    </ClInclude>
    <ClInclude Include="RDeviceNull.h">
      <Filter>Device</Filter>
    </ClInclude>
    <ClInclude Include="RDeviceOpenGL.h">
      <Filter>Device</Filter>
    </ClInclude>
    <ClInclude Include="RTexture.h">
      <Filter>Device\Texture</Filter>
    </ClInclude>
    <ClInclude Include="RTextureManager.h">
      <Filter>Device\Texture</Filter>
    </ClInclude>
    <ClInclude Include="RD3DVertexUtil.h">
      <Filter>Device\Vertex</Filter>
    </ClInclude>
    <ClInclude Include="RShaderComponentID.h">
      <Filter>Device\Shader</Filter>
    </ClInclude>
    <ClInclude Include="RShaderComposer.h">
      <Filter>Device\Shader</Filter>
    </ClInclude>
    <ClInclude Include="RShaderComposite.h">
      <Filter>Device\Shader</Filter>
    </ClInclude>
    <ClInclude Include="RShaderCompositeManager.h">
      <Filter>Device\Shader</Filter>
    </ClInclude>
    <ClInclude Include="RShaderConstant.h">
      <Filter>Device\Shader</Filter>
    </ClInclude>
    <ClInclude Include="RShaderFX.h">
      <Filter>Device\Shader</Filter>
    </ClInclude>
    <ClInclude Include="RTechnique.h">
      <Filter>Device\Shader</Filter>
    </ClInclude>
    <ClInclude Include="RFont.h">
      <Filter>Device\Font</Filter>
    </ClInclude>
    <ClInclude Include="RD3DQuery.h">
      <Filter>Device\Query</Filter>
    </ClInclude>
    <ClInclude Include="RQuery.h">
      <Filter>Device\Query</Filter>
    </ClInclude>
    <ClInclude Include="RAStar.h">
      <Filter>Navigation</Filter>
    </ClInclude>
    <ClInclude Include="RLine.h">
      <Filter>Navigation</Filter>
    </ClInclude>
    <ClInclude Include="RNavigationMesh.h">
      <Filter>Navigation</Filter>
    </ClInclude>
    <ClInclude Include="RNavigationNode.h">
      <Filter>Navigation</Filter>
    </ClInclude>
    <ClInclude Include="RCompositeLayer.h">
      <Filter>Material</Filter>
    </ClInclude>
    <ClInclude Include="RMaterial.h">
      <Filter>Material</Filter>
    </ClInclude>
    <ClInclude Include="RMaterialResource.h">
      <Filter>Material</Filter>
    </ClInclude>
    <ClInclude Include="RMaterialResourceMgr.h">
      <Filter>Material</Filter>
    </ClInclude>
    <ClInclude Include="RMaterialTexture.h">
      <Filter>Material</Filter>
    </ClInclude>
    <ClInclude Include="RUVTransform.h">
      <Filter>Material</Filter>
    </ClInclude>
    <ClInclude Include="RBackgroundWorker.h">
      <Filter>Base</Filter>
    </ClInclude>
    <ClInclude Include="RBackgroundWorkUnit.h">
      <Filter>Base</Filter>
    </ClInclude>
    <ClInclude Include="RConfiguration.h">
      <Filter>Base</Filter>
    </ClInclude>
    <ClInclude Include="RListener.h">
      <Filter>Base</Filter>
    </ClInclude>
    <ClInclude Include="RLoadingWorkUnit.h">
      <Filter>Base</Filter>
    </ClInclude>
    <ClInclude Include="RMemPoolReleaser.h">
      <Filter>Base</Filter>
    </ClInclude>
    <ClInclude Include="RMeshProfileInfo.h">
      <Filter>Base</Filter>
    </ClInclude>
    <ClInclude Include="RPathSplitter.h">
      <Filter>Base</Filter>
    </ClInclude>
    <ClInclude Include="RRenderHelper.h">
      <Filter>Base</Filter>
    </ClInclude>
    <ClInclude Include="RRenderHelper2.h">
      <Filter>Base</Filter>
    </ClInclude>
    <ClInclude Include="RRule.h">
      <Filter>Base</Filter>
    </ClInclude>
    <ClInclude Include="RSceneLoader.h">
      <Filter>Base</Filter>
    </ClInclude>
    <ClInclude Include="RSUtil.h">
      <Filter>Base</Filter>
    </ClInclude>
    <ClInclude Include="RSystemInfo.h">
      <Filter>Base</Filter>
    </ClInclude>
    <ClInclude Include="RTimer.h">
      <Filter>Base</Filter>
    </ClInclude>
    <ClInclude Include="RToken.h">
      <Filter>Base</Filter>
    </ClInclude>
    <ClInclude Include="RTypes.h">
      <Filter>Base</Filter>
    </ClInclude>
    <ClInclude Include="RUtil.h">
      <Filter>Base</Filter>
    </ClInclude>
    <ClInclude Include="RVersions.h">
      <Filter>Base</Filter>
    </ClInclude>
    <ClInclude Include="RVType.h">
      <Filter>Base</Filter>
    </ClInclude>
    <ClInclude Include="RXMLTemplate.h">
      <Filter>Base</Filter>
    </ClInclude>
    <ClInclude Include="RPreDefine.h">
      <Filter>Base\Resource</Filter>
    </ClInclude>
    <ClInclude Include="RResource.h">
      <Filter>Base\Resource</Filter>
    </ClInclude>
    <ClInclude Include="RResourceID.h">
      <Filter>Base\Resource</Filter>
    </ClInclude>
    <ClInclude Include="RResourceLoader.h">
      <Filter>Base\Resource</Filter>
    </ClInclude>
    <ClInclude Include="RResourceLoadingGroup.h">
      <Filter>Base\Resource</Filter>
    </ClInclude>
    <ClInclude Include="RResourceManager.h">
      <Filter>Base\Resource</Filter>
    </ClInclude>
    <ClInclude Include="RMemoryAlloc.h">
      <Filter>Base\Memory</Filter>
    </ClInclude>
    <ClInclude Include="RStlCustomAlloc.h">
      <Filter>Base\Memory</Filter>
    </ClInclude>
    <ClInclude Include="RFile.h">
      <Filter>Base\File</Filter>
    </ClInclude>
    <ClInclude Include="RSceneNode.h">
      <Filter>SceneGraph</Filter>
    </ClInclude>
    <ClInclude Include="RSceneNodeID.h">
      <Filter>SceneGraph</Filter>
    </ClInclude>
    <ClInclude Include="RActor.h">
      <Filter>SceneGraph\Actor</Filter>
    </ClInclude>
    <ClInclude Include="RActorCollision.h">
      <Filter>SceneGraph\Actor</Filter>
    </ClInclude>
    <ClInclude Include="RActorNode.h">
      <Filter>SceneGraph\Actor</Filter>
    </ClInclude>
    <ClInclude Include="RActorNodePhysique.h">
      <Filter>SceneGraph\Actor</Filter>
    </ClInclude>
    <ClInclude Include="RActorNodeRenderStrategy.h">
      <Filter>SceneGraph\Actor</Filter>
    </ClInclude>
    <ClInclude Include="RMesh.h">
      <Filter>SceneGraph\Actor</Filter>
    </ClInclude>
    <ClInclude Include="RMeshAnimationMgr.h">
      <Filter>SceneGraph\Actor</Filter>
    </ClInclude>
    <ClInclude Include="RMeshCollision.h">
      <Filter>SceneGraph\Actor</Filter>
    </ClInclude>
    <ClInclude Include="RMeshMgr.h">
      <Filter>SceneGraph\Actor</Filter>
    </ClInclude>
    <ClInclude Include="RMeshNode.h">
      <Filter>SceneGraph\Actor</Filter>
    </ClInclude>
    <ClInclude Include="RMeshNodeData.h">
      <Filter>SceneGraph\Actor</Filter>
    </ClInclude>
    <ClInclude Include="RMeshNodeLoadImpl.h">
      <Filter>SceneGraph\Actor</Filter>
    </ClInclude>
    <ClInclude Include="RMeshUtil.h">
      <Filter>SceneGraph\Actor</Filter>
    </ClInclude>
    <ClInclude Include="RAnimation.h">
      <Filter>SceneGraph\Actor\Animation</Filter>
    </ClInclude>
    <ClInclude Include="RAnimationBlendTable.h">
      <Filter>SceneGraph\Actor\Animation</Filter>
    </ClInclude>
    <ClInclude Include="RAnimationDef.h">
      <Filter>SceneGraph\Actor\Animation</Filter>
    </ClInclude>
    <ClInclude Include="RAnimationFileLoadImpl.h">
      <Filter>SceneGraph\Actor\Animation</Filter>
    </ClInclude>
    <ClInclude Include="RAnimationKey.h">
      <Filter>SceneGraph\Actor\Animation</Filter>
    </ClInclude>
    <ClInclude Include="RAnimationManager.h">
      <Filter>SceneGraph\Actor\Animation</Filter>
    </ClInclude>
    <ClInclude Include="RAnimationNode.h">
      <Filter>SceneGraph\Actor\Animation</Filter>
    </ClInclude>
    <ClInclude Include="RAnimationResource.h">
      <Filter>SceneGraph\Actor\Animation</Filter>
    </ClInclude>
    <ClInclude Include="RSkeleton.h">
      <Filter>SceneGraph\Actor\Animation</Filter>
    </ClInclude>
    <ClInclude Include="RAccumMotionBlurPassRenderer.h">
      <Filter>SceneGraph\Actor\PassRenderer</Filter>
    </ClInclude>
    <ClInclude Include="RActorPassRenderer.h">
      <Filter>SceneGraph\Actor\PassRenderer</Filter>
    </ClInclude>
    <ClInclude Include="REdgePassRender.h">
      <Filter>SceneGraph\Actor\PassRenderer</Filter>
    </ClInclude>
    <ClInclude Include="RPixelMotionBlurPassRenderer.h">
      <Filter>SceneGraph\Actor\PassRenderer</Filter>
    </ClInclude>
    <ClInclude Include="RPostEffectEdgePassRender.h">
      <Filter>SceneGraph\Actor\PassRenderer</Filter>
    </ClInclude>
    <ClInclude Include="RVertexMotionBlurPassRenderer.h">
      <Filter>SceneGraph\Actor\PassRenderer</Filter>
    </ClInclude>
    <ClInclude Include="RClothActorNode.h">
      <Filter>SceneGraph\Actor\ClothNew</Filter>
    </ClInclude>
    <ClInclude Include="RClothCollision.h">
      <Filter>SceneGraph\Actor\ClothNew</Filter>
    </ClInclude>
    <ClInclude Include="RClothConstraint.h">
      <Filter>SceneGraph\Actor\ClothNew</Filter>
    </ClInclude>
    <ClInclude Include="RClothEdgeAndTriangleInfo.h">
      <Filter>SceneGraph\Actor\ClothNew</Filter>
    </ClInclude>
    <ClInclude Include="RClothInfo.h">
      <Filter>SceneGraph\Actor\ClothNew</Filter>
    </ClInclude>
    <ClInclude Include="RClothLocalActorNode.h">
      <Filter>SceneGraph\Actor\ClothNew</Filter>
    </ClInclude>
    <ClInclude Include="RClothParameter.h">
      <Filter>SceneGraph\Actor\ClothNew</Filter>
    </ClInclude>
    <ClInclude Include="RClothParticle.h">
      <Filter>SceneGraph\Actor\ClothNew</Filter>
    </ClInclude>
    <ClInclude Include="RClothSimulator.h">
      <Filter>SceneGraph\Actor\ClothNew</Filter>
    </ClInclude>
    <ClInclude Include="RClothType.h">
      <Filter>SceneGraph\Actor\ClothNew</Filter>
    </ClInclude>
    <ClInclude Include="RClothUtility.h">
      <Filter>SceneGraph\Actor\ClothNew</Filter>
    </ClInclude>
    <ClInclude Include="RClothWorldActorNode.h">
      <Filter>SceneGraph\Actor\ClothNew</Filter>
    </ClInclude>
    <ClInclude Include="RActorAlignController.h">
      <Filter>SceneGraph\Actor\ActorControllers</Filter>
    </ClInclude>
    <ClInclude Include="RActorController.h">
      <Filter>SceneGraph\Actor\ActorControllers</Filter>
    </ClInclude>
    <ClInclude Include="RActorNodeConstraintController.h">
      <Filter>SceneGraph\Actor\ActorControllers</Filter>
    </ClInclude>
    <ClInclude Include="RAnimationController.h">
      <Filter>SceneGraph\Actor\ActorControllers</Filter>
    </ClInclude>
    <ClInclude Include="RAnimationControllerNode.h">
      <Filter>SceneGraph\Actor\ActorControllers</Filter>
    </ClInclude>
    <ClInclude Include="REnvironment.h">
      <Filter>SceneGraph\Environment</Filter>
    </ClInclude>
    <ClInclude Include="REnvironmentSet.h">
      <Filter>SceneGraph\Environment</Filter>
    </ClInclude>
    <ClInclude Include="RSceneSky.h">
      <Filter>SceneGraph\Environment</Filter>
    </ClInclude>
    <ClInclude Include="RSkyManager.h">
      <Filter>SceneGraph\Environment</Filter>
    </ClInclude>
    <ClInclude Include="RWeatherEffect.h">
      <Filter>SceneGraph\Environment</Filter>
    </ClInclude>
    <ClInclude Include="RWeatherEffectSet.h">
      <Filter>SceneGraph\Environment</Filter>
    </ClInclude>
    <ClInclude Include="RSkyPassRenderer.h">
      <Filter>SceneGraph\Environment\PassRenderer</Filter>
    </ClInclude>
    <ClInclude Include="RAlignController.h">
      <Filter>SceneGraph\SceneNodeControllers</Filter>
    </ClInclude>
    <ClInclude Include="RRotateSettingController.h">
      <Filter>SceneGraph\SceneNodeControllers</Filter>
    </ClInclude>
    <ClInclude Include="RSceneNodeController.h">
      <Filter>SceneGraph\SceneNodeControllers</Filter>
    </ClInclude>
    <ClInclude Include="RSceneNodeControllerFactory.h">
      <Filter>SceneGraph\SceneNodeControllers</Filter>
    </ClInclude>
    <ClInclude Include="RShaderEffectController.h">
      <Filter>SceneGraph\SceneNodeControllers</Filter>
    </ClInclude>
    <ClInclude Include="RSimpleRotationController.h">
      <Filter>SceneGraph\SceneNodeControllers</Filter>
    </ClInclude>
    <ClInclude Include="RDirectionalLightSceneNode.h">
      <Filter>SceneGraph\Light</Filter>
    </ClInclude>
    <ClInclude Include="RLightingShader.h">
      <Filter>SceneGraph\Light</Filter>
    </ClInclude>
    <ClInclude Include="RLightSceneNode.h">
      <Filter>SceneGraph\Light</Filter>
    </ClInclude>
    <ClInclude Include="RPointLightSceneNode.h">
      <Filter>SceneGraph\Light</Filter>
    </ClInclude>
    <ClInclude Include="RSpotLightSceneNode.h">
      <Filter>SceneGraph\Light</Filter>
    </ClInclude>
    <ClInclude Include="RGIProcessor.h">
      <Filter>SceneGraph\Light\GI</Filter>
    </ClInclude>
    <ClInclude Include="RHBAOProcessor.h">
      <Filter>SceneGraph\Light\GI</Filter>
    </ClInclude>
    <ClInclude Include="RSSAOProcessor.h">
      <Filter>SceneGraph\Light\GI</Filter>
    </ClInclude>
    <ClInclude Include="RDirectionalLightPassRenderer.h">
      <Filter>SceneGraph\Light\PassRenderer</Filter>
    </ClInclude>
    <ClInclude Include="RPointLightPassRenderer.h">
      <Filter>SceneGraph\Light\PassRenderer</Filter>
    </ClInclude>
    <ClInclude Include="RSpotLightPassRenderer.h">
      <Filter>SceneGraph\Light\PassRenderer</Filter>
    </ClInclude>
    <ClInclude Include="RSceneNodeInstance.h">
      <Filter>SceneGraph\SceneNode</Filter>
    </ClInclude>
    <ClInclude Include="RSceneNodePolygonCollector_Collision.h">
      <Filter>SceneGraph\SceneNode</Filter>
    </ClInclude>
    <ClInclude Include="RScreenEffectManager.h">
      <Filter>SceneGraph\SceneNode</Filter>
    </ClInclude>
    <ClInclude Include="RTextSceneNode.h">
      <Filter>SceneGraph\SceneNode</Filter>
    </ClInclude>
    <ClInclude Include="RWorldSceneNode.h">
      <Filter>SceneGraph\SceneNode</Filter>
    </ClInclude>
    <ClInclude Include="Horizon.h">
      <Filter>SceneGraph\Terrain</Filter>
    </ClInclude>
    <ClInclude Include="RTerrain.h">
      <Filter>SceneGraph\Terrain</Filter>
    </ClInclude>
    <ClInclude Include="RTerrainPatch.h">
      <Filter>SceneGraph\Terrain</Filter>
    </ClInclude>
    <ClInclude Include="RTerrainPVS.h">
      <Filter>SceneGraph\Terrain</Filter>
    </ClInclude>
    <ClInclude Include="RTerrainQuadTree.h">
      <Filter>SceneGraph\Terrain</Filter>
    </ClInclude>
    <ClInclude Include="RTerrainResource.h">
      <Filter>SceneGraph\Terrain</Filter>
    </ClInclude>
    <ClInclude Include="RTerrainShader.h">
      <Filter>SceneGraph\Terrain</Filter>
    </ClInclude>
    <ClInclude Include="RTerrainPassRenderer.h">
      <Filter>SceneGraph\Terrain\PassRenderer</Filter>
    </ClInclude>
    <ClInclude Include="RWaterDef.h">
      <Filter>SceneGraph\Water</Filter>
    </ClInclude>
    <ClInclude Include="RWaterSceneNode.h">
      <Filter>SceneGraph\Water</Filter>
    </ClInclude>
    <ClInclude Include="RWaterPassRenderer.h">
      <Filter>SceneGraph\Water\PassRenderer</Filter>
    </ClInclude>
    <ClInclude Include="RGrassLoader.h">
      <Filter>SceneGraph\Grass</Filter>
    </ClInclude>
    <ClInclude Include="RGrassSystem.h">
      <Filter>SceneGraph\Grass</Filter>
    </ClInclude>
    <ClInclude Include="RSpeedGrass.h">
      <Filter>SceneGraph\Grass</Filter>
    </ClInclude>
    <ClInclude Include="RSpeedGrassGPUInstance.h">
      <Filter>SceneGraph\Grass</Filter>
    </ClInclude>
    <ClInclude Include="RSpeedGrassShader.h">
      <Filter>SceneGraph\Grass</Filter>
    </ClInclude>
    <ClInclude Include="Dependencies\speedgrass\IdvVectorMath.h">
      <Filter>SceneGraph\Grass\SpeedGrass</Filter>
    </ClInclude>
    <ClInclude Include="Dependencies\speedgrass\SpeedGrassConstants.h">
      <Filter>SceneGraph\Grass\SpeedGrass</Filter>
    </ClInclude>
    <ClInclude Include="Dependencies\speedgrass\SpeedGrassRT.h">
      <Filter>SceneGraph\Grass\SpeedGrass</Filter>
    </ClInclude>
    <ClInclude Include="Dependencies\speedgrass\stl_vector.h">
      <Filter>SceneGraph\Grass\SpeedGrass</Filter>
    </ClInclude>
    <ClInclude Include="RTreeDef.h">
      <Filter>SceneGraph\Tree</Filter>
    </ClInclude>
    <ClInclude Include="RTreeSceneNode.h">
      <Filter>SceneGraph\Tree</Filter>
    </ClInclude>
    <ClInclude Include="RTreePassRenderer.h">
      <Filter>SceneGraph\Tree\PassRenderer</Filter>
    </ClInclude>
    <ClInclude Include="RTreeBillboard.h">
      <Filter>SceneGraph\Tree\Resource</Filter>
    </ClInclude>
    <ClInclude Include="RTreeMaterial.h">
      <Filter>SceneGraph\Tree\Resource</Filter>
    </ClInclude>
    <ClInclude Include="RTreeMeshBuffer.h">
      <Filter>SceneGraph\Tree\Resource</Filter>
    </ClInclude>
    <ClInclude Include="RTreeMeshFormat.h">
      <Filter>SceneGraph\Tree\Resource</Filter>
    </ClInclude>
    <ClInclude Include="RTreeResource.h">
      <Filter>SceneGraph\Tree\Resource</Filter>
    </ClInclude>
    <ClInclude Include="RTreeResourceMgr.h">
      <Filter>SceneGraph\Tree\Resource</Filter>
    </ClInclude>
    <ClInclude Include="RTreeCollision.h">
      <Filter>SceneGraph\Tree\Collision</Filter>
    </ClInclude>
    <ClInclude Include="RSceneManager.h">
      <Filter>SceneGraph\SceneManager</Filter>
    </ClInclude>
    <ClInclude Include="RCameraArcBallSceneNode.h">
      <Filter>SceneGraph\Camera</Filter>
    </ClInclude>
    <ClInclude Include="RCameraFPSSceneNode.h">
      <Filter>SceneGraph\Camera</Filter>
    </ClInclude>
    <ClInclude Include="RCameraSceneNode.h">
      <Filter>SceneGraph\Camera</Filter>
    </ClInclude>
    <ClInclude Include="RPolarCameraSceneNode.h">
      <Filter>SceneGraph\Camera</Filter>
    </ClInclude>
    <ClInclude Include="RVariableFrustum.h">
      <Filter>SceneGraph\Camera</Filter>
    </ClInclude>
    <ClInclude Include="RViewFrustum.h">
      <Filter>SceneGraph\Camera</Filter>
    </ClInclude>
    <ClInclude Include="RCameraAnimationController.h">
      <Filter>SceneGraph\Camera\CameraController</Filter>
    </ClInclude>
    <ClInclude Include="RCameraSceneNodeController.h">
      <Filter>SceneGraph\Camera\CameraController</Filter>
    </ClInclude>
    <ClInclude Include="RCameraShakeController.h">
      <Filter>SceneGraph\Camera\CameraController</Filter>
    </ClInclude>
    <ClInclude Include="RAdditivePassRenderer.h">
      <Filter>SceneGraph\PassRenderer</Filter>
    </ClInclude>
    <ClInclude Include="RAlphaPassRenderer.h">
      <Filter>SceneGraph\PassRenderer</Filter>
    </ClInclude>
    <ClInclude Include="RDebugPassRenderer.h">
      <Filter>SceneGraph\PassRenderer</Filter>
    </ClInclude>
    <ClInclude Include="RDistortionPassRenderer.h">
      <Filter>SceneGraph\PassRenderer</Filter>
    </ClInclude>
    <ClInclude Include="RPassRenderer.h">
      <Filter>SceneGraph\PassRenderer</Filter>
    </ClInclude>
    <ClInclude Include="RBspline.h">
      <Filter>SceneGraph\Effect</Filter>
    </ClInclude>
    <ClInclude Include="RCardinal.h">
      <Filter>SceneGraph\Effect</Filter>
    </ClInclude>
    <ClInclude Include="REffectActor.h">
      <Filter>SceneGraph\Effect</Filter>
    </ClInclude>
    <ClInclude Include="REffectBase.h">
      <Filter>SceneGraph\Effect</Filter>
    </ClInclude>
    <ClInclude Include="REffectInstance.h">
      <Filter>SceneGraph\Effect</Filter>
    </ClInclude>
    <ClInclude Include="REffectManager.h">
      <Filter>SceneGraph\Effect</Filter>
    </ClInclude>
    <ClInclude Include="REffectSceneNode.h">
      <Filter>SceneGraph\Effect</Filter>
    </ClInclude>
    <ClInclude Include="REmitter.h">
      <Filter>SceneGraph\Effect</Filter>
    </ClInclude>
    <ClInclude Include="REmitterType.h">
      <Filter>SceneGraph\Effect</Filter>
    </ClInclude>
    <ClInclude Include="RGlareDef.h">
      <Filter>SceneGraph\Effect</Filter>
    </ClInclude>
    <ClInclude Include="RParticle.h">
      <Filter>SceneGraph\Effect</Filter>
    </ClInclude>
    <ClInclude Include="RParticle_Create.h">
      <Filter>SceneGraph\Effect</Filter>
    </ClInclude>
    <ClInclude Include="RParticlePool.h">
      <Filter>SceneGraph\Effect</Filter>
    </ClInclude>
    <ClInclude Include="RParticleShader.h">
      <Filter>SceneGraph\Effect</Filter>
    </ClInclude>
    <ClInclude Include="RPCollection.h">
      <Filter>SceneGraph\Effect</Filter>
    </ClInclude>
    <ClInclude Include="RPType.h">
      <Filter>SceneGraph\Effect</Filter>
    </ClInclude>
    <ClInclude Include="RTrail.h">
      <Filter>SceneGraph\Effect</Filter>
    </ClInclude>
    <ClInclude Include="REffectPassRenderer.h">
      <Filter>SceneGraph\Effect\PassRenderer</Filter>
    </ClInclude>
    <ClInclude Include="RStaticMeshDepthRenderStrategy.h">
      <Filter>SceneGraph\StaticMesh</Filter>
    </ClInclude>
    <ClInclude Include="RStaticMeshGStageRenderStrategy.h">
      <Filter>SceneGraph\StaticMesh</Filter>
    </ClInclude>
    <ClInclude Include="RStaticMeshMStageRenderStrategy.h">
      <Filter>SceneGraph\StaticMesh</Filter>
    </ClInclude>
    <ClInclude Include="RStaticMeshRenderStrategy.h">
      <Filter>SceneGraph\StaticMesh</Filter>
    </ClInclude>
    <ClInclude Include="RStaticMeshResource.h">
      <Filter>SceneGraph\StaticMesh</Filter>
    </ClInclude>
    <ClInclude Include="RStaticMeshResourceFileLoadImpl.h">
      <Filter>SceneGraph\StaticMesh</Filter>
    </ClInclude>
    <ClInclude Include="RStaticMeshSceneNode.h">
      <Filter>SceneGraph\StaticMesh</Filter>
    </ClInclude>
    <ClInclude Include="RStaticMeshPassRenderer.h">
      <Filter>SceneGraph\StaticMesh\PassRenderer</Filter>
    </ClInclude>
    <ClInclude Include="RDecalCollision.h">
      <Filter>SceneGraph\Decal</Filter>
    </ClInclude>
    <ClInclude Include="RDecalPolygonSceneNode.h">
      <Filter>SceneGraph\Decal</Filter>
    </ClInclude>
    <ClInclude Include="RDecalProjectionSceneNode.h">
      <Filter>SceneGraph\Decal</Filter>
    </ClInclude>
    <ClInclude Include="RDecalPolygonPassRenderer.h">
      <Filter>SceneGraph\Decal\PassRenderer</Filter>
    </ClInclude>
    <ClInclude Include="RDecalProjectionPassRenderer.h">
      <Filter>SceneGraph\Decal\PassRenderer</Filter>
    </ClInclude>
    <ClInclude Include="RDeferredRenderingStrategy.h">
      <Filter>SceneGraph\Rendering</Filter>
    </ClInclude>
    <ClInclude Include="RInferredRenderingStrategy.h">
      <Filter>SceneGraph\Rendering</Filter>
    </ClInclude>
    <ClInclude Include="RNullRenderingStrategy.h">
      <Filter>SceneGraph\Rendering</Filter>
    </ClInclude>
    <ClInclude Include="RRenderingCallbackInterface.h">
      <Filter>SceneGraph\Rendering</Filter>
    </ClInclude>
    <ClInclude Include="RRenderingStrategy.h">
      <Filter>SceneGraph\Rendering</Filter>
    </ClInclude>
    <ClInclude Include="RPostEffectAccumMotionBlur.h">
      <Filter>SceneGraph\Rendering\PostEffect</Filter>
    </ClInclude>
    <ClInclude Include="RPostEffectDistortion.h">
      <Filter>SceneGraph\Rendering\PostEffect</Filter>
    </ClInclude>
    <ClInclude Include="RPostEffectDistortionParameter.h">
      <Filter>SceneGraph\Rendering\PostEffect</Filter>
    </ClInclude>
    <ClInclude Include="RPostEffectDOF.h">
      <Filter>SceneGraph\Rendering\PostEffect</Filter>
    </ClInclude>
    <ClInclude Include="RPostEffectEdge.h">
      <Filter>SceneGraph\Rendering\PostEffect</Filter>
    </ClInclude>
    <ClInclude Include="RPostEffectFinalScene.h">
      <Filter>SceneGraph\Rendering\PostEffect</Filter>
    </ClInclude>
    <ClInclude Include="RPostEffectHDR.h">
      <Filter>SceneGraph\Rendering\PostEffect</Filter>
    </ClInclude>
    <ClInclude Include="RPostEffectInterface.h">
      <Filter>SceneGraph\Rendering\PostEffect</Filter>
    </ClInclude>
    <ClInclude Include="RPostEffectManager.h">
      <Filter>SceneGraph\Rendering\PostEffect</Filter>
    </ClInclude>
    <ClInclude Include="RPostEffectPixelMotionBlur.h">
      <Filter>SceneGraph\Rendering\PostEffect</Filter>
    </ClInclude>
    <ClInclude Include="RPostEffectScreenMotionBlur.h">
      <Filter>SceneGraph\Rendering\PostEffect</Filter>
    </ClInclude>
    <ClInclude Include="ROctreeManager.h">
      <Filter>SceneGraph\SpaceDivision</Filter>
    </ClInclude>
    <ClInclude Include="RCullingList.h">
      <Filter>SceneGraph\RCullingList</Filter>
    </ClInclude>
    <ClInclude Include="RCullingMgr.h">
      <Filter>SceneGraph\RCullingList</Filter>
    </ClInclude>
    <ClInclude Include="ROccluderList.h">
      <Filter>SceneGraph\RCullingList</Filter>
    </ClInclude>
    <ClInclude Include="ROcclusionCullingMgr.h">
      <Filter>SceneGraph\RCullingList</Filter>
    </ClInclude>
    <ClInclude Include="RRenderChain.h">
      <Filter>SceneGraph\RCullingList</Filter>
    </ClInclude>
    <ClInclude Include="RRenderingList.h">
      <Filter>SceneGraph\RCullingList</Filter>
    </ClInclude>
    <ClInclude Include="RViewFrustumCullingMgr.h">
      <Filter>SceneGraph\RCullingList</Filter>
    </ClInclude>
    <ClInclude Include="RDepthMapShadowStrategy.h">
      <Filter>SceneGraph\Shadow</Filter>
    </ClInclude>
    <ClInclude Include="RLiSPSMShadowStrategy.h">
      <Filter>SceneGraph\Shadow</Filter>
    </ClInclude>
    <ClInclude Include="RProjectionShadow.h">
      <Filter>SceneGraph\Shadow</Filter>
    </ClInclude>
    <ClInclude Include="RProjectionShadowStrategy.h">
      <Filter>SceneGraph\Shadow</Filter>
    </ClInclude>
    <ClInclude Include="RPSSMShadowStrategy.h">
      <Filter>SceneGraph\Shadow</Filter>
    </ClInclude>
    <ClInclude Include="RShadowStrategy.h">
      <Filter>SceneGraph\Shadow</Filter>
    </ClInclude>
    <ClInclude Include="RDuplicateUpdateCheckContext.h">
      <Filter>SceneGraph\Context</Filter>
    </ClInclude>
    <ClInclude Include="ROccluderContext.h">
      <Filter>SceneGraph\Context</Filter>
    </ClInclude>
    <ClInclude Include="ROccluderSceneNode.h">
      <Filter>SceneGraph\Occluder</Filter>
    </ClInclude>
    <ClInclude Include="RLODContext.h">
      <Filter>SceneGraph\LODSystem</Filter>
    </ClInclude>
    <ClInclude Include="RLODController.h">
      <Filter>SceneGraph\LODSystem</Filter>
    </ClInclude>
    <ClInclude Include="RLODMetric.h">
      <Filter>SceneGraph\LODSystem</Filter>
    </ClInclude>
    <ClInclude Include="RLODMetricInfo.h">
      <Filter>SceneGraph\LODSystem</Filter>
    </ClInclude>
    <ClInclude Include="RLODNode.h">
      <Filter>SceneGraph\LODSystem</Filter>
    </ClInclude>
    <ClInclude Include="RLODProcessorBase.h">
      <Filter>SceneGraph\LODSystem</Filter>
    </ClInclude>
    <ClInclude Include="RLODProcessorDistance.h">
      <Filter>SceneGraph\LODSystem</Filter>
    </ClInclude>
    <ClInclude Include="RLODProcessorFog.h">
      <Filter>SceneGraph\LODSystem</Filter>
    </ClInclude>
    <ClInclude Include="RLODProcessorProjection.h">
      <Filter>SceneGraph\LODSystem</Filter>
    </ClInclude>
    <ClInclude Include="RApplication.h">
      <Filter>Application</Filter>
    </ClInclude>
    <ClInclude Include="RD3DApplication.h">
      <Filter>Application</Filter>
    </ClInclude>
    <ClInclude Include="RLibTypes.h">
      <Filter>Application</Filter>
    </ClInclude>
    <ClInclude Include="MImagePacker.h">
      <Filter>Application\ToolSupport</Filter>
    </ClInclude>
    <ClInclude Include="RToolApplication.h">
      <Filter>Application\ToolSupport</Filter>
    </ClInclude>
    <ClInclude Include="RToolHelper.h">
      <Filter>Application\ToolSupport</Filter>
    </ClInclude>
    <ClInclude Include="RToolUtil.h">
      <Filter>Application\ToolSupport</Filter>
    </ClInclude>
    <ClInclude Include="MFileLoader.h">
      <Filter>ImageLib</Filter>
    </ClInclude>
    <ClInclude Include="Dependencies\SOIL\image_DXT.h">
      <Filter>ImageLib\SOIL</Filter>
    </ClInclude>
    <ClInclude Include="Dependencies\SOIL\SOIL.h">
      <Filter>ImageLib\SOIL</Filter>
    </ClInclude>
    <ClInclude Include="Dependencies\SOIL\stb_image_aug.h">
      <Filter>ImageLib\SOIL</Filter>
    </ClInclude>
    <ClInclude Include="Dependencies\SOIL\stbi_DDS_aug.h">
      <Filter>ImageLib\SOIL</Filter>
    </ClInclude>
    <ClInclude Include="Dependencies\SOIL\stbi_DDS_aug_c.h">
      <Filter>ImageLib\SOIL</Filter>
    </ClInclude>
    <ClInclude Include="RUnitTestReporter.h">
      <Filter>UnitTestRunner</Filter>
    </ClInclude>
    <ClInclude Include="RUnitTestRunner.h">
      <Filter>UnitTestRunner</Filter>
    </ClInclude>
    <ClInclude Include="RDebuggingInfo.h">
      <Filter>Debug</Filter>
    </ClInclude>
    <ClInclude Include="RAnalyst.h">
      <Filter>Analyst</Filter>
    </ClInclude>
    <ClInclude Include="RCPUAnalyst.h">
      <Filter>Analyst</Filter>
    </ClInclude>
    <ClInclude Include="RGPUAnalyst.h">
      <Filter>Analyst</Filter>
    </ClInclude>
    <ClInclude Include="RResourceAnalyst.h">
      <Filter>Analyst</Filter>
    </ClInclude>
    <ClInclude Include="RGPUProfiler.h">
      <Filter>Analyst\Profiler</Filter>
    </ClInclude>
    <ClInclude Include="RProfileInfo.h">
      <Filter>Analyst\Profiler</Filter>
    </ClInclude>
    <ClInclude Include="RProfiler.h">
      <Filter>Analyst\Profiler</Filter>
    </ClInclude>
    <ClInclude Include="Util\RUSceneXML.h">
      <Filter>Util</Filter>
    </ClInclude>
    <ClInclude Include="Util\RUDataDesc.h">
      <Filter>Util\Desc</Filter>
    </ClInclude>
    <ClInclude Include="RActorResourceDependencyGraph.h">
      <Filter>Desc</Filter>
    </ClInclude>
    <ClInclude Include="RealSpace3.h" />
    <ClInclude Include="REngine.h" />
    <ClInclude Include="RMaterialDecal.h" />
    <ClInclude Include="stdafx.h" />
  </ItemGroup>
  <ItemGroup>
    <Text Include="Doc\Grass 정보파일의 바이너리 구조.txt">
      <Filter>SceneGraph\Grass</Filter>
    </Text>
    <Text Include="ReadMe.txt" />
  </ItemGroup>
</Project>