Microsoft Visual Studio Solution File, Format Version 10.00
# Visual Studio 2008
Project("{2150E333-8FDC-42A3-9474-1A3956D46DE8}") = "Libraries", "Libraries", "{91CE303A-48A9-42AB-B23A-57E34A5F2A16}"
EndProject
Project("{8BC9CEB8-8B4A-11D0-8D11-00A0C91BC942}") = "MiNet", "..\mdk\MiNet\MiNet.vcproj", "{595010C3-5427-4453-9F44-5ADB4EDDDB28}"
EndProject
Project("{8BC9CEB8-8B4A-11D0-8D11-00A0C91BC942}") = "RealSound3", "..\mdk\RealSound3\RealSound3.vcproj", "{C49A3DEC-C70B-451E-8D7B-F30D93E4E9D2}"
EndProject
Project("{8BC9CEB8-8B4A-11D0-8D11-00A0C91BC942}") = "RealSpace3", "..\mdk\RealSpace3\RealSpace3.vcproj", "{7070FA22-C0D4-40F5-BEB7-EC09F3A58A51}"
	ProjectSection(ProjectDependencies) = postProject
		{97861011-05BD-450A-A221-DB5F7A2F4B7B} = {97861011-05BD-450A-A221-DB5F7A2F4B7B}
		{8D451493-65C2-49C3-ADAE-ACB17E6B0650} = {8D451493-65C2-49C3-ADAE-ACB17E6B0650}
	EndProjectSection
EndProject
Project("{8BC9CEB8-8B4A-11D0-8D11-00A0C91BC942}") = "GameLib", "Game.vcproj", "{3D5E7A29-8C2B-450E-86D9-22767101A9D6}"
	ProjectSection(ProjectDependencies) = postProject
		{97861011-05BD-450A-A221-DB5F7A2F4B7B} = {97861011-05BD-450A-A221-DB5F7A2F4B7B}
		{7070FA22-C0D4-40F5-BEB7-EC09F3A58A51} = {7070FA22-C0D4-40F5-BEB7-EC09F3A58A51}
		{249D9B5B-BC66-4D30-AB85-F936F737D3CA} = {249D9B5B-BC66-4D30-AB85-F936F737D3CA}
		{20B5465D-8790-43FA-A2A2-EE29F3F0F9BC} = {20B5465D-8790-43FA-A2A2-EE29F3F0F9BC}
		{A1019D76-911A-4A80-B780-16F247E2F2AD} = {A1019D76-911A-4A80-B780-16F247E2F2AD}
		{8D451493-65C2-49C3-ADAE-ACB17E6B0650} = {8D451493-65C2-49C3-ADAE-ACB17E6B0650}
		{7DCC03B9-DD72-4803-AEE2-1F2BE6CE60C2} = {7DCC03B9-DD72-4803-AEE2-1F2BE6CE60C2}
		{7ED97BBA-E770-4144-B656-C837FB08D1E7} = {7ED97BBA-E770-4144-B656-C837FB08D1E7}
		{595010C3-5427-4453-9F44-5ADB4EDDDB28} = {595010C3-5427-4453-9F44-5ADB4EDDDB28}
		{7820A4C8-B56A-40ED-9B44-86E215A93681} = {7820A4C8-B56A-40ED-9B44-86E215A93681}
		{94A262D9-481E-423E-BAA8-AC4D3CD8E527} = {94A262D9-481E-423E-BAA8-AC4D3CD8E527}
		{C49A3DEC-C70B-451E-8D7B-F30D93E4E9D2} = {C49A3DEC-C70B-451E-8D7B-F30D93E4E9D2}
		{8A4FBCEC-AB89-49EF-AA18-D0712D6F4F55} = {8A4FBCEC-AB89-49EF-AA18-D0712D6F4F55}
	EndProjectSection
EndProject
Project("{8BC9CEB8-8B4A-11D0-8D11-00A0C91BC942}") = "cml2", "..\mdk\cml2\cml2.vcproj", "{8D451493-65C2-49C3-ADAE-ACB17E6B0650}"
EndProject
Project("{8BC9CEB8-8B4A-11D0-8D11-00A0C91BC942}") = "CSCommon", "..\CSCommon\CSCommon.vcproj", "{7DCC03B9-DD72-4803-AEE2-1F2BE6CE60C2}"
EndProject
Project("{8BC9CEB8-8B4A-11D0-8D11-00A0C91BC942}") = "RealInput", "..\mdk\RealInput\RealInput.vcproj", "{8A4FBCEC-AB89-49EF-AA18-D0712D6F4F55}"
EndProject
Project("{8BC9CEB8-8B4A-11D0-8D11-00A0C91BC942}") = "MPathFinder", "..\mdk\MPathFinder\MPathFinder.vcproj", "{7ED97BBA-E770-4144-B656-C837FB08D1E7}"
EndProject
Project("{8BC9CEB8-8B4A-11D0-8D11-00A0C91BC942}") = "MPhysX", "..\mdk\MPhysX\MPhysX.vcproj", "{A1019D76-911A-4A80-B780-16F247E2F2AD}"
	ProjectSection(ProjectDependencies) = postProject
		{8D451493-65C2-49C3-ADAE-ACB17E6B0650} = {8D451493-65C2-49C3-ADAE-ACB17E6B0650}
	EndProjectSection
EndProject
Project("{8BC9CEB8-8B4A-11D0-8D11-00A0C91BC942}") = "MCollision", "..\mdk\MCollision\MCollision.vcproj", "{97861011-05BD-450A-A221-DB5F7A2F4B7B}"
EndProject
Project("{8BC9CEB8-8B4A-11D0-8D11-00A0C91BC942}") = "MPhysX4R3", "..\mdk\MPhysX\MPhysX4R3\MPhysX4R3.vcproj", "{94A262D9-481E-423E-BAA8-AC4D3CD8E527}"
	ProjectSection(ProjectDependencies) = postProject
		{97861011-05BD-450A-A221-DB5F7A2F4B7B} = {97861011-05BD-450A-A221-DB5F7A2F4B7B}
		{7070FA22-C0D4-40F5-BEB7-EC09F3A58A51} = {7070FA22-C0D4-40F5-BEB7-EC09F3A58A51}
		{A1019D76-911A-4A80-B780-16F247E2F2AD} = {A1019D76-911A-4A80-B780-16F247E2F2AD}
		{8D451493-65C2-49C3-ADAE-ACB17E6B0650} = {8D451493-65C2-49C3-ADAE-ACB17E6B0650}
	EndProjectSection
EndProject
Project("{8BC9CEB8-8B4A-11D0-8D11-00A0C91BC942}") = "GameCommon", "GameCommon\GameCommon.vcproj", "{7820A4C8-B56A-40ED-9B44-86E215A93681}"
	ProjectSection(ProjectDependencies) = postProject
		{7070FA22-C0D4-40F5-BEB7-EC09F3A58A51} = {7070FA22-C0D4-40F5-BEB7-EC09F3A58A51}
		{8D451493-65C2-49C3-ADAE-ACB17E6B0650} = {8D451493-65C2-49C3-ADAE-ACB17E6B0650}
		{7DCC03B9-DD72-4803-AEE2-1F2BE6CE60C2} = {7DCC03B9-DD72-4803-AEE2-1F2BE6CE60C2}
	EndProjectSection
EndProject
Project("{8BC9CEB8-8B4A-11D0-8D11-00A0C91BC942}") = "MTest", "..\mdk\MTest\MTest.vcproj", "{249D9B5B-BC66-4D30-AB85-F936F737D3CA}"
EndProject
Project("{8BC9CEB8-8B4A-11D0-8D11-00A0C91BC942}") = "Mint3.2", "..\mdk\Mint3.2\Mint.vcproj", "{20B5465D-8790-43FA-A2A2-EE29F3F0F9BC}"
EndProject
Project("{8BC9CEB8-8B4A-11D0-8D11-00A0C91BC942}") = "GameDummyClient", "DummyClient\GameDummyClient.vcproj", "{DD28EF8D-576C-4749-AA96-6188CEC61374}"
	ProjectSection(ProjectDependencies) = postProject
		{97861011-05BD-450A-A221-DB5F7A2F4B7B} = {97861011-05BD-450A-A221-DB5F7A2F4B7B}
		{2D063418-4E8D-4689-8394-A80BAA738631} = {2D063418-4E8D-4689-8394-A80BAA738631}
		{7070FA22-C0D4-40F5-BEB7-EC09F3A58A51} = {7070FA22-C0D4-40F5-BEB7-EC09F3A58A51}
		{3D5E7A29-8C2B-450E-86D9-22767101A9D6} = {3D5E7A29-8C2B-450E-86D9-22767101A9D6}
		{249D9B5B-BC66-4D30-AB85-F936F737D3CA} = {249D9B5B-BC66-4D30-AB85-F936F737D3CA}
		{20B5465D-8790-43FA-A2A2-EE29F3F0F9BC} = {20B5465D-8790-43FA-A2A2-EE29F3F0F9BC}
		{A1019D76-911A-4A80-B780-16F247E2F2AD} = {A1019D76-911A-4A80-B780-16F247E2F2AD}
		{8D451493-65C2-49C3-ADAE-ACB17E6B0650} = {8D451493-65C2-49C3-ADAE-ACB17E6B0650}
		{7DCC03B9-DD72-4803-AEE2-1F2BE6CE60C2} = {7DCC03B9-DD72-4803-AEE2-1F2BE6CE60C2}
		{7ED97BBA-E770-4144-B656-C837FB08D1E7} = {7ED97BBA-E770-4144-B656-C837FB08D1E7}
		{595010C3-5427-4453-9F44-5ADB4EDDDB28} = {595010C3-5427-4453-9F44-5ADB4EDDDB28}
		{7820A4C8-B56A-40ED-9B44-86E215A93681} = {7820A4C8-B56A-40ED-9B44-86E215A93681}
		{94A262D9-481E-423E-BAA8-AC4D3CD8E527} = {94A262D9-481E-423E-BAA8-AC4D3CD8E527}
		{C49A3DEC-C70B-451E-8D7B-F30D93E4E9D2} = {C49A3DEC-C70B-451E-8D7B-F30D93E4E9D2}
		{8A4FBCEC-AB89-49EF-AA18-D0712D6F4F55} = {8A4FBCEC-AB89-49EF-AA18-D0712D6F4F55}
	EndProjectSection
EndProject
Project("{8BC9CEB8-8B4A-11D0-8D11-00A0C91BC942}") = "crl", "..\crl\crl.vcproj", "{2D063418-4E8D-4689-8394-A80BAA738631}"
EndProject
Project("{8BC9CEB8-8B4A-11D0-8D11-00A0C91BC942}") = "GameDummyClientUnitTest", "GameDummyClientUnitTest\GameDummyClientUnitTest.vcproj", "{48761E8B-D68B-408A-BB8E-3DCB47AE0347}"
	ProjectSection(ProjectDependencies) = postProject
		{97861011-05BD-450A-A221-DB5F7A2F4B7B} = {97861011-05BD-450A-A221-DB5F7A2F4B7B}
		{2D063418-4E8D-4689-8394-A80BAA738631} = {2D063418-4E8D-4689-8394-A80BAA738631}
		{7070FA22-C0D4-40F5-BEB7-EC09F3A58A51} = {7070FA22-C0D4-40F5-BEB7-EC09F3A58A51}
		{3D5E7A29-8C2B-450E-86D9-22767101A9D6} = {3D5E7A29-8C2B-450E-86D9-22767101A9D6}
		{249D9B5B-BC66-4D30-AB85-F936F737D3CA} = {249D9B5B-BC66-4D30-AB85-F936F737D3CA}
		{20B5465D-8790-43FA-A2A2-EE29F3F0F9BC} = {20B5465D-8790-43FA-A2A2-EE29F3F0F9BC}
		{A1019D76-911A-4A80-B780-16F247E2F2AD} = {A1019D76-911A-4A80-B780-16F247E2F2AD}
		{DD28EF8D-576C-4749-AA96-6188CEC61374} = {DD28EF8D-576C-4749-AA96-6188CEC61374}
		{8D451493-65C2-49C3-ADAE-ACB17E6B0650} = {8D451493-65C2-49C3-ADAE-ACB17E6B0650}
		{7DCC03B9-DD72-4803-AEE2-1F2BE6CE60C2} = {7DCC03B9-DD72-4803-AEE2-1F2BE6CE60C2}
		{7ED97BBA-E770-4144-B656-C837FB08D1E7} = {7ED97BBA-E770-4144-B656-C837FB08D1E7}
		{595010C3-5427-4453-9F44-5ADB4EDDDB28} = {595010C3-5427-4453-9F44-5ADB4EDDDB28}
		{7820A4C8-B56A-40ED-9B44-86E215A93681} = {7820A4C8-B56A-40ED-9B44-86E215A93681}
		{94A262D9-481E-423E-BAA8-AC4D3CD8E527} = {94A262D9-481E-423E-BAA8-AC4D3CD8E527}
		{C49A3DEC-C70B-451E-8D7B-F30D93E4E9D2} = {C49A3DEC-C70B-451E-8D7B-F30D93E4E9D2}
		{8A4FBCEC-AB89-49EF-AA18-D0712D6F4F55} = {8A4FBCEC-AB89-49EF-AA18-D0712D6F4F55}
	EndProjectSection
EndProject
Global
	GlobalSection(SolutionConfigurationPlatforms) = preSolution
		Debug|Win32 = Debug|Win32
		Release|Win32 = Release|Win32
		ReleaseLib|Win32 = ReleaseLib|Win32
	EndGlobalSection
	GlobalSection(ProjectConfigurationPlatforms) = postSolution
		{595010C3-5427-4453-9F44-5ADB4EDDDB28}.Debug|Win32.ActiveCfg = Debug|Win32
		{595010C3-5427-4453-9F44-5ADB4EDDDB28}.Debug|Win32.Build.0 = Debug|Win32
		{595010C3-5427-4453-9F44-5ADB4EDDDB28}.Release|Win32.ActiveCfg = Release|Win32
		{595010C3-5427-4453-9F44-5ADB4EDDDB28}.Release|Win32.Build.0 = Release|Win32
		{595010C3-5427-4453-9F44-5ADB4EDDDB28}.ReleaseLib|Win32.ActiveCfg = Release_profile|Win32
		{595010C3-5427-4453-9F44-5ADB4EDDDB28}.ReleaseLib|Win32.Build.0 = Release_profile|Win32
		{C49A3DEC-C70B-451E-8D7B-F30D93E4E9D2}.Debug|Win32.ActiveCfg = Debug|Win32
		{C49A3DEC-C70B-451E-8D7B-F30D93E4E9D2}.Debug|Win32.Build.0 = Debug|Win32
		{C49A3DEC-C70B-451E-8D7B-F30D93E4E9D2}.Release|Win32.ActiveCfg = Release|Win32
		{C49A3DEC-C70B-451E-8D7B-F30D93E4E9D2}.Release|Win32.Build.0 = Release|Win32
		{C49A3DEC-C70B-451E-8D7B-F30D93E4E9D2}.ReleaseLib|Win32.ActiveCfg = ReleaseMD_ImportCML2|Win32
		{C49A3DEC-C70B-451E-8D7B-F30D93E4E9D2}.ReleaseLib|Win32.Build.0 = ReleaseMD_ImportCML2|Win32
		{7070FA22-C0D4-40F5-BEB7-EC09F3A58A51}.Debug|Win32.ActiveCfg = Debug|Win32
		{7070FA22-C0D4-40F5-BEB7-EC09F3A58A51}.Debug|Win32.Build.0 = Debug|Win32
		{7070FA22-C0D4-40F5-BEB7-EC09F3A58A51}.Release|Win32.ActiveCfg = Release|Win32
		{7070FA22-C0D4-40F5-BEB7-EC09F3A58A51}.Release|Win32.Build.0 = Release|Win32
		{7070FA22-C0D4-40F5-BEB7-EC09F3A58A51}.ReleaseLib|Win32.ActiveCfg = ReleaseDLL_Profile|Win32
		{7070FA22-C0D4-40F5-BEB7-EC09F3A58A51}.ReleaseLib|Win32.Build.0 = ReleaseDLL_Profile|Win32
		{3D5E7A29-8C2B-450E-86D9-22767101A9D6}.Debug|Win32.ActiveCfg = Debug|Win32
		{3D5E7A29-8C2B-450E-86D9-22767101A9D6}.Debug|Win32.Build.0 = Debug|Win32
		{3D5E7A29-8C2B-450E-86D9-22767101A9D6}.Release|Win32.ActiveCfg = Release|Win32
		{3D5E7A29-8C2B-450E-86D9-22767101A9D6}.Release|Win32.Build.0 = Release|Win32
		{3D5E7A29-8C2B-450E-86D9-22767101A9D6}.ReleaseLib|Win32.ActiveCfg = Release_publish_buyer|Win32
		{3D5E7A29-8C2B-450E-86D9-22767101A9D6}.ReleaseLib|Win32.Build.0 = Release_publish_buyer|Win32
		{8D451493-65C2-49C3-ADAE-ACB17E6B0650}.Debug|Win32.ActiveCfg = Debug|Win32
		{8D451493-65C2-49C3-ADAE-ACB17E6B0650}.Debug|Win32.Build.0 = Debug|Win32
		{8D451493-65C2-49C3-ADAE-ACB17E6B0650}.Release|Win32.ActiveCfg = Release|Win32
		{8D451493-65C2-49C3-ADAE-ACB17E6B0650}.Release|Win32.Build.0 = Release|Win32
		{8D451493-65C2-49C3-ADAE-ACB17E6B0650}.ReleaseLib|Win32.ActiveCfg = Release_profile|Win32
		{8D451493-65C2-49C3-ADAE-ACB17E6B0650}.ReleaseLib|Win32.Build.0 = Release_profile|Win32
		{7DCC03B9-DD72-4803-AEE2-1F2BE6CE60C2}.Debug|Win32.ActiveCfg = DebugW|Win32
		{7DCC03B9-DD72-4803-AEE2-1F2BE6CE60C2}.Debug|Win32.Build.0 = DebugW|Win32
		{7DCC03B9-DD72-4803-AEE2-1F2BE6CE60C2}.Release|Win32.ActiveCfg = ReleaseW|Win32
		{7DCC03B9-DD72-4803-AEE2-1F2BE6CE60C2}.Release|Win32.Build.0 = ReleaseW|Win32
		{7DCC03B9-DD72-4803-AEE2-1F2BE6CE60C2}.ReleaseLib|Win32.ActiveCfg = Release_publish|Win32
		{7DCC03B9-DD72-4803-AEE2-1F2BE6CE60C2}.ReleaseLib|Win32.Build.0 = Release_publish|Win32
		{8A4FBCEC-AB89-49EF-AA18-D0712D6F4F55}.Debug|Win32.ActiveCfg = Debug|Win32
		{8A4FBCEC-AB89-49EF-AA18-D0712D6F4F55}.Debug|Win32.Build.0 = Debug|Win32
		{8A4FBCEC-AB89-49EF-AA18-D0712D6F4F55}.Release|Win32.ActiveCfg = Release|Win32
		{8A4FBCEC-AB89-49EF-AA18-D0712D6F4F55}.Release|Win32.Build.0 = Release|Win32
		{8A4FBCEC-AB89-49EF-AA18-D0712D6F4F55}.ReleaseLib|Win32.ActiveCfg = ReleaseMD|Win32
		{8A4FBCEC-AB89-49EF-AA18-D0712D6F4F55}.ReleaseLib|Win32.Build.0 = ReleaseMD|Win32
		{7ED97BBA-E770-4144-B656-C837FB08D1E7}.Debug|Win32.ActiveCfg = Debug|Win32
		{7ED97BBA-E770-4144-B656-C837FB08D1E7}.Debug|Win32.Build.0 = Debug|Win32
		{7ED97BBA-E770-4144-B656-C837FB08D1E7}.Release|Win32.ActiveCfg = Release|Win32
		{7ED97BBA-E770-4144-B656-C837FB08D1E7}.Release|Win32.Build.0 = Release|Win32
		{7ED97BBA-E770-4144-B656-C837FB08D1E7}.ReleaseLib|Win32.ActiveCfg = Release_profile|Win32
		{7ED97BBA-E770-4144-B656-C837FB08D1E7}.ReleaseLib|Win32.Build.0 = Release_profile|Win32
		{A1019D76-911A-4A80-B780-16F247E2F2AD}.Debug|Win32.ActiveCfg = Debug|Win32
		{A1019D76-911A-4A80-B780-16F247E2F2AD}.Debug|Win32.Build.0 = Debug|Win32
		{A1019D76-911A-4A80-B780-16F247E2F2AD}.Release|Win32.ActiveCfg = Release|Win32
		{A1019D76-911A-4A80-B780-16F247E2F2AD}.Release|Win32.Build.0 = Release|Win32
		{A1019D76-911A-4A80-B780-16F247E2F2AD}.ReleaseLib|Win32.ActiveCfg = ReleaseMD_Import|Win32
		{A1019D76-911A-4A80-B780-16F247E2F2AD}.ReleaseLib|Win32.Build.0 = ReleaseMD_Import|Win32
		{97861011-05BD-450A-A221-DB5F7A2F4B7B}.Debug|Win32.ActiveCfg = Debug|Win32
		{97861011-05BD-450A-A221-DB5F7A2F4B7B}.Debug|Win32.Build.0 = Debug|Win32
		{97861011-05BD-450A-A221-DB5F7A2F4B7B}.Release|Win32.ActiveCfg = Release|Win32
		{97861011-05BD-450A-A221-DB5F7A2F4B7B}.Release|Win32.Build.0 = Release|Win32
		{97861011-05BD-450A-A221-DB5F7A2F4B7B}.ReleaseLib|Win32.ActiveCfg = Release_profile|Win32
		{97861011-05BD-450A-A221-DB5F7A2F4B7B}.ReleaseLib|Win32.Build.0 = Release_profile|Win32
		{94A262D9-481E-423E-BAA8-AC4D3CD8E527}.Debug|Win32.ActiveCfg = Debug|Win32
		{94A262D9-481E-423E-BAA8-AC4D3CD8E527}.Debug|Win32.Build.0 = Debug|Win32
		{94A262D9-481E-423E-BAA8-AC4D3CD8E527}.Release|Win32.ActiveCfg = Release|Win32
		{94A262D9-481E-423E-BAA8-AC4D3CD8E527}.Release|Win32.Build.0 = Release|Win32
		{94A262D9-481E-423E-BAA8-AC4D3CD8E527}.ReleaseLib|Win32.ActiveCfg = ReleaseMD_Import|Win32
		{94A262D9-481E-423E-BAA8-AC4D3CD8E527}.ReleaseLib|Win32.Build.0 = ReleaseMD_Import|Win32
		{7820A4C8-B56A-40ED-9B44-86E215A93681}.Debug|Win32.ActiveCfg = Debug_W|Win32
		{7820A4C8-B56A-40ED-9B44-86E215A93681}.Debug|Win32.Build.0 = Debug_W|Win32
		{7820A4C8-B56A-40ED-9B44-86E215A93681}.Release|Win32.ActiveCfg = Release_W|Win32
		{7820A4C8-B56A-40ED-9B44-86E215A93681}.Release|Win32.Build.0 = Release_W|Win32
		{7820A4C8-B56A-40ED-9B44-86E215A93681}.ReleaseLib|Win32.ActiveCfg = Release_profile_W|Win32
		{7820A4C8-B56A-40ED-9B44-86E215A93681}.ReleaseLib|Win32.Build.0 = Release_profile_W|Win32
		{249D9B5B-BC66-4D30-AB85-F936F737D3CA}.Debug|Win32.ActiveCfg = Debug|Win32
		{249D9B5B-BC66-4D30-AB85-F936F737D3CA}.Debug|Win32.Build.0 = Debug|Win32
		{249D9B5B-BC66-4D30-AB85-F936F737D3CA}.Release|Win32.ActiveCfg = Release|Win32
		{249D9B5B-BC66-4D30-AB85-F936F737D3CA}.Release|Win32.Build.0 = Release|Win32
		{249D9B5B-BC66-4D30-AB85-F936F737D3CA}.ReleaseLib|Win32.ActiveCfg = Release_profile|Win32
		{249D9B5B-BC66-4D30-AB85-F936F737D3CA}.ReleaseLib|Win32.Build.0 = Release_profile|Win32
		{20B5465D-8790-43FA-A2A2-EE29F3F0F9BC}.Debug|Win32.ActiveCfg = Debug|Win32
		{20B5465D-8790-43FA-A2A2-EE29F3F0F9BC}.Debug|Win32.Build.0 = Debug|Win32
		{20B5465D-8790-43FA-A2A2-EE29F3F0F9BC}.Release|Win32.ActiveCfg = Release|Win32
		{20B5465D-8790-43FA-A2A2-EE29F3F0F9BC}.Release|Win32.Build.0 = Release|Win32
		{20B5465D-8790-43FA-A2A2-EE29F3F0F9BC}.ReleaseLib|Win32.ActiveCfg = Release|Win32
		{20B5465D-8790-43FA-A2A2-EE29F3F0F9BC}.ReleaseLib|Win32.Build.0 = Release|Win32
		{DD28EF8D-576C-4749-AA96-6188CEC61374}.Debug|Win32.ActiveCfg = DebugLib|Win32
		{DD28EF8D-576C-4749-AA96-6188CEC61374}.Debug|Win32.Build.0 = DebugLib|Win32
		{DD28EF8D-576C-4749-AA96-6188CEC61374}.Release|Win32.ActiveCfg = Release|Win32
		{DD28EF8D-576C-4749-AA96-6188CEC61374}.Release|Win32.Build.0 = Release|Win32
		{DD28EF8D-576C-4749-AA96-6188CEC61374}.ReleaseLib|Win32.ActiveCfg = ReleaseLib|Win32
		{DD28EF8D-576C-4749-AA96-6188CEC61374}.ReleaseLib|Win32.Build.0 = ReleaseLib|Win32
		{2D063418-4E8D-4689-8394-A80BAA738631}.Debug|Win32.ActiveCfg = Debug|Win32
		{2D063418-4E8D-4689-8394-A80BAA738631}.Debug|Win32.Build.0 = Debug|Win32
		{2D063418-4E8D-4689-8394-A80BAA738631}.Release|Win32.ActiveCfg = Release|Win32
		{2D063418-4E8D-4689-8394-A80BAA738631}.Release|Win32.Build.0 = Release|Win32
		{2D063418-4E8D-4689-8394-A80BAA738631}.ReleaseLib|Win32.ActiveCfg = ReleaseW|Win32
		{2D063418-4E8D-4689-8394-A80BAA738631}.ReleaseLib|Win32.Build.0 = ReleaseW|Win32
		{48761E8B-D68B-408A-BB8E-3DCB47AE0347}.Debug|Win32.ActiveCfg = Debug|Win32
		{48761E8B-D68B-408A-BB8E-3DCB47AE0347}.Debug|Win32.Build.0 = Debug|Win32
		{48761E8B-D68B-408A-BB8E-3DCB47AE0347}.Release|Win32.ActiveCfg = Release|Win32
		{48761E8B-D68B-408A-BB8E-3DCB47AE0347}.Release|Win32.Build.0 = Release|Win32
		{48761E8B-D68B-408A-BB8E-3DCB47AE0347}.ReleaseLib|Win32.ActiveCfg = Release|Win32
		{48761E8B-D68B-408A-BB8E-3DCB47AE0347}.ReleaseLib|Win32.Build.0 = Release|Win32
	EndGlobalSection
	GlobalSection(SolutionProperties) = preSolution
		HideSolutionNode = FALSE
	EndGlobalSection
	GlobalSection(ExtensibilityGlobals) = postSolution
		AMDCaProjectFile = C:\Works\Project8\Develop\Game\CodeAnalyst\Game.caw
	EndGlobalSection
	GlobalSection(SubversionScc) = preSolution
		Svn-Managed = True
		Manager = AnkhSVN - Subversion Support for Visual Studio
	EndGlobalSection
EndGlobal
