Microsoft Visual Studio Solution File, Format Version 10.00
# Visual Studio 2008
Project("{8BC9CEB8-8B4A-11D0-8D11-00A0C91BC942}") = "cml2", "..\mdk\cml2\cml2.vcproj", "{8D451493-65C2-49C3-ADAE-ACB17E6B0650}"
EndProject
Project("{8BC9CEB8-8B4A-11D0-8D11-00A0C91BC942}") = "CSCommon", "..\CSCommon\CSCommon.vcproj", "{7DCC03B9-DD72-4803-AEE2-1F2BE6CE60C2}"
	ProjectSection(ProjectDependencies) = postProject
		{595010C3-5427-4453-9F44-5ADB4EDDDB28} = {595010C3-5427-4453-9F44-5ADB4EDDDB28}
	EndProjectSection
EndProject
Project("{8BC9CEB8-8B4A-11D0-8D11-00A0C91BC942}") = "MiNet", "..\mdk\MiNet\MiNet.vcproj", "{595010C3-5427-4453-9F44-5ADB4EDDDB28}"
	ProjectSection(ProjectDependencies) = postProject
		{8D451493-65C2-49C3-ADAE-ACB17E6B0650} = {8D451493-65C2-49C3-ADAE-ACB17E6B0650}
	EndProjectSection
EndProject
Project("{8BC9CEB8-8B4A-11D0-8D11-00A0C91BC942}") = "MAI2", "..\mdk\MAI2\MAI2.vcproj", "{39D180F0-CA6C-4478-9C72-BA211B728286}"
EndProject
Project("{8BC9CEB8-8B4A-11D0-8D11-00A0C91BC942}") = "MPathFinder", "..\mdk\MPathFinder\MPathFinder.vcproj", "{7ED97BBA-E770-4144-B656-C837FB08D1E7}"
EndProject
Project("{8BC9CEB8-8B4A-11D0-8D11-00A0C91BC942}") = "ServerCommon", "ServerCommon\ServerCommon.vcproj", "{7820A4C8-B56A-40ED-9B44-86E215A93681}"
	ProjectSection(ProjectDependencies) = postProject
		{595010C3-5427-4453-9F44-5ADB4EDDDB28} = {595010C3-5427-4453-9F44-5ADB4EDDDB28}
		{8D451493-65C2-49C3-ADAE-ACB17E6B0650} = {8D451493-65C2-49C3-ADAE-ACB17E6B0650}
	EndProjectSection
EndProject
Project("{8BC9CEB8-8B4A-11D0-8D11-00A0C91BC942}") = "MCollision", "..\mdk\MCollision\MCollision.vcproj", "{97861011-05BD-450A-A221-DB5F7A2F4B7B}"
EndProject
Project("{8BC9CEB8-8B4A-11D0-8D11-00A0C91BC942}") = "GameServer_lib", "GameServer\main\GameServer_Lib.vcproj", "{AB477007-CF99-47F8-B81F-9A02CCBE7849}"
	ProjectSection(ProjectDependencies) = postProject
		{7D02F7CA-3E37-4E44-B7BB-B1910770191C} = {7D02F7CA-3E37-4E44-B7BB-B1910770191C}
		{97861011-05BD-450A-A221-DB5F7A2F4B7B} = {97861011-05BD-450A-A221-DB5F7A2F4B7B}
		{8D451493-65C2-49C3-ADAE-ACB17E6B0650} = {8D451493-65C2-49C3-ADAE-ACB17E6B0650}
		{7DCC03B9-DD72-4803-AEE2-1F2BE6CE60C2} = {7DCC03B9-DD72-4803-AEE2-1F2BE6CE60C2}
		{7ED97BBA-E770-4144-B656-C837FB08D1E7} = {7ED97BBA-E770-4144-B656-C837FB08D1E7}
		{595010C3-5427-4453-9F44-5ADB4EDDDB28} = {595010C3-5427-4453-9F44-5ADB4EDDDB28}
		{7820A4C8-B56A-40ED-9B44-86E215A93681} = {7820A4C8-B56A-40ED-9B44-86E215A93681}
		{39D180F0-CA6C-4478-9C72-BA211B728286} = {39D180F0-CA6C-4478-9C72-BA211B728286}
	EndProjectSection
EndProject
Project("{8BC9CEB8-8B4A-11D0-8D11-00A0C91BC942}") = "GameServer", "GameServer\app\GameServer.vcproj", "{537CD561-64D1-4DDA-B6AF-75F938CC9328}"
	ProjectSection(ProjectDependencies) = postProject
		{7D02F7CA-3E37-4E44-B7BB-B1910770191C} = {7D02F7CA-3E37-4E44-B7BB-B1910770191C}
		{AF9CDBF5-D791-4E4C-8015-3DA8B16E0CDD} = {AF9CDBF5-D791-4E4C-8015-3DA8B16E0CDD}
		{39D180F0-CA6C-4478-9C72-BA211B728286} = {39D180F0-CA6C-4478-9C72-BA211B728286}
		{7820A4C8-B56A-40ED-9B44-86E215A93681} = {7820A4C8-B56A-40ED-9B44-86E215A93681}
		{97861011-05BD-450A-A221-DB5F7A2F4B7B} = {97861011-05BD-450A-A221-DB5F7A2F4B7B}
		{595010C3-5427-4453-9F44-5ADB4EDDDB28} = {595010C3-5427-4453-9F44-5ADB4EDDDB28}
		{7ED97BBA-E770-4144-B656-C837FB08D1E7} = {7ED97BBA-E770-4144-B656-C837FB08D1E7}
		{7DCC03B9-DD72-4803-AEE2-1F2BE6CE60C2} = {7DCC03B9-DD72-4803-AEE2-1F2BE6CE60C2}
		{8D451493-65C2-49C3-ADAE-ACB17E6B0650} = {8D451493-65C2-49C3-ADAE-ACB17E6B0650}
		{AB477007-CF99-47F8-B81F-9A02CCBE7849} = {AB477007-CF99-47F8-B81F-9A02CCBE7849}
	EndProjectSection
EndProject
Project("{8BC9CEB8-8B4A-11D0-8D11-00A0C91BC942}") = "MAsyncDatabase", "..\mdk\MAsyncDatabase\MAsyncDatabase.vcproj", "{7D02F7CA-3E37-4E44-B7BB-B1910770191C}"
EndProject
Project("{8BC9CEB8-8B4A-11D0-8D11-00A0C91BC942}") = "ServerResourceValidator", "ServerResourceValidator\ServerResourceValidator.vcproj", "{AF9CDBF5-D791-4E4C-8015-3DA8B16E0CDD}"
	ProjectSection(ProjectDependencies) = postProject
		{AB477007-CF99-47F8-B81F-9A02CCBE7849} = {AB477007-CF99-47F8-B81F-9A02CCBE7849}
	EndProjectSection
EndProject
Project("{2150E333-8FDC-42A3-9474-1A3956D46DE8}") = "Solution Items", "Solution Items", "{95165935-7FCA-48E8-9DDF-D25C51B9DF11}"
EndProject
Project("{8BC9CEB8-8B4A-11D0-8D11-00A0C91BC942}") = "GameServer_unittest", "GameServer\unittest\GameServer_unittest.vcproj", "{6605504F-C883-4FE0-ABB7-744DAD6BF69D}"
EndProject
Project("{8BC9CEB8-8B4A-11D0-8D11-00A0C91BC942}") = "MasterServer_lib", "MasterServer\main\MasterServer_Lib.vcproj", "{351F5D16-825A-4473-85AD-EEE2636FF634}"
EndProject
Project("{8BC9CEB8-8B4A-11D0-8D11-00A0C91BC942}") = "MasterServer_unittest", "MasterServer\unittest\MasterServer_unittest.vcproj", "{5433D15F-8418-4A36-BB72-15E092FB8652}"
EndProject
Project("{8BC9CEB8-8B4A-11D0-8D11-00A0C91BC942}") = "LoginServer_lib", "LoginServer\main\LoginServer_Lib.vcproj", "{1B44ACA5-5176-4464-A303-338B2BF64BF1}"
EndProject
Project("{8BC9CEB8-8B4A-11D0-8D11-00A0C91BC942}") = "LoginServer_unittest", "LoginServer\unittest\LoginServer_unittest.vcproj", "{D941F880-92A7-4D28-8449-E1E9EE1C558F}"
EndProject
Project("{8BC9CEB8-8B4A-11D0-8D11-00A0C91BC942}") = "Game", "..\Game\Game.vcproj", "{3D5E7A29-8C2B-450E-86D9-22767101A9D6}"
EndProject
Global
	GlobalSection(SolutionConfigurationPlatforms) = preSolution
		Debug_birdkr|Win32 = Debug_birdkr|Win32
		Debug_duck|Win32 = Debug_duck|Win32
		Debug_ed|Win32 = Debug_ed|Win32
		Debug_pyo|Win32 = Debug_pyo|Win32
		Debug_vld|Win32 = Debug_vld|Win32
		Debug|Win32 = Debug|Win32
		DebugMD|Win32 = DebugMD|Win32
		DebugMDd|Win32 = DebugMDd|Win32
		Release_ed|Win32 = Release_ed|Win32
		Release_publish|Win32 = Release_publish|Win32
		Release|Win32 = Release|Win32
		ReleaseMD|Win32 = ReleaseMD|Win32
		UnitTest_DB|Win32 = UnitTest_DB|Win32
		UnitTest_DBDebug|Win32 = UnitTest_DBDebug|Win32
		UnitTest_Debug|Win32 = UnitTest_Debug|Win32
		UnitTest|Win32 = UnitTest|Win32
	EndGlobalSection
	GlobalSection(ProjectConfigurationPlatforms) = postSolution
		{8D451493-65C2-49C3-ADAE-ACB17E6B0650}.Debug_birdkr|Win32.ActiveCfg = DebugMDd|Win32
		{8D451493-65C2-49C3-ADAE-ACB17E6B0650}.Debug_birdkr|Win32.Build.0 = DebugMDd|Win32
		{8D451493-65C2-49C3-ADAE-ACB17E6B0650}.Debug_duck|Win32.ActiveCfg = DebugMDd|Win32
		{8D451493-65C2-49C3-ADAE-ACB17E6B0650}.Debug_duck|Win32.Build.0 = DebugMDd|Win32
		{8D451493-65C2-49C3-ADAE-ACB17E6B0650}.Debug_ed|Win32.ActiveCfg = DebugMDd|Win32
		{8D451493-65C2-49C3-ADAE-ACB17E6B0650}.Debug_ed|Win32.Build.0 = DebugMDd|Win32
		{8D451493-65C2-49C3-ADAE-ACB17E6B0650}.Debug_pyo|Win32.ActiveCfg = DebugMDd|Win32
		{8D451493-65C2-49C3-ADAE-ACB17E6B0650}.Debug_pyo|Win32.Build.0 = DebugMDd|Win32
		{8D451493-65C2-49C3-ADAE-ACB17E6B0650}.Debug_vld|Win32.ActiveCfg = Debug|Win32
		{8D451493-65C2-49C3-ADAE-ACB17E6B0650}.Debug_vld|Win32.Build.0 = Debug|Win32
		{8D451493-65C2-49C3-ADAE-ACB17E6B0650}.Debug|Win32.ActiveCfg = Debug|Win32
		{8D451493-65C2-49C3-ADAE-ACB17E6B0650}.Debug|Win32.Build.0 = Debug|Win32
		{8D451493-65C2-49C3-ADAE-ACB17E6B0650}.DebugMD|Win32.ActiveCfg = DebugMDd|Win32
		{8D451493-65C2-49C3-ADAE-ACB17E6B0650}.DebugMD|Win32.Build.0 = DebugMDd|Win32
		{8D451493-65C2-49C3-ADAE-ACB17E6B0650}.DebugMDd|Win32.ActiveCfg = DebugMDd|Win32
		{8D451493-65C2-49C3-ADAE-ACB17E6B0650}.DebugMDd|Win32.Build.0 = DebugMDd|Win32
		{8D451493-65C2-49C3-ADAE-ACB17E6B0650}.Release_ed|Win32.ActiveCfg = ReleaseMD|Win32
		{8D451493-65C2-49C3-ADAE-ACB17E6B0650}.Release_ed|Win32.Build.0 = ReleaseMD|Win32
		{8D451493-65C2-49C3-ADAE-ACB17E6B0650}.Release_publish|Win32.ActiveCfg = Release|Win32
		{8D451493-65C2-49C3-ADAE-ACB17E6B0650}.Release_publish|Win32.Build.0 = Release|Win32
		{8D451493-65C2-49C3-ADAE-ACB17E6B0650}.Release|Win32.ActiveCfg = Release|Win32
		{8D451493-65C2-49C3-ADAE-ACB17E6B0650}.Release|Win32.Build.0 = Release|Win32
		{8D451493-65C2-49C3-ADAE-ACB17E6B0650}.ReleaseMD|Win32.ActiveCfg = ReleaseMD|Win32
		{8D451493-65C2-49C3-ADAE-ACB17E6B0650}.ReleaseMD|Win32.Build.0 = ReleaseMD|Win32
		{8D451493-65C2-49C3-ADAE-ACB17E6B0650}.UnitTest_DB|Win32.ActiveCfg = DebugMDd|Win32
		{8D451493-65C2-49C3-ADAE-ACB17E6B0650}.UnitTest_DB|Win32.Build.0 = DebugMDd|Win32
		{8D451493-65C2-49C3-ADAE-ACB17E6B0650}.UnitTest_DBDebug|Win32.ActiveCfg = Debug|Win32
		{8D451493-65C2-49C3-ADAE-ACB17E6B0650}.UnitTest_DBDebug|Win32.Build.0 = Debug|Win32
		{8D451493-65C2-49C3-ADAE-ACB17E6B0650}.UnitTest_Debug|Win32.ActiveCfg = Debug|Win32
		{8D451493-65C2-49C3-ADAE-ACB17E6B0650}.UnitTest_Debug|Win32.Build.0 = Debug|Win32
		{8D451493-65C2-49C3-ADAE-ACB17E6B0650}.UnitTest|Win32.ActiveCfg = DebugMDd|Win32
		{8D451493-65C2-49C3-ADAE-ACB17E6B0650}.UnitTest|Win32.Build.0 = DebugMDd|Win32
		{7DCC03B9-DD72-4803-AEE2-1F2BE6CE60C2}.Debug_birdkr|Win32.ActiveCfg = Debug_pyo|Win32
		{7DCC03B9-DD72-4803-AEE2-1F2BE6CE60C2}.Debug_birdkr|Win32.Build.0 = Debug_pyo|Win32
		{7DCC03B9-DD72-4803-AEE2-1F2BE6CE60C2}.Debug_duck|Win32.ActiveCfg = Debug_pyo|Win32
		{7DCC03B9-DD72-4803-AEE2-1F2BE6CE60C2}.Debug_duck|Win32.Build.0 = Debug_pyo|Win32
		{7DCC03B9-DD72-4803-AEE2-1F2BE6CE60C2}.Debug_ed|Win32.ActiveCfg = Debug_pyo|Win32
		{7DCC03B9-DD72-4803-AEE2-1F2BE6CE60C2}.Debug_ed|Win32.Build.0 = Debug_pyo|Win32
		{7DCC03B9-DD72-4803-AEE2-1F2BE6CE60C2}.Debug_pyo|Win32.ActiveCfg = Debug_pyo|Win32
		{7DCC03B9-DD72-4803-AEE2-1F2BE6CE60C2}.Debug_pyo|Win32.Build.0 = Debug_pyo|Win32
		{7DCC03B9-DD72-4803-AEE2-1F2BE6CE60C2}.Debug_vld|Win32.ActiveCfg = Debug|Win32
		{7DCC03B9-DD72-4803-AEE2-1F2BE6CE60C2}.Debug_vld|Win32.Build.0 = Debug|Win32
		{7DCC03B9-DD72-4803-AEE2-1F2BE6CE60C2}.Debug|Win32.ActiveCfg = Debug|Win32
		{7DCC03B9-DD72-4803-AEE2-1F2BE6CE60C2}.Debug|Win32.Build.0 = Debug|Win32
		{7DCC03B9-DD72-4803-AEE2-1F2BE6CE60C2}.DebugMD|Win32.ActiveCfg = DebugMDd|Win32
		{7DCC03B9-DD72-4803-AEE2-1F2BE6CE60C2}.DebugMD|Win32.Build.0 = DebugMDd|Win32
		{7DCC03B9-DD72-4803-AEE2-1F2BE6CE60C2}.DebugMDd|Win32.ActiveCfg = DebugMDd|Win32
		{7DCC03B9-DD72-4803-AEE2-1F2BE6CE60C2}.DebugMDd|Win32.Build.0 = DebugMDd|Win32
		{7DCC03B9-DD72-4803-AEE2-1F2BE6CE60C2}.Release_ed|Win32.ActiveCfg = ReleaseMD|Win32
		{7DCC03B9-DD72-4803-AEE2-1F2BE6CE60C2}.Release_ed|Win32.Build.0 = ReleaseMD|Win32
		{7DCC03B9-DD72-4803-AEE2-1F2BE6CE60C2}.Release_publish|Win32.ActiveCfg = Release|Win32
		{7DCC03B9-DD72-4803-AEE2-1F2BE6CE60C2}.Release_publish|Win32.Build.0 = Release|Win32
		{7DCC03B9-DD72-4803-AEE2-1F2BE6CE60C2}.Release|Win32.ActiveCfg = Release|Win32
		{7DCC03B9-DD72-4803-AEE2-1F2BE6CE60C2}.Release|Win32.Build.0 = Release|Win32
		{7DCC03B9-DD72-4803-AEE2-1F2BE6CE60C2}.ReleaseMD|Win32.ActiveCfg = ReleaseMD|Win32
		{7DCC03B9-DD72-4803-AEE2-1F2BE6CE60C2}.ReleaseMD|Win32.Build.0 = ReleaseMD|Win32
		{7DCC03B9-DD72-4803-AEE2-1F2BE6CE60C2}.UnitTest_DB|Win32.ActiveCfg = UnitTest_DBDebug|Win32
		{7DCC03B9-DD72-4803-AEE2-1F2BE6CE60C2}.UnitTest_DB|Win32.Build.0 = UnitTest_DBDebug|Win32
		{7DCC03B9-DD72-4803-AEE2-1F2BE6CE60C2}.UnitTest_DBDebug|Win32.ActiveCfg = UnitTest_DBDebug|Win32
		{7DCC03B9-DD72-4803-AEE2-1F2BE6CE60C2}.UnitTest_DBDebug|Win32.Build.0 = UnitTest_DBDebug|Win32
		{7DCC03B9-DD72-4803-AEE2-1F2BE6CE60C2}.UnitTest_Debug|Win32.ActiveCfg = Debug|Win32
		{7DCC03B9-DD72-4803-AEE2-1F2BE6CE60C2}.UnitTest_Debug|Win32.Build.0 = Debug|Win32
		{7DCC03B9-DD72-4803-AEE2-1F2BE6CE60C2}.UnitTest|Win32.ActiveCfg = UnitTest_DBDebug|Win32
		{7DCC03B9-DD72-4803-AEE2-1F2BE6CE60C2}.UnitTest|Win32.Build.0 = UnitTest_DBDebug|Win32
		{595010C3-5427-4453-9F44-5ADB4EDDDB28}.Debug_birdkr|Win32.ActiveCfg = DebugMDd|Win32
		{595010C3-5427-4453-9F44-5ADB4EDDDB28}.Debug_birdkr|Win32.Build.0 = DebugMDd|Win32
		{595010C3-5427-4453-9F44-5ADB4EDDDB28}.Debug_duck|Win32.ActiveCfg = DebugMDd|Win32
		{595010C3-5427-4453-9F44-5ADB4EDDDB28}.Debug_duck|Win32.Build.0 = DebugMDd|Win32
		{595010C3-5427-4453-9F44-5ADB4EDDDB28}.Debug_ed|Win32.ActiveCfg = DebugMDd|Win32
		{595010C3-5427-4453-9F44-5ADB4EDDDB28}.Debug_ed|Win32.Build.0 = DebugMDd|Win32
		{595010C3-5427-4453-9F44-5ADB4EDDDB28}.Debug_pyo|Win32.ActiveCfg = DebugMDd|Win32
		{595010C3-5427-4453-9F44-5ADB4EDDDB28}.Debug_pyo|Win32.Build.0 = DebugMDd|Win32
		{595010C3-5427-4453-9F44-5ADB4EDDDB28}.Debug_vld|Win32.ActiveCfg = Debug|Win32
		{595010C3-5427-4453-9F44-5ADB4EDDDB28}.Debug_vld|Win32.Build.0 = Debug|Win32
		{595010C3-5427-4453-9F44-5ADB4EDDDB28}.Debug|Win32.ActiveCfg = Debug|Win32
		{595010C3-5427-4453-9F44-5ADB4EDDDB28}.Debug|Win32.Build.0 = Debug|Win32
		{595010C3-5427-4453-9F44-5ADB4EDDDB28}.DebugMD|Win32.ActiveCfg = DebugMDd|Win32
		{595010C3-5427-4453-9F44-5ADB4EDDDB28}.DebugMD|Win32.Build.0 = DebugMDd|Win32
		{595010C3-5427-4453-9F44-5ADB4EDDDB28}.DebugMDd|Win32.ActiveCfg = DebugMDd|Win32
		{595010C3-5427-4453-9F44-5ADB4EDDDB28}.DebugMDd|Win32.Build.0 = DebugMDd|Win32
		{595010C3-5427-4453-9F44-5ADB4EDDDB28}.Release_ed|Win32.ActiveCfg = ReleaseMD|Win32
		{595010C3-5427-4453-9F44-5ADB4EDDDB28}.Release_ed|Win32.Build.0 = ReleaseMD|Win32
		{595010C3-5427-4453-9F44-5ADB4EDDDB28}.Release_publish|Win32.ActiveCfg = Release|Win32
		{595010C3-5427-4453-9F44-5ADB4EDDDB28}.Release_publish|Win32.Build.0 = Release|Win32
		{595010C3-5427-4453-9F44-5ADB4EDDDB28}.Release|Win32.ActiveCfg = Release|Win32
		{595010C3-5427-4453-9F44-5ADB4EDDDB28}.Release|Win32.Build.0 = Release|Win32
		{595010C3-5427-4453-9F44-5ADB4EDDDB28}.ReleaseMD|Win32.ActiveCfg = ReleaseMD|Win32
		{595010C3-5427-4453-9F44-5ADB4EDDDB28}.ReleaseMD|Win32.Build.0 = ReleaseMD|Win32
		{595010C3-5427-4453-9F44-5ADB4EDDDB28}.UnitTest_DB|Win32.ActiveCfg = ReleaseMD|Win32
		{595010C3-5427-4453-9F44-5ADB4EDDDB28}.UnitTest_DB|Win32.Build.0 = ReleaseMD|Win32
		{595010C3-5427-4453-9F44-5ADB4EDDDB28}.UnitTest_DBDebug|Win32.ActiveCfg = Debug|Win32
		{595010C3-5427-4453-9F44-5ADB4EDDDB28}.UnitTest_DBDebug|Win32.Build.0 = Debug|Win32
		{595010C3-5427-4453-9F44-5ADB4EDDDB28}.UnitTest_Debug|Win32.ActiveCfg = Debug|Win32
		{595010C3-5427-4453-9F44-5ADB4EDDDB28}.UnitTest_Debug|Win32.Build.0 = Debug|Win32
		{595010C3-5427-4453-9F44-5ADB4EDDDB28}.UnitTest|Win32.ActiveCfg = ReleaseMD|Win32
		{595010C3-5427-4453-9F44-5ADB4EDDDB28}.UnitTest|Win32.Build.0 = ReleaseMD|Win32
		{39D180F0-CA6C-4478-9C72-BA211B728286}.Debug_birdkr|Win32.ActiveCfg = Debug|Win32
		{39D180F0-CA6C-4478-9C72-BA211B728286}.Debug_birdkr|Win32.Build.0 = Debug|Win32
		{39D180F0-CA6C-4478-9C72-BA211B728286}.Debug_duck|Win32.ActiveCfg = Debug|Win32
		{39D180F0-CA6C-4478-9C72-BA211B728286}.Debug_duck|Win32.Build.0 = Debug|Win32
		{39D180F0-CA6C-4478-9C72-BA211B728286}.Debug_ed|Win32.ActiveCfg = Debug|Win32
		{39D180F0-CA6C-4478-9C72-BA211B728286}.Debug_ed|Win32.Build.0 = Debug|Win32
		{39D180F0-CA6C-4478-9C72-BA211B728286}.Debug_pyo|Win32.ActiveCfg = Debug|Win32
		{39D180F0-CA6C-4478-9C72-BA211B728286}.Debug_pyo|Win32.Build.0 = Debug|Win32
		{39D180F0-CA6C-4478-9C72-BA211B728286}.Debug_vld|Win32.ActiveCfg = Debug|Win32
		{39D180F0-CA6C-4478-9C72-BA211B728286}.Debug_vld|Win32.Build.0 = Debug|Win32
		{39D180F0-CA6C-4478-9C72-BA211B728286}.Debug|Win32.ActiveCfg = Debug|Win32
		{39D180F0-CA6C-4478-9C72-BA211B728286}.Debug|Win32.Build.0 = Debug|Win32
		{39D180F0-CA6C-4478-9C72-BA211B728286}.DebugMD|Win32.ActiveCfg = Debug|Win32
		{39D180F0-CA6C-4478-9C72-BA211B728286}.DebugMD|Win32.Build.0 = Debug|Win32
		{39D180F0-CA6C-4478-9C72-BA211B728286}.DebugMDd|Win32.ActiveCfg = Debug|Win32
		{39D180F0-CA6C-4478-9C72-BA211B728286}.DebugMDd|Win32.Build.0 = Debug|Win32
		{39D180F0-CA6C-4478-9C72-BA211B728286}.Release_ed|Win32.ActiveCfg = Release|Win32
		{39D180F0-CA6C-4478-9C72-BA211B728286}.Release_ed|Win32.Build.0 = Release|Win32
		{39D180F0-CA6C-4478-9C72-BA211B728286}.Release_publish|Win32.ActiveCfg = Release|Win32
		{39D180F0-CA6C-4478-9C72-BA211B728286}.Release_publish|Win32.Build.0 = Release|Win32
		{39D180F0-CA6C-4478-9C72-BA211B728286}.Release|Win32.ActiveCfg = Release|Win32
		{39D180F0-CA6C-4478-9C72-BA211B728286}.Release|Win32.Build.0 = Release|Win32
		{39D180F0-CA6C-4478-9C72-BA211B728286}.ReleaseMD|Win32.ActiveCfg = Release|Win32
		{39D180F0-CA6C-4478-9C72-BA211B728286}.ReleaseMD|Win32.Build.0 = Release|Win32
		{39D180F0-CA6C-4478-9C72-BA211B728286}.UnitTest_DB|Win32.ActiveCfg = Release|Win32
		{39D180F0-CA6C-4478-9C72-BA211B728286}.UnitTest_DB|Win32.Build.0 = Release|Win32
		{39D180F0-CA6C-4478-9C72-BA211B728286}.UnitTest_DBDebug|Win32.ActiveCfg = Debug|Win32
		{39D180F0-CA6C-4478-9C72-BA211B728286}.UnitTest_DBDebug|Win32.Build.0 = Debug|Win32
		{39D180F0-CA6C-4478-9C72-BA211B728286}.UnitTest_Debug|Win32.ActiveCfg = Debug|Win32
		{39D180F0-CA6C-4478-9C72-BA211B728286}.UnitTest_Debug|Win32.Build.0 = Debug|Win32
		{39D180F0-CA6C-4478-9C72-BA211B728286}.UnitTest|Win32.ActiveCfg = Release|Win32
		{39D180F0-CA6C-4478-9C72-BA211B728286}.UnitTest|Win32.Build.0 = Release|Win32
		{7ED97BBA-E770-4144-B656-C837FB08D1E7}.Debug_birdkr|Win32.ActiveCfg = DebugMT|Win32
		{7ED97BBA-E770-4144-B656-C837FB08D1E7}.Debug_birdkr|Win32.Build.0 = DebugMT|Win32
		{7ED97BBA-E770-4144-B656-C837FB08D1E7}.Debug_duck|Win32.ActiveCfg = DebugMT|Win32
		{7ED97BBA-E770-4144-B656-C837FB08D1E7}.Debug_duck|Win32.Build.0 = DebugMT|Win32
		{7ED97BBA-E770-4144-B656-C837FB08D1E7}.Debug_ed|Win32.ActiveCfg = DebugMT|Win32
		{7ED97BBA-E770-4144-B656-C837FB08D1E7}.Debug_ed|Win32.Build.0 = DebugMT|Win32
		{7ED97BBA-E770-4144-B656-C837FB08D1E7}.Debug_pyo|Win32.ActiveCfg = DebugMT|Win32
		{7ED97BBA-E770-4144-B656-C837FB08D1E7}.Debug_pyo|Win32.Build.0 = DebugMT|Win32
		{7ED97BBA-E770-4144-B656-C837FB08D1E7}.Debug_vld|Win32.ActiveCfg = Debug|Win32
		{7ED97BBA-E770-4144-B656-C837FB08D1E7}.Debug_vld|Win32.Build.0 = Debug|Win32
		{7ED97BBA-E770-4144-B656-C837FB08D1E7}.Debug|Win32.ActiveCfg = Debug|Win32
		{7ED97BBA-E770-4144-B656-C837FB08D1E7}.Debug|Win32.Build.0 = Debug|Win32
		{7ED97BBA-E770-4144-B656-C837FB08D1E7}.DebugMD|Win32.ActiveCfg = DebugMT|Win32
		{7ED97BBA-E770-4144-B656-C837FB08D1E7}.DebugMD|Win32.Build.0 = DebugMT|Win32
		{7ED97BBA-E770-4144-B656-C837FB08D1E7}.DebugMDd|Win32.ActiveCfg = DebugMT|Win32
		{7ED97BBA-E770-4144-B656-C837FB08D1E7}.DebugMDd|Win32.Build.0 = DebugMT|Win32
		{7ED97BBA-E770-4144-B656-C837FB08D1E7}.Release_ed|Win32.ActiveCfg = Release|Win32
		{7ED97BBA-E770-4144-B656-C837FB08D1E7}.Release_ed|Win32.Build.0 = Release|Win32
		{7ED97BBA-E770-4144-B656-C837FB08D1E7}.Release_publish|Win32.ActiveCfg = Release|Win32
		{7ED97BBA-E770-4144-B656-C837FB08D1E7}.Release_publish|Win32.Build.0 = Release|Win32
		{7ED97BBA-E770-4144-B656-C837FB08D1E7}.Release|Win32.ActiveCfg = Release|Win32
		{7ED97BBA-E770-4144-B656-C837FB08D1E7}.Release|Win32.Build.0 = Release|Win32
		{7ED97BBA-E770-4144-B656-C837FB08D1E7}.ReleaseMD|Win32.ActiveCfg = Release|Win32
		{7ED97BBA-E770-4144-B656-C837FB08D1E7}.ReleaseMD|Win32.Build.0 = Release|Win32
		{7ED97BBA-E770-4144-B656-C837FB08D1E7}.UnitTest_DB|Win32.ActiveCfg = DebugMT|Win32
		{7ED97BBA-E770-4144-B656-C837FB08D1E7}.UnitTest_DB|Win32.Build.0 = DebugMT|Win32
		{7ED97BBA-E770-4144-B656-C837FB08D1E7}.UnitTest_DBDebug|Win32.ActiveCfg = Debug|Win32
		{7ED97BBA-E770-4144-B656-C837FB08D1E7}.UnitTest_DBDebug|Win32.Build.0 = Debug|Win32
		{7ED97BBA-E770-4144-B656-C837FB08D1E7}.UnitTest_Debug|Win32.ActiveCfg = Debug|Win32
		{7ED97BBA-E770-4144-B656-C837FB08D1E7}.UnitTest_Debug|Win32.Build.0 = Debug|Win32
		{7ED97BBA-E770-4144-B656-C837FB08D1E7}.UnitTest|Win32.ActiveCfg = DebugMT|Win32
		{7ED97BBA-E770-4144-B656-C837FB08D1E7}.UnitTest|Win32.Build.0 = DebugMT|Win32
		{7820A4C8-B56A-40ED-9B44-86E215A93681}.Debug_birdkr|Win32.ActiveCfg = Debug_pyo|Win32
		{7820A4C8-B56A-40ED-9B44-86E215A93681}.Debug_birdkr|Win32.Build.0 = Debug_pyo|Win32
		{7820A4C8-B56A-40ED-9B44-86E215A93681}.Debug_duck|Win32.ActiveCfg = Debug_pyo|Win32
		{7820A4C8-B56A-40ED-9B44-86E215A93681}.Debug_duck|Win32.Build.0 = Debug_pyo|Win32
		{7820A4C8-B56A-40ED-9B44-86E215A93681}.Debug_ed|Win32.ActiveCfg = Debug_pyo|Win32
		{7820A4C8-B56A-40ED-9B44-86E215A93681}.Debug_ed|Win32.Build.0 = Debug_pyo|Win32
		{7820A4C8-B56A-40ED-9B44-86E215A93681}.Debug_pyo|Win32.ActiveCfg = Debug_pyo|Win32
		{7820A4C8-B56A-40ED-9B44-86E215A93681}.Debug_pyo|Win32.Build.0 = Debug_pyo|Win32
		{7820A4C8-B56A-40ED-9B44-86E215A93681}.Debug_vld|Win32.ActiveCfg = Debug|Win32
		{7820A4C8-B56A-40ED-9B44-86E215A93681}.Debug_vld|Win32.Build.0 = Debug|Win32
		{7820A4C8-B56A-40ED-9B44-86E215A93681}.Debug|Win32.ActiveCfg = Debug|Win32
		{7820A4C8-B56A-40ED-9B44-86E215A93681}.Debug|Win32.Build.0 = Debug|Win32
		{7820A4C8-B56A-40ED-9B44-86E215A93681}.DebugMD|Win32.ActiveCfg = Debug|Win32
		{7820A4C8-B56A-40ED-9B44-86E215A93681}.DebugMD|Win32.Build.0 = Debug|Win32
		{7820A4C8-B56A-40ED-9B44-86E215A93681}.DebugMDd|Win32.ActiveCfg = Debug_pyo|Win32
		{7820A4C8-B56A-40ED-9B44-86E215A93681}.DebugMDd|Win32.Build.0 = Debug_pyo|Win32
		{7820A4C8-B56A-40ED-9B44-86E215A93681}.Release_ed|Win32.ActiveCfg = Release|Win32
		{7820A4C8-B56A-40ED-9B44-86E215A93681}.Release_ed|Win32.Build.0 = Release|Win32
		{7820A4C8-B56A-40ED-9B44-86E215A93681}.Release_publish|Win32.ActiveCfg = Release|Win32
		{7820A4C8-B56A-40ED-9B44-86E215A93681}.Release_publish|Win32.Build.0 = Release|Win32
		{7820A4C8-B56A-40ED-9B44-86E215A93681}.Release|Win32.ActiveCfg = Release|Win32
		{7820A4C8-B56A-40ED-9B44-86E215A93681}.Release|Win32.Build.0 = Release|Win32
		{7820A4C8-B56A-40ED-9B44-86E215A93681}.ReleaseMD|Win32.ActiveCfg = Release|Win32
		{7820A4C8-B56A-40ED-9B44-86E215A93681}.ReleaseMD|Win32.Build.0 = Release|Win32
		{7820A4C8-B56A-40ED-9B44-86E215A93681}.UnitTest_DB|Win32.ActiveCfg = UnitTest_DBDebug|Win32
		{7820A4C8-B56A-40ED-9B44-86E215A93681}.UnitTest_DB|Win32.Build.0 = UnitTest_DBDebug|Win32
		{7820A4C8-B56A-40ED-9B44-86E215A93681}.UnitTest_DBDebug|Win32.ActiveCfg = UnitTest_DBDebug|Win32
		{7820A4C8-B56A-40ED-9B44-86E215A93681}.UnitTest_DBDebug|Win32.Build.0 = UnitTest_DBDebug|Win32
		{7820A4C8-B56A-40ED-9B44-86E215A93681}.UnitTest_Debug|Win32.ActiveCfg = Debug|Win32
		{7820A4C8-B56A-40ED-9B44-86E215A93681}.UnitTest_Debug|Win32.Build.0 = Debug|Win32
		{7820A4C8-B56A-40ED-9B44-86E215A93681}.UnitTest|Win32.ActiveCfg = UnitTest_DBDebug|Win32
		{7820A4C8-B56A-40ED-9B44-86E215A93681}.UnitTest|Win32.Build.0 = UnitTest_DBDebug|Win32
		{97861011-05BD-450A-A221-DB5F7A2F4B7B}.Debug_birdkr|Win32.ActiveCfg = DebugMD|Win32
		{97861011-05BD-450A-A221-DB5F7A2F4B7B}.Debug_birdkr|Win32.Build.0 = DebugMD|Win32
		{97861011-05BD-450A-A221-DB5F7A2F4B7B}.Debug_duck|Win32.ActiveCfg = DebugMD|Win32
		{97861011-05BD-450A-A221-DB5F7A2F4B7B}.Debug_duck|Win32.Build.0 = DebugMD|Win32
		{97861011-05BD-450A-A221-DB5F7A2F4B7B}.Debug_ed|Win32.ActiveCfg = DebugMD|Win32
		{97861011-05BD-450A-A221-DB5F7A2F4B7B}.Debug_ed|Win32.Build.0 = DebugMD|Win32
		{97861011-05BD-450A-A221-DB5F7A2F4B7B}.Debug_pyo|Win32.ActiveCfg = DebugMD|Win32
		{97861011-05BD-450A-A221-DB5F7A2F4B7B}.Debug_pyo|Win32.Build.0 = DebugMD|Win32
		{97861011-05BD-450A-A221-DB5F7A2F4B7B}.Debug_vld|Win32.ActiveCfg = Debug|Win32
		{97861011-05BD-450A-A221-DB5F7A2F4B7B}.Debug_vld|Win32.Build.0 = Debug|Win32
		{97861011-05BD-450A-A221-DB5F7A2F4B7B}.Debug|Win32.ActiveCfg = Debug|Win32
		{97861011-05BD-450A-A221-DB5F7A2F4B7B}.Debug|Win32.Build.0 = Debug|Win32
		{97861011-05BD-450A-A221-DB5F7A2F4B7B}.DebugMD|Win32.ActiveCfg = DebugMD|Win32
		{97861011-05BD-450A-A221-DB5F7A2F4B7B}.DebugMD|Win32.Build.0 = DebugMD|Win32
		{97861011-05BD-450A-A221-DB5F7A2F4B7B}.DebugMDd|Win32.ActiveCfg = DebugMD|Win32
		{97861011-05BD-450A-A221-DB5F7A2F4B7B}.DebugMDd|Win32.Build.0 = DebugMD|Win32
		{97861011-05BD-450A-A221-DB5F7A2F4B7B}.Release_ed|Win32.ActiveCfg = ReleaseMD|Win32
		{97861011-05BD-450A-A221-DB5F7A2F4B7B}.Release_ed|Win32.Build.0 = ReleaseMD|Win32
		{97861011-05BD-450A-A221-DB5F7A2F4B7B}.Release_publish|Win32.ActiveCfg = Release|Win32
		{97861011-05BD-450A-A221-DB5F7A2F4B7B}.Release_publish|Win32.Build.0 = Release|Win32
		{97861011-05BD-450A-A221-DB5F7A2F4B7B}.Release|Win32.ActiveCfg = Release|Win32
		{97861011-05BD-450A-A221-DB5F7A2F4B7B}.Release|Win32.Build.0 = Release|Win32
		{97861011-05BD-450A-A221-DB5F7A2F4B7B}.ReleaseMD|Win32.ActiveCfg = ReleaseMD|Win32
		{97861011-05BD-450A-A221-DB5F7A2F4B7B}.ReleaseMD|Win32.Build.0 = ReleaseMD|Win32
		{97861011-05BD-450A-A221-DB5F7A2F4B7B}.UnitTest_DB|Win32.ActiveCfg = ReleaseMD|Win32
		{97861011-05BD-450A-A221-DB5F7A2F4B7B}.UnitTest_DB|Win32.Build.0 = ReleaseMD|Win32
		{97861011-05BD-450A-A221-DB5F7A2F4B7B}.UnitTest_DBDebug|Win32.ActiveCfg = Debug|Win32
		{97861011-05BD-450A-A221-DB5F7A2F4B7B}.UnitTest_DBDebug|Win32.Build.0 = Debug|Win32
		{97861011-05BD-450A-A221-DB5F7A2F4B7B}.UnitTest_Debug|Win32.ActiveCfg = Debug|Win32
		{97861011-05BD-450A-A221-DB5F7A2F4B7B}.UnitTest_Debug|Win32.Build.0 = Debug|Win32
		{97861011-05BD-450A-A221-DB5F7A2F4B7B}.UnitTest|Win32.ActiveCfg = ReleaseMD|Win32
		{97861011-05BD-450A-A221-DB5F7A2F4B7B}.UnitTest|Win32.Build.0 = ReleaseMD|Win32
		{AB477007-CF99-47F8-B81F-9A02CCBE7849}.Debug_birdkr|Win32.ActiveCfg = Debug_pyo|Win32
		{AB477007-CF99-47F8-B81F-9A02CCBE7849}.Debug_birdkr|Win32.Build.0 = Debug_pyo|Win32
		{AB477007-CF99-47F8-B81F-9A02CCBE7849}.Debug_duck|Win32.ActiveCfg = Debug_pyo|Win32
		{AB477007-CF99-47F8-B81F-9A02CCBE7849}.Debug_duck|Win32.Build.0 = Debug_pyo|Win32
		{AB477007-CF99-47F8-B81F-9A02CCBE7849}.Debug_ed|Win32.ActiveCfg = Debug_pyo|Win32
		{AB477007-CF99-47F8-B81F-9A02CCBE7849}.Debug_ed|Win32.Build.0 = Debug_pyo|Win32
		{AB477007-CF99-47F8-B81F-9A02CCBE7849}.Debug_pyo|Win32.ActiveCfg = Debug_pyo|Win32
		{AB477007-CF99-47F8-B81F-9A02CCBE7849}.Debug_pyo|Win32.Build.0 = Debug_pyo|Win32
		{AB477007-CF99-47F8-B81F-9A02CCBE7849}.Debug_vld|Win32.ActiveCfg = Debug_vld|Win32
		{AB477007-CF99-47F8-B81F-9A02CCBE7849}.Debug_vld|Win32.Build.0 = Debug_vld|Win32
		{AB477007-CF99-47F8-B81F-9A02CCBE7849}.Debug|Win32.ActiveCfg = Debug|Win32
		{AB477007-CF99-47F8-B81F-9A02CCBE7849}.Debug|Win32.Build.0 = Debug|Win32
		{AB477007-CF99-47F8-B81F-9A02CCBE7849}.DebugMD|Win32.ActiveCfg = Debug_vld|Win32
		{AB477007-CF99-47F8-B81F-9A02CCBE7849}.DebugMD|Win32.Build.0 = Debug_vld|Win32
		{AB477007-CF99-47F8-B81F-9A02CCBE7849}.DebugMDd|Win32.ActiveCfg = Debug_pyo|Win32
		{AB477007-CF99-47F8-B81F-9A02CCBE7849}.DebugMDd|Win32.Build.0 = Debug_pyo|Win32
		{AB477007-CF99-47F8-B81F-9A02CCBE7849}.Release_ed|Win32.ActiveCfg = Release_publish|Win32
		{AB477007-CF99-47F8-B81F-9A02CCBE7849}.Release_ed|Win32.Build.0 = Release_publish|Win32
		{AB477007-CF99-47F8-B81F-9A02CCBE7849}.Release_publish|Win32.ActiveCfg = Release_publish|Win32
		{AB477007-CF99-47F8-B81F-9A02CCBE7849}.Release_publish|Win32.Build.0 = Release_publish|Win32
		{AB477007-CF99-47F8-B81F-9A02CCBE7849}.Release|Win32.ActiveCfg = Release|Win32
		{AB477007-CF99-47F8-B81F-9A02CCBE7849}.Release|Win32.Build.0 = Release|Win32
		{AB477007-CF99-47F8-B81F-9A02CCBE7849}.ReleaseMD|Win32.ActiveCfg = Release_publish|Win32
		{AB477007-CF99-47F8-B81F-9A02CCBE7849}.ReleaseMD|Win32.Build.0 = Release_publish|Win32
		{AB477007-CF99-47F8-B81F-9A02CCBE7849}.UnitTest_DB|Win32.ActiveCfg = UnitTest_DBDebug|Win32
		{AB477007-CF99-47F8-B81F-9A02CCBE7849}.UnitTest_DB|Win32.Build.0 = UnitTest_DBDebug|Win32
		{AB477007-CF99-47F8-B81F-9A02CCBE7849}.UnitTest_DBDebug|Win32.ActiveCfg = UnitTest_DBDebug|Win32
		{AB477007-CF99-47F8-B81F-9A02CCBE7849}.UnitTest_DBDebug|Win32.Build.0 = UnitTest_DBDebug|Win32
		{AB477007-CF99-47F8-B81F-9A02CCBE7849}.UnitTest_Debug|Win32.ActiveCfg = Debug|Win32
		{AB477007-CF99-47F8-B81F-9A02CCBE7849}.UnitTest_Debug|Win32.Build.0 = Debug|Win32
		{AB477007-CF99-47F8-B81F-9A02CCBE7849}.UnitTest|Win32.ActiveCfg = UnitTest_DBDebug|Win32
		{AB477007-CF99-47F8-B81F-9A02CCBE7849}.UnitTest|Win32.Build.0 = UnitTest_DBDebug|Win32
		{537CD561-64D1-4DDA-B6AF-75F938CC9328}.Debug_birdkr|Win32.ActiveCfg = Debug_vld|Win32
		{537CD561-64D1-4DDA-B6AF-75F938CC9328}.Debug_birdkr|Win32.Build.0 = Debug_vld|Win32
		{537CD561-64D1-4DDA-B6AF-75F938CC9328}.Debug_duck|Win32.ActiveCfg = Debug_vld|Win32
		{537CD561-64D1-4DDA-B6AF-75F938CC9328}.Debug_duck|Win32.Build.0 = Debug_vld|Win32
		{537CD561-64D1-4DDA-B6AF-75F938CC9328}.Debug_ed|Win32.ActiveCfg = Debug_vld|Win32
		{537CD561-64D1-4DDA-B6AF-75F938CC9328}.Debug_ed|Win32.Build.0 = Debug_vld|Win32
		{537CD561-64D1-4DDA-B6AF-75F938CC9328}.Debug_pyo|Win32.ActiveCfg = Debug_vld|Win32
		{537CD561-64D1-4DDA-B6AF-75F938CC9328}.Debug_pyo|Win32.Build.0 = Debug_vld|Win32
		{537CD561-64D1-4DDA-B6AF-75F938CC9328}.Debug_vld|Win32.ActiveCfg = Debug_vld|Win32
		{537CD561-64D1-4DDA-B6AF-75F938CC9328}.Debug_vld|Win32.Build.0 = Debug_vld|Win32
		{537CD561-64D1-4DDA-B6AF-75F938CC9328}.Debug|Win32.ActiveCfg = Debug|Win32
		{537CD561-64D1-4DDA-B6AF-75F938CC9328}.Debug|Win32.Build.0 = Debug|Win32
		{537CD561-64D1-4DDA-B6AF-75F938CC9328}.DebugMD|Win32.ActiveCfg = Debug_vld|Win32
		{537CD561-64D1-4DDA-B6AF-75F938CC9328}.DebugMD|Win32.Build.0 = Debug_vld|Win32
		{537CD561-64D1-4DDA-B6AF-75F938CC9328}.DebugMDd|Win32.ActiveCfg = Debug_vld|Win32
		{537CD561-64D1-4DDA-B6AF-75F938CC9328}.DebugMDd|Win32.Build.0 = Debug_vld|Win32
		{537CD561-64D1-4DDA-B6AF-75F938CC9328}.Release_ed|Win32.ActiveCfg = Release_publish|Win32
		{537CD561-64D1-4DDA-B6AF-75F938CC9328}.Release_ed|Win32.Build.0 = Release_publish|Win32
		{537CD561-64D1-4DDA-B6AF-75F938CC9328}.Release_publish|Win32.ActiveCfg = Release_publish|Win32
		{537CD561-64D1-4DDA-B6AF-75F938CC9328}.Release_publish|Win32.Build.0 = Release_publish|Win32
		{537CD561-64D1-4DDA-B6AF-75F938CC9328}.Release|Win32.ActiveCfg = Release|Win32
		{537CD561-64D1-4DDA-B6AF-75F938CC9328}.Release|Win32.Build.0 = Release|Win32
		{537CD561-64D1-4DDA-B6AF-75F938CC9328}.ReleaseMD|Win32.ActiveCfg = Release_publish|Win32
		{537CD561-64D1-4DDA-B6AF-75F938CC9328}.ReleaseMD|Win32.Build.0 = Release_publish|Win32
		{537CD561-64D1-4DDA-B6AF-75F938CC9328}.UnitTest_DB|Win32.ActiveCfg = Debug_vld|Win32
		{537CD561-64D1-4DDA-B6AF-75F938CC9328}.UnitTest_DB|Win32.Build.0 = Debug_vld|Win32
		{537CD561-64D1-4DDA-B6AF-75F938CC9328}.UnitTest_DBDebug|Win32.ActiveCfg = Debug|Win32
		{537CD561-64D1-4DDA-B6AF-75F938CC9328}.UnitTest_DBDebug|Win32.Build.0 = Debug|Win32
		{537CD561-64D1-4DDA-B6AF-75F938CC9328}.UnitTest_Debug|Win32.ActiveCfg = Debug|Win32
		{537CD561-64D1-4DDA-B6AF-75F938CC9328}.UnitTest_Debug|Win32.Build.0 = Debug|Win32
		{537CD561-64D1-4DDA-B6AF-75F938CC9328}.UnitTest|Win32.ActiveCfg = Debug_vld|Win32
		{537CD561-64D1-4DDA-B6AF-75F938CC9328}.UnitTest|Win32.Build.0 = Debug_vld|Win32
		{7D02F7CA-3E37-4E44-B7BB-B1910770191C}.Debug_birdkr|Win32.ActiveCfg = Debug|Win32
		{7D02F7CA-3E37-4E44-B7BB-B1910770191C}.Debug_birdkr|Win32.Build.0 = Debug|Win32
		{7D02F7CA-3E37-4E44-B7BB-B1910770191C}.Debug_duck|Win32.ActiveCfg = Debug|Win32
		{7D02F7CA-3E37-4E44-B7BB-B1910770191C}.Debug_duck|Win32.Build.0 = Debug|Win32
		{7D02F7CA-3E37-4E44-B7BB-B1910770191C}.Debug_ed|Win32.ActiveCfg = Debug|Win32
		{7D02F7CA-3E37-4E44-B7BB-B1910770191C}.Debug_ed|Win32.Build.0 = Debug|Win32
		{7D02F7CA-3E37-4E44-B7BB-B1910770191C}.Debug_pyo|Win32.ActiveCfg = Debug|Win32
		{7D02F7CA-3E37-4E44-B7BB-B1910770191C}.Debug_pyo|Win32.Build.0 = Debug|Win32
		{7D02F7CA-3E37-4E44-B7BB-B1910770191C}.Debug_vld|Win32.ActiveCfg = Debug|Win32
		{7D02F7CA-3E37-4E44-B7BB-B1910770191C}.Debug_vld|Win32.Build.0 = Debug|Win32
		{7D02F7CA-3E37-4E44-B7BB-B1910770191C}.Debug|Win32.ActiveCfg = Debug|Win32
		{7D02F7CA-3E37-4E44-B7BB-B1910770191C}.Debug|Win32.Build.0 = Debug|Win32
		{7D02F7CA-3E37-4E44-B7BB-B1910770191C}.DebugMD|Win32.ActiveCfg = Debug|Win32
		{7D02F7CA-3E37-4E44-B7BB-B1910770191C}.DebugMD|Win32.Build.0 = Debug|Win32
		{7D02F7CA-3E37-4E44-B7BB-B1910770191C}.DebugMDd|Win32.ActiveCfg = Debug|Win32
		{7D02F7CA-3E37-4E44-B7BB-B1910770191C}.DebugMDd|Win32.Build.0 = Debug|Win32
		{7D02F7CA-3E37-4E44-B7BB-B1910770191C}.Release_ed|Win32.ActiveCfg = Release|Win32
		{7D02F7CA-3E37-4E44-B7BB-B1910770191C}.Release_ed|Win32.Build.0 = Release|Win32
		{7D02F7CA-3E37-4E44-B7BB-B1910770191C}.Release_publish|Win32.ActiveCfg = Release|Win32
		{7D02F7CA-3E37-4E44-B7BB-B1910770191C}.Release_publish|Win32.Build.0 = Release|Win32
		{7D02F7CA-3E37-4E44-B7BB-B1910770191C}.Release|Win32.ActiveCfg = Release|Win32
		{7D02F7CA-3E37-4E44-B7BB-B1910770191C}.Release|Win32.Build.0 = Release|Win32
		{7D02F7CA-3E37-4E44-B7BB-B1910770191C}.ReleaseMD|Win32.ActiveCfg = Release|Win32
		{7D02F7CA-3E37-4E44-B7BB-B1910770191C}.ReleaseMD|Win32.Build.0 = Release|Win32
		{7D02F7CA-3E37-4E44-B7BB-B1910770191C}.UnitTest_DB|Win32.ActiveCfg = Release|Win32
		{7D02F7CA-3E37-4E44-B7BB-B1910770191C}.UnitTest_DB|Win32.Build.0 = Release|Win32
		{7D02F7CA-3E37-4E44-B7BB-B1910770191C}.UnitTest_DBDebug|Win32.ActiveCfg = Debug|Win32
		{7D02F7CA-3E37-4E44-B7BB-B1910770191C}.UnitTest_DBDebug|Win32.Build.0 = Debug|Win32
		{7D02F7CA-3E37-4E44-B7BB-B1910770191C}.UnitTest_Debug|Win32.ActiveCfg = Debug|Win32
		{7D02F7CA-3E37-4E44-B7BB-B1910770191C}.UnitTest_Debug|Win32.Build.0 = Debug|Win32
		{7D02F7CA-3E37-4E44-B7BB-B1910770191C}.UnitTest|Win32.ActiveCfg = Release|Win32
		{7D02F7CA-3E37-4E44-B7BB-B1910770191C}.UnitTest|Win32.Build.0 = Release|Win32
		{AF9CDBF5-D791-4E4C-8015-3DA8B16E0CDD}.Debug_birdkr|Win32.ActiveCfg = Debug|Win32
		{AF9CDBF5-D791-4E4C-8015-3DA8B16E0CDD}.Debug_birdkr|Win32.Build.0 = Debug|Win32
		{AF9CDBF5-D791-4E4C-8015-3DA8B16E0CDD}.Debug_duck|Win32.ActiveCfg = Debug|Win32
		{AF9CDBF5-D791-4E4C-8015-3DA8B16E0CDD}.Debug_duck|Win32.Build.0 = Debug|Win32
		{AF9CDBF5-D791-4E4C-8015-3DA8B16E0CDD}.Debug_ed|Win32.ActiveCfg = Debug|Win32
		{AF9CDBF5-D791-4E4C-8015-3DA8B16E0CDD}.Debug_ed|Win32.Build.0 = Debug|Win32
		{AF9CDBF5-D791-4E4C-8015-3DA8B16E0CDD}.Debug_pyo|Win32.ActiveCfg = Debug|Win32
		{AF9CDBF5-D791-4E4C-8015-3DA8B16E0CDD}.Debug_pyo|Win32.Build.0 = Debug|Win32
		{AF9CDBF5-D791-4E4C-8015-3DA8B16E0CDD}.Debug_vld|Win32.ActiveCfg = Debug|Win32
		{AF9CDBF5-D791-4E4C-8015-3DA8B16E0CDD}.Debug_vld|Win32.Build.0 = Debug|Win32
		{AF9CDBF5-D791-4E4C-8015-3DA8B16E0CDD}.Debug|Win32.ActiveCfg = Debug|Win32
		{AF9CDBF5-D791-4E4C-8015-3DA8B16E0CDD}.Debug|Win32.Build.0 = Debug|Win32
		{AF9CDBF5-D791-4E4C-8015-3DA8B16E0CDD}.DebugMD|Win32.ActiveCfg = Debug|Win32
		{AF9CDBF5-D791-4E4C-8015-3DA8B16E0CDD}.DebugMD|Win32.Build.0 = Debug|Win32
		{AF9CDBF5-D791-4E4C-8015-3DA8B16E0CDD}.DebugMDd|Win32.ActiveCfg = Debug|Win32
		{AF9CDBF5-D791-4E4C-8015-3DA8B16E0CDD}.DebugMDd|Win32.Build.0 = Debug|Win32
		{AF9CDBF5-D791-4E4C-8015-3DA8B16E0CDD}.Release_ed|Win32.ActiveCfg = Release|Win32
		{AF9CDBF5-D791-4E4C-8015-3DA8B16E0CDD}.Release_ed|Win32.Build.0 = Release|Win32
		{AF9CDBF5-D791-4E4C-8015-3DA8B16E0CDD}.Release_publish|Win32.ActiveCfg = Release|Win32
		{AF9CDBF5-D791-4E4C-8015-3DA8B16E0CDD}.Release_publish|Win32.Build.0 = Release|Win32
		{AF9CDBF5-D791-4E4C-8015-3DA8B16E0CDD}.Release|Win32.ActiveCfg = Release|Win32
		{AF9CDBF5-D791-4E4C-8015-3DA8B16E0CDD}.Release|Win32.Build.0 = Release|Win32
		{AF9CDBF5-D791-4E4C-8015-3DA8B16E0CDD}.ReleaseMD|Win32.ActiveCfg = Release|Win32
		{AF9CDBF5-D791-4E4C-8015-3DA8B16E0CDD}.ReleaseMD|Win32.Build.0 = Release|Win32
		{AF9CDBF5-D791-4E4C-8015-3DA8B16E0CDD}.UnitTest_DB|Win32.ActiveCfg = Release|Win32
		{AF9CDBF5-D791-4E4C-8015-3DA8B16E0CDD}.UnitTest_DB|Win32.Build.0 = Release|Win32
		{AF9CDBF5-D791-4E4C-8015-3DA8B16E0CDD}.UnitTest_DBDebug|Win32.ActiveCfg = Debug|Win32
		{AF9CDBF5-D791-4E4C-8015-3DA8B16E0CDD}.UnitTest_DBDebug|Win32.Build.0 = Debug|Win32
		{AF9CDBF5-D791-4E4C-8015-3DA8B16E0CDD}.UnitTest_Debug|Win32.ActiveCfg = Debug|Win32
		{AF9CDBF5-D791-4E4C-8015-3DA8B16E0CDD}.UnitTest_Debug|Win32.Build.0 = Debug|Win32
		{AF9CDBF5-D791-4E4C-8015-3DA8B16E0CDD}.UnitTest|Win32.ActiveCfg = Release|Win32
		{AF9CDBF5-D791-4E4C-8015-3DA8B16E0CDD}.UnitTest|Win32.Build.0 = Release|Win32
		{6605504F-C883-4FE0-ABB7-744DAD6BF69D}.Debug_birdkr|Win32.ActiveCfg = Debug_birdkr|Win32
		{6605504F-C883-4FE0-ABB7-744DAD6BF69D}.Debug_birdkr|Win32.Build.0 = Debug_birdkr|Win32
		{6605504F-C883-4FE0-ABB7-744DAD6BF69D}.Debug_duck|Win32.ActiveCfg = Debug_pyo|Win32
		{6605504F-C883-4FE0-ABB7-744DAD6BF69D}.Debug_duck|Win32.Build.0 = Debug_pyo|Win32
		{6605504F-C883-4FE0-ABB7-744DAD6BF69D}.Debug_ed|Win32.ActiveCfg = Debug_pyo|Win32
		{6605504F-C883-4FE0-ABB7-744DAD6BF69D}.Debug_ed|Win32.Build.0 = Debug_pyo|Win32
		{6605504F-C883-4FE0-ABB7-744DAD6BF69D}.Debug_pyo|Win32.ActiveCfg = Debug_pyo|Win32
		{6605504F-C883-4FE0-ABB7-744DAD6BF69D}.Debug_pyo|Win32.Build.0 = Debug_pyo|Win32
		{6605504F-C883-4FE0-ABB7-744DAD6BF69D}.Debug_vld|Win32.ActiveCfg = Debug_vld|Win32
		{6605504F-C883-4FE0-ABB7-744DAD6BF69D}.Debug_vld|Win32.Build.0 = Debug_vld|Win32
		{6605504F-C883-4FE0-ABB7-744DAD6BF69D}.Debug|Win32.ActiveCfg = Debug|Win32
		{6605504F-C883-4FE0-ABB7-744DAD6BF69D}.Debug|Win32.Build.0 = Debug|Win32
		{6605504F-C883-4FE0-ABB7-744DAD6BF69D}.DebugMD|Win32.ActiveCfg = Debug_pyo|Win32
		{6605504F-C883-4FE0-ABB7-744DAD6BF69D}.DebugMD|Win32.Build.0 = Debug_pyo|Win32
		{6605504F-C883-4FE0-ABB7-744DAD6BF69D}.DebugMDd|Win32.ActiveCfg = Debug_pyo|Win32
		{6605504F-C883-4FE0-ABB7-744DAD6BF69D}.DebugMDd|Win32.Build.0 = Debug_pyo|Win32
		{6605504F-C883-4FE0-ABB7-744DAD6BF69D}.Release_ed|Win32.ActiveCfg = Release_publish|Win32
		{6605504F-C883-4FE0-ABB7-744DAD6BF69D}.Release_ed|Win32.Build.0 = Release_publish|Win32
		{6605504F-C883-4FE0-ABB7-744DAD6BF69D}.Release_publish|Win32.ActiveCfg = Release_publish|Win32
		{6605504F-C883-4FE0-ABB7-744DAD6BF69D}.Release_publish|Win32.Build.0 = Release_publish|Win32
		{6605504F-C883-4FE0-ABB7-744DAD6BF69D}.Release|Win32.ActiveCfg = Release|Win32
		{6605504F-C883-4FE0-ABB7-744DAD6BF69D}.Release|Win32.Build.0 = Release|Win32
		{6605504F-C883-4FE0-ABB7-744DAD6BF69D}.ReleaseMD|Win32.ActiveCfg = Release_publish|Win32
		{6605504F-C883-4FE0-ABB7-744DAD6BF69D}.ReleaseMD|Win32.Build.0 = Release_publish|Win32
		{6605504F-C883-4FE0-ABB7-744DAD6BF69D}.UnitTest_DB|Win32.ActiveCfg = UnitTest_DB|Win32
		{6605504F-C883-4FE0-ABB7-744DAD6BF69D}.UnitTest_DB|Win32.Build.0 = UnitTest_DB|Win32
		{6605504F-C883-4FE0-ABB7-744DAD6BF69D}.UnitTest_DBDebug|Win32.ActiveCfg = UnitTest_DBDebug|Win32
		{6605504F-C883-4FE0-ABB7-744DAD6BF69D}.UnitTest_DBDebug|Win32.Build.0 = UnitTest_DBDebug|Win32
		{6605504F-C883-4FE0-ABB7-744DAD6BF69D}.UnitTest_Debug|Win32.ActiveCfg = Debug|Win32
		{6605504F-C883-4FE0-ABB7-744DAD6BF69D}.UnitTest_Debug|Win32.Build.0 = Debug|Win32
		{6605504F-C883-4FE0-ABB7-744DAD6BF69D}.UnitTest|Win32.ActiveCfg = UnitTest_DBDebug|Win32
		{6605504F-C883-4FE0-ABB7-744DAD6BF69D}.UnitTest|Win32.Build.0 = UnitTest_DBDebug|Win32
		{351F5D16-825A-4473-85AD-EEE2636FF634}.Debug_birdkr|Win32.ActiveCfg = Debug|Win32
		{351F5D16-825A-4473-85AD-EEE2636FF634}.Debug_birdkr|Win32.Build.0 = Debug|Win32
		{351F5D16-825A-4473-85AD-EEE2636FF634}.Debug_duck|Win32.ActiveCfg = Debug|Win32
		{351F5D16-825A-4473-85AD-EEE2636FF634}.Debug_duck|Win32.Build.0 = Debug|Win32
		{351F5D16-825A-4473-85AD-EEE2636FF634}.Debug_ed|Win32.ActiveCfg = Debug|Win32
		{351F5D16-825A-4473-85AD-EEE2636FF634}.Debug_ed|Win32.Build.0 = Debug|Win32
		{351F5D16-825A-4473-85AD-EEE2636FF634}.Debug_pyo|Win32.ActiveCfg = Debug|Win32
		{351F5D16-825A-4473-85AD-EEE2636FF634}.Debug_pyo|Win32.Build.0 = Debug|Win32
		{351F5D16-825A-4473-85AD-EEE2636FF634}.Debug_vld|Win32.ActiveCfg = Debug|Win32
		{351F5D16-825A-4473-85AD-EEE2636FF634}.Debug_vld|Win32.Build.0 = Debug|Win32
		{351F5D16-825A-4473-85AD-EEE2636FF634}.Debug|Win32.ActiveCfg = Debug|Win32
		{351F5D16-825A-4473-85AD-EEE2636FF634}.Debug|Win32.Build.0 = Debug|Win32
		{351F5D16-825A-4473-85AD-EEE2636FF634}.DebugMD|Win32.ActiveCfg = Debug|Win32
		{351F5D16-825A-4473-85AD-EEE2636FF634}.DebugMD|Win32.Build.0 = Debug|Win32
		{351F5D16-825A-4473-85AD-EEE2636FF634}.DebugMDd|Win32.ActiveCfg = Debug|Win32
		{351F5D16-825A-4473-85AD-EEE2636FF634}.DebugMDd|Win32.Build.0 = Debug|Win32
		{351F5D16-825A-4473-85AD-EEE2636FF634}.Release_ed|Win32.ActiveCfg = Release_publish|Win32
		{351F5D16-825A-4473-85AD-EEE2636FF634}.Release_ed|Win32.Build.0 = Release_publish|Win32
		{351F5D16-825A-4473-85AD-EEE2636FF634}.Release_publish|Win32.ActiveCfg = Release_publish|Win32
		{351F5D16-825A-4473-85AD-EEE2636FF634}.Release_publish|Win32.Build.0 = Release_publish|Win32
		{351F5D16-825A-4473-85AD-EEE2636FF634}.Release|Win32.ActiveCfg = Release|Win32
		{351F5D16-825A-4473-85AD-EEE2636FF634}.Release|Win32.Build.0 = Release|Win32
		{351F5D16-825A-4473-85AD-EEE2636FF634}.ReleaseMD|Win32.ActiveCfg = Release_publish|Win32
		{351F5D16-825A-4473-85AD-EEE2636FF634}.ReleaseMD|Win32.Build.0 = Release_publish|Win32
		{351F5D16-825A-4473-85AD-EEE2636FF634}.UnitTest_DB|Win32.ActiveCfg = Release_publish|Win32
		{351F5D16-825A-4473-85AD-EEE2636FF634}.UnitTest_DB|Win32.Build.0 = Release_publish|Win32
		{351F5D16-825A-4473-85AD-EEE2636FF634}.UnitTest_DBDebug|Win32.ActiveCfg = Debug|Win32
		{351F5D16-825A-4473-85AD-EEE2636FF634}.UnitTest_DBDebug|Win32.Build.0 = Debug|Win32
		{351F5D16-825A-4473-85AD-EEE2636FF634}.UnitTest_Debug|Win32.ActiveCfg = Debug|Win32
		{351F5D16-825A-4473-85AD-EEE2636FF634}.UnitTest_Debug|Win32.Build.0 = Debug|Win32
		{351F5D16-825A-4473-85AD-EEE2636FF634}.UnitTest|Win32.ActiveCfg = Release_publish|Win32
		{351F5D16-825A-4473-85AD-EEE2636FF634}.UnitTest|Win32.Build.0 = Release_publish|Win32
		{5433D15F-8418-4A36-BB72-15E092FB8652}.Debug_birdkr|Win32.ActiveCfg = Debug|Win32
		{5433D15F-8418-4A36-BB72-15E092FB8652}.Debug_birdkr|Win32.Build.0 = Debug|Win32
		{5433D15F-8418-4A36-BB72-15E092FB8652}.Debug_duck|Win32.ActiveCfg = Debug|Win32
		{5433D15F-8418-4A36-BB72-15E092FB8652}.Debug_duck|Win32.Build.0 = Debug|Win32
		{5433D15F-8418-4A36-BB72-15E092FB8652}.Debug_ed|Win32.ActiveCfg = Debug|Win32
		{5433D15F-8418-4A36-BB72-15E092FB8652}.Debug_ed|Win32.Build.0 = Debug|Win32
		{5433D15F-8418-4A36-BB72-15E092FB8652}.Debug_pyo|Win32.ActiveCfg = Debug|Win32
		{5433D15F-8418-4A36-BB72-15E092FB8652}.Debug_pyo|Win32.Build.0 = Debug|Win32
		{5433D15F-8418-4A36-BB72-15E092FB8652}.Debug_vld|Win32.ActiveCfg = Debug|Win32
		{5433D15F-8418-4A36-BB72-15E092FB8652}.Debug_vld|Win32.Build.0 = Debug|Win32
		{5433D15F-8418-4A36-BB72-15E092FB8652}.Debug|Win32.ActiveCfg = Debug|Win32
		{5433D15F-8418-4A36-BB72-15E092FB8652}.Debug|Win32.Build.0 = Debug|Win32
		{5433D15F-8418-4A36-BB72-15E092FB8652}.DebugMD|Win32.ActiveCfg = Debug|Win32
		{5433D15F-8418-4A36-BB72-15E092FB8652}.DebugMD|Win32.Build.0 = Debug|Win32
		{5433D15F-8418-4A36-BB72-15E092FB8652}.DebugMDd|Win32.ActiveCfg = Debug|Win32
		{5433D15F-8418-4A36-BB72-15E092FB8652}.DebugMDd|Win32.Build.0 = Debug|Win32
		{5433D15F-8418-4A36-BB72-15E092FB8652}.Release_ed|Win32.ActiveCfg = Release_publish|Win32
		{5433D15F-8418-4A36-BB72-15E092FB8652}.Release_ed|Win32.Build.0 = Release_publish|Win32
		{5433D15F-8418-4A36-BB72-15E092FB8652}.Release_publish|Win32.ActiveCfg = Release_publish|Win32
		{5433D15F-8418-4A36-BB72-15E092FB8652}.Release_publish|Win32.Build.0 = Release_publish|Win32
		{5433D15F-8418-4A36-BB72-15E092FB8652}.Release|Win32.ActiveCfg = Release|Win32
		{5433D15F-8418-4A36-BB72-15E092FB8652}.Release|Win32.Build.0 = Release|Win32
		{5433D15F-8418-4A36-BB72-15E092FB8652}.ReleaseMD|Win32.ActiveCfg = Release_publish|Win32
		{5433D15F-8418-4A36-BB72-15E092FB8652}.ReleaseMD|Win32.Build.0 = Release_publish|Win32
		{5433D15F-8418-4A36-BB72-15E092FB8652}.UnitTest_DB|Win32.ActiveCfg = Release_publish|Win32
		{5433D15F-8418-4A36-BB72-15E092FB8652}.UnitTest_DB|Win32.Build.0 = Release_publish|Win32
		{5433D15F-8418-4A36-BB72-15E092FB8652}.UnitTest_DBDebug|Win32.ActiveCfg = Debug|Win32
		{5433D15F-8418-4A36-BB72-15E092FB8652}.UnitTest_DBDebug|Win32.Build.0 = Debug|Win32
		{5433D15F-8418-4A36-BB72-15E092FB8652}.UnitTest_Debug|Win32.ActiveCfg = Debug|Win32
		{5433D15F-8418-4A36-BB72-15E092FB8652}.UnitTest_Debug|Win32.Build.0 = Debug|Win32
		{5433D15F-8418-4A36-BB72-15E092FB8652}.UnitTest|Win32.ActiveCfg = Release_publish|Win32
		{5433D15F-8418-4A36-BB72-15E092FB8652}.UnitTest|Win32.Build.0 = Release_publish|Win32
		{1B44ACA5-5176-4464-A303-338B2BF64BF1}.Debug_birdkr|Win32.ActiveCfg = Debug|Win32
		{1B44ACA5-5176-4464-A303-338B2BF64BF1}.Debug_birdkr|Win32.Build.0 = Debug|Win32
		{1B44ACA5-5176-4464-A303-338B2BF64BF1}.Debug_duck|Win32.ActiveCfg = Debug|Win32
		{1B44ACA5-5176-4464-A303-338B2BF64BF1}.Debug_duck|Win32.Build.0 = Debug|Win32
		{1B44ACA5-5176-4464-A303-338B2BF64BF1}.Debug_ed|Win32.ActiveCfg = Debug|Win32
		{1B44ACA5-5176-4464-A303-338B2BF64BF1}.Debug_ed|Win32.Build.0 = Debug|Win32
		{1B44ACA5-5176-4464-A303-338B2BF64BF1}.Debug_pyo|Win32.ActiveCfg = Debug|Win32
		{1B44ACA5-5176-4464-A303-338B2BF64BF1}.Debug_pyo|Win32.Build.0 = Debug|Win32
		{1B44ACA5-5176-4464-A303-338B2BF64BF1}.Debug_vld|Win32.ActiveCfg = Debug|Win32
		{1B44ACA5-5176-4464-A303-338B2BF64BF1}.Debug_vld|Win32.Build.0 = Debug|Win32
		{1B44ACA5-5176-4464-A303-338B2BF64BF1}.Debug|Win32.ActiveCfg = Debug|Win32
		{1B44ACA5-5176-4464-A303-338B2BF64BF1}.Debug|Win32.Build.0 = Debug|Win32
		{1B44ACA5-5176-4464-A303-338B2BF64BF1}.DebugMD|Win32.ActiveCfg = Debug|Win32
		{1B44ACA5-5176-4464-A303-338B2BF64BF1}.DebugMD|Win32.Build.0 = Debug|Win32
		{1B44ACA5-5176-4464-A303-338B2BF64BF1}.DebugMDd|Win32.ActiveCfg = Debug|Win32
		{1B44ACA5-5176-4464-A303-338B2BF64BF1}.DebugMDd|Win32.Build.0 = Debug|Win32
		{1B44ACA5-5176-4464-A303-338B2BF64BF1}.Release_ed|Win32.ActiveCfg = Release_publish|Win32
		{1B44ACA5-5176-4464-A303-338B2BF64BF1}.Release_ed|Win32.Build.0 = Release_publish|Win32
		{1B44ACA5-5176-4464-A303-338B2BF64BF1}.Release_publish|Win32.ActiveCfg = Release_publish|Win32
		{1B44ACA5-5176-4464-A303-338B2BF64BF1}.Release_publish|Win32.Build.0 = Release_publish|Win32
		{1B44ACA5-5176-4464-A303-338B2BF64BF1}.Release|Win32.ActiveCfg = Release|Win32
		{1B44ACA5-5176-4464-A303-338B2BF64BF1}.Release|Win32.Build.0 = Release|Win32
		{1B44ACA5-5176-4464-A303-338B2BF64BF1}.ReleaseMD|Win32.ActiveCfg = Release_publish|Win32
		{1B44ACA5-5176-4464-A303-338B2BF64BF1}.ReleaseMD|Win32.Build.0 = Release_publish|Win32
		{1B44ACA5-5176-4464-A303-338B2BF64BF1}.UnitTest_DB|Win32.ActiveCfg = Release_publish|Win32
		{1B44ACA5-5176-4464-A303-338B2BF64BF1}.UnitTest_DB|Win32.Build.0 = Release_publish|Win32
		{1B44ACA5-5176-4464-A303-338B2BF64BF1}.UnitTest_DBDebug|Win32.ActiveCfg = Debug|Win32
		{1B44ACA5-5176-4464-A303-338B2BF64BF1}.UnitTest_DBDebug|Win32.Build.0 = Debug|Win32
		{1B44ACA5-5176-4464-A303-338B2BF64BF1}.UnitTest_Debug|Win32.ActiveCfg = Debug|Win32
		{1B44ACA5-5176-4464-A303-338B2BF64BF1}.UnitTest_Debug|Win32.Build.0 = Debug|Win32
		{1B44ACA5-5176-4464-A303-338B2BF64BF1}.UnitTest|Win32.ActiveCfg = Release_publish|Win32
		{1B44ACA5-5176-4464-A303-338B2BF64BF1}.UnitTest|Win32.Build.0 = Release_publish|Win32
		{D941F880-92A7-4D28-8449-E1E9EE1C558F}.Debug_birdkr|Win32.ActiveCfg = Debug|Win32
		{D941F880-92A7-4D28-8449-E1E9EE1C558F}.Debug_birdkr|Win32.Build.0 = Debug|Win32
		{D941F880-92A7-4D28-8449-E1E9EE1C558F}.Debug_duck|Win32.ActiveCfg = Debug|Win32
		{D941F880-92A7-4D28-8449-E1E9EE1C558F}.Debug_duck|Win32.Build.0 = Debug|Win32
		{D941F880-92A7-4D28-8449-E1E9EE1C558F}.Debug_ed|Win32.ActiveCfg = Debug|Win32
		{D941F880-92A7-4D28-8449-E1E9EE1C558F}.Debug_ed|Win32.Build.0 = Debug|Win32
		{D941F880-92A7-4D28-8449-E1E9EE1C558F}.Debug_pyo|Win32.ActiveCfg = Debug|Win32
		{D941F880-92A7-4D28-8449-E1E9EE1C558F}.Debug_pyo|Win32.Build.0 = Debug|Win32
		{D941F880-92A7-4D28-8449-E1E9EE1C558F}.Debug_vld|Win32.ActiveCfg = Debug|Win32
		{D941F880-92A7-4D28-8449-E1E9EE1C558F}.Debug_vld|Win32.Build.0 = Debug|Win32
		{D941F880-92A7-4D28-8449-E1E9EE1C558F}.Debug|Win32.ActiveCfg = Debug|Win32
		{D941F880-92A7-4D28-8449-E1E9EE1C558F}.Debug|Win32.Build.0 = Debug|Win32
		{D941F880-92A7-4D28-8449-E1E9EE1C558F}.DebugMD|Win32.ActiveCfg = Debug|Win32
		{D941F880-92A7-4D28-8449-E1E9EE1C558F}.DebugMD|Win32.Build.0 = Debug|Win32
		{D941F880-92A7-4D28-8449-E1E9EE1C558F}.DebugMDd|Win32.ActiveCfg = Debug|Win32
		{D941F880-92A7-4D28-8449-E1E9EE1C558F}.DebugMDd|Win32.Build.0 = Debug|Win32
		{D941F880-92A7-4D28-8449-E1E9EE1C558F}.Release_ed|Win32.ActiveCfg = Release_publish|Win32
		{D941F880-92A7-4D28-8449-E1E9EE1C558F}.Release_ed|Win32.Build.0 = Release_publish|Win32
		{D941F880-92A7-4D28-8449-E1E9EE1C558F}.Release_publish|Win32.ActiveCfg = Release_publish|Win32
		{D941F880-92A7-4D28-8449-E1E9EE1C558F}.Release_publish|Win32.Build.0 = Release_publish|Win32
		{D941F880-92A7-4D28-8449-E1E9EE1C558F}.Release|Win32.ActiveCfg = Release|Win32
		{D941F880-92A7-4D28-8449-E1E9EE1C558F}.Release|Win32.Build.0 = Release|Win32
		{D941F880-92A7-4D28-8449-E1E9EE1C558F}.ReleaseMD|Win32.ActiveCfg = Release_publish|Win32
		{D941F880-92A7-4D28-8449-E1E9EE1C558F}.ReleaseMD|Win32.Build.0 = Release_publish|Win32
		{D941F880-92A7-4D28-8449-E1E9EE1C558F}.UnitTest_DB|Win32.ActiveCfg = Release_publish|Win32
		{D941F880-92A7-4D28-8449-E1E9EE1C558F}.UnitTest_DB|Win32.Build.0 = Release_publish|Win32
		{D941F880-92A7-4D28-8449-E1E9EE1C558F}.UnitTest_DBDebug|Win32.ActiveCfg = Debug|Win32
		{D941F880-92A7-4D28-8449-E1E9EE1C558F}.UnitTest_DBDebug|Win32.Build.0 = Debug|Win32
		{D941F880-92A7-4D28-8449-E1E9EE1C558F}.UnitTest_Debug|Win32.ActiveCfg = Debug|Win32
		{D941F880-92A7-4D28-8449-E1E9EE1C558F}.UnitTest_Debug|Win32.Build.0 = Debug|Win32
		{D941F880-92A7-4D28-8449-E1E9EE1C558F}.UnitTest|Win32.ActiveCfg = Release_publish|Win32
		{D941F880-92A7-4D28-8449-E1E9EE1C558F}.UnitTest|Win32.Build.0 = Release_publish|Win32
		{3D5E7A29-8C2B-450E-86D9-22767101A9D6}.Debug_birdkr|Win32.ActiveCfg = Debug_ed|Win32
		{3D5E7A29-8C2B-450E-86D9-22767101A9D6}.Debug_birdkr|Win32.Build.0 = Debug_ed|Win32
		{3D5E7A29-8C2B-450E-86D9-22767101A9D6}.Debug_duck|Win32.ActiveCfg = Debug_duck|Win32
		{3D5E7A29-8C2B-450E-86D9-22767101A9D6}.Debug_duck|Win32.Build.0 = Debug_duck|Win32
		{3D5E7A29-8C2B-450E-86D9-22767101A9D6}.Debug_ed|Win32.ActiveCfg = Debug_ed|Win32
		{3D5E7A29-8C2B-450E-86D9-22767101A9D6}.Debug_ed|Win32.Build.0 = Debug_ed|Win32
		{3D5E7A29-8C2B-450E-86D9-22767101A9D6}.Debug_pyo|Win32.ActiveCfg = Debug_ed|Win32
		{3D5E7A29-8C2B-450E-86D9-22767101A9D6}.Debug_pyo|Win32.Build.0 = Debug_ed|Win32
		{3D5E7A29-8C2B-450E-86D9-22767101A9D6}.Debug_vld|Win32.ActiveCfg = Debug_vld|Win32
		{3D5E7A29-8C2B-450E-86D9-22767101A9D6}.Debug_vld|Win32.Build.0 = Debug_vld|Win32
		{3D5E7A29-8C2B-450E-86D9-22767101A9D6}.Debug|Win32.ActiveCfg = Debug|Win32
		{3D5E7A29-8C2B-450E-86D9-22767101A9D6}.Debug|Win32.Build.0 = Debug|Win32
		{3D5E7A29-8C2B-450E-86D9-22767101A9D6}.DebugMD|Win32.ActiveCfg = DebugMDd|Win32
		{3D5E7A29-8C2B-450E-86D9-22767101A9D6}.DebugMD|Win32.Build.0 = DebugMDd|Win32
		{3D5E7A29-8C2B-450E-86D9-22767101A9D6}.DebugMDd|Win32.ActiveCfg = DebugMDd|Win32
		{3D5E7A29-8C2B-450E-86D9-22767101A9D6}.DebugMDd|Win32.Build.0 = DebugMDd|Win32
		{3D5E7A29-8C2B-450E-86D9-22767101A9D6}.Release_ed|Win32.ActiveCfg = Release_ed|Win32
		{3D5E7A29-8C2B-450E-86D9-22767101A9D6}.Release_ed|Win32.Build.0 = Release_ed|Win32
		{3D5E7A29-8C2B-450E-86D9-22767101A9D6}.Release_publish|Win32.ActiveCfg = Release_publish|Win32
		{3D5E7A29-8C2B-450E-86D9-22767101A9D6}.Release_publish|Win32.Build.0 = Release_publish|Win32
		{3D5E7A29-8C2B-450E-86D9-22767101A9D6}.Release|Win32.ActiveCfg = Release|Win32
		{3D5E7A29-8C2B-450E-86D9-22767101A9D6}.Release|Win32.Build.0 = Release|Win32
		{3D5E7A29-8C2B-450E-86D9-22767101A9D6}.ReleaseMD|Win32.ActiveCfg = Release_ed|Win32
		{3D5E7A29-8C2B-450E-86D9-22767101A9D6}.ReleaseMD|Win32.Build.0 = Release_ed|Win32
		{3D5E7A29-8C2B-450E-86D9-22767101A9D6}.UnitTest_DB|Win32.ActiveCfg = UnitTest_Debug|Win32
		{3D5E7A29-8C2B-450E-86D9-22767101A9D6}.UnitTest_DB|Win32.Build.0 = UnitTest_Debug|Win32
		{3D5E7A29-8C2B-450E-86D9-22767101A9D6}.UnitTest_DBDebug|Win32.ActiveCfg = Debug|Win32
		{3D5E7A29-8C2B-450E-86D9-22767101A9D6}.UnitTest_DBDebug|Win32.Build.0 = Debug|Win32
		{3D5E7A29-8C2B-450E-86D9-22767101A9D6}.UnitTest_Debug|Win32.ActiveCfg = UnitTest_Debug|Win32
		{3D5E7A29-8C2B-450E-86D9-22767101A9D6}.UnitTest_Debug|Win32.Build.0 = UnitTest_Debug|Win32
		{3D5E7A29-8C2B-450E-86D9-22767101A9D6}.UnitTest|Win32.ActiveCfg = UnitTest|Win32
		{3D5E7A29-8C2B-450E-86D9-22767101A9D6}.UnitTest|Win32.Build.0 = UnitTest|Win32
	EndGlobalSection
	GlobalSection(SolutionProperties) = preSolution
		HideSolutionNode = FALSE
	EndGlobalSection
EndGlobal
