
Microsoft Visual Studio Solution File, Format Version 10.00
# Visual Studio 2008
Project("{FAE04EC0-301F-11D3-BF4B-00C04F79EFBC}") = "AddCrc32ToStringTable", "AddCrc32ToStringTable\AddCrc32ToStringTable.csproj", "{B2680445-0824-40AE-90FD-33959F07EEA7}"
EndProject
Project("{FAE04EC0-301F-11D3-BF4B-00C04F79EFBC}") = "cmlNET", "..\..\mdk\cmlNET\cmlNET.csproj", "{EC575684-2562-4917-B91F-3D64FD1CA942}"
EndProject
Global
	GlobalSection(SolutionConfigurationPlatforms) = preSolution
		Debug|Any CPU = Debug|Any CPU
		Release|Any CPU = Release|Any CPU
	EndGlobalSection
	GlobalSection(ProjectConfigurationPlatforms) = postSolution
		{B2680445-0824-40AE-90FD-33959F07EEA7}.Debug|Any CPU.ActiveCfg = Debug|Any CPU
		{B2680445-0824-40AE-90FD-33959F07EEA7}.Debug|Any CPU.Build.0 = Debug|Any CPU
		{B2680445-0824-40AE-90FD-33959F07EEA7}.Release|Any CPU.ActiveCfg = Release|Any CPU
		{B2680445-0824-40AE-90FD-33959F07EEA7}.Release|Any CPU.Build.0 = Release|Any CPU
		{EC575684-2562-4917-B91F-3D64FD1CA942}.Debug|Any CPU.ActiveCfg = Debug|Any CPU
		{EC575684-2562-4917-B91F-3D64FD1CA942}.Debug|Any CPU.Build.0 = Debug|Any CPU
		{EC575684-2562-4917-B91F-3D64FD1CA942}.Release|Any CPU.ActiveCfg = Release|Any CPU
		{EC575684-2562-4917-B91F-3D64FD1CA942}.Release|Any CPU.Build.0 = Release|Any CPU
	EndGlobalSection
	GlobalSection(SolutionProperties) = preSolution
		HideSolutionNode = FALSE
	EndGlobalSection
EndGlobal
