
Microsoft Visual Studio Solution File, Format Version 10.00
# Visual Studio 2008
Project("{8BC9CEB8-8B4A-11D0-8D11-00A0C91BC942}") = "LogServer", "LogServer.vcproj", "{54CAF6DC-16D7-4516-8304-AE1C16128243}"
	ProjectSection(ProjectDependencies) = postProject
		{8D451493-65C2-49C3-ADAE-ACB17E6B0650} = {8D451493-65C2-49C3-ADAE-ACB17E6B0650}
		{98475FA7-BEA2-42EE-9B1C-31D9684D237B} = {98475FA7-BEA2-42EE-9B1C-31D9684D237B}
		{7820A4C8-B56A-40ED-9B44-86E215A93681} = {7820A4C8-B56A-40ED-9B44-86E215A93681}
		{595010C3-5427-4453-9F44-5ADB4EDDDB28} = {595010C3-5427-4453-9F44-5ADB4EDDDB28}
		{7DCC03B9-DD72-4803-AEE2-1F2BE6CE60C2} = {7DCC03B9-DD72-4803-AEE2-1F2BE6CE60C2}
	EndProjectSection
EndProject
Project("{8BC9CEB8-8B4A-11D0-8D11-00A0C91BC942}") = "cml2", "..\..\mdk\cml2\cml2.vcproj", "{8D451493-65C2-49C3-ADAE-ACB17E6B0650}"
EndProject
Project("{8BC9CEB8-8B4A-11D0-8D11-00A0C91BC942}") = "MiNet", "..\..\mdk\MiNet\MiNet.vcproj", "{595010C3-5427-4453-9F44-5ADB4EDDDB28}"
EndProject
Project("{8BC9CEB8-8B4A-11D0-8D11-00A0C91BC942}") = "MDatabase", "..\..\mdk\MDatabase\MDatabase.vcproj", "{98475FA7-BEA2-42EE-9B1C-31D9684D237B}"
EndProject
Project("{8BC9CEB8-8B4A-11D0-8D11-00A0C91BC942}") = "CSCommon", "..\..\CSCommon\CSCommon.vcproj", "{7DCC03B9-DD72-4803-AEE2-1F2BE6CE60C2}"
	ProjectSection(ProjectDependencies) = postProject
		{8D451493-65C2-49C3-ADAE-ACB17E6B0650} = {8D451493-65C2-49C3-ADAE-ACB17E6B0650}
	EndProjectSection
EndProject
Project("{8BC9CEB8-8B4A-11D0-8D11-00A0C91BC942}") = "ServerCommon", "..\ServerCommon\ServerCommon.vcproj", "{7820A4C8-B56A-40ED-9B44-86E215A93681}"
	ProjectSection(ProjectDependencies) = postProject
		{595010C3-5427-4453-9F44-5ADB4EDDDB28} = {595010C3-5427-4453-9F44-5ADB4EDDDB28}
	EndProjectSection
EndProject
Global
	GlobalSection(SolutionConfigurationPlatforms) = preSolution
		Debug|Win32 = Debug|Win32
		DebugMDd|Win32 = DebugMDd|Win32
		Release|Win32 = Release|Win32
		ReleaseMD|Win32 = ReleaseMD|Win32
	EndGlobalSection
	GlobalSection(ProjectConfigurationPlatforms) = postSolution
		{54CAF6DC-16D7-4516-8304-AE1C16128243}.Debug|Win32.ActiveCfg = Debug|Win32
		{54CAF6DC-16D7-4516-8304-AE1C16128243}.Debug|Win32.Build.0 = Debug|Win32
		{54CAF6DC-16D7-4516-8304-AE1C16128243}.DebugMDd|Win32.ActiveCfg = Debug|Win32
		{54CAF6DC-16D7-4516-8304-AE1C16128243}.DebugMDd|Win32.Build.0 = Debug|Win32
		{54CAF6DC-16D7-4516-8304-AE1C16128243}.Release|Win32.ActiveCfg = Release|Win32
		{54CAF6DC-16D7-4516-8304-AE1C16128243}.Release|Win32.Build.0 = Release|Win32
		{54CAF6DC-16D7-4516-8304-AE1C16128243}.ReleaseMD|Win32.ActiveCfg = Release|Win32
		{54CAF6DC-16D7-4516-8304-AE1C16128243}.ReleaseMD|Win32.Build.0 = Release|Win32
		{8D451493-65C2-49C3-ADAE-ACB17E6B0650}.Debug|Win32.ActiveCfg = Debug|Win32
		{8D451493-65C2-49C3-ADAE-ACB17E6B0650}.Debug|Win32.Build.0 = Debug|Win32
		{8D451493-65C2-49C3-ADAE-ACB17E6B0650}.DebugMDd|Win32.ActiveCfg = DebugMDd|Win32
		{8D451493-65C2-49C3-ADAE-ACB17E6B0650}.DebugMDd|Win32.Build.0 = DebugMDd|Win32
		{8D451493-65C2-49C3-ADAE-ACB17E6B0650}.Release|Win32.ActiveCfg = Release|Win32
		{8D451493-65C2-49C3-ADAE-ACB17E6B0650}.Release|Win32.Build.0 = Release|Win32
		{8D451493-65C2-49C3-ADAE-ACB17E6B0650}.ReleaseMD|Win32.ActiveCfg = ReleaseMD|Win32
		{8D451493-65C2-49C3-ADAE-ACB17E6B0650}.ReleaseMD|Win32.Build.0 = ReleaseMD|Win32
		{595010C3-5427-4453-9F44-5ADB4EDDDB28}.Debug|Win32.ActiveCfg = Debug|Win32
		{595010C3-5427-4453-9F44-5ADB4EDDDB28}.Debug|Win32.Build.0 = Debug|Win32
		{595010C3-5427-4453-9F44-5ADB4EDDDB28}.DebugMDd|Win32.ActiveCfg = DebugMDd|Win32
		{595010C3-5427-4453-9F44-5ADB4EDDDB28}.DebugMDd|Win32.Build.0 = DebugMDd|Win32
		{595010C3-5427-4453-9F44-5ADB4EDDDB28}.Release|Win32.ActiveCfg = Release|Win32
		{595010C3-5427-4453-9F44-5ADB4EDDDB28}.Release|Win32.Build.0 = Release|Win32
		{595010C3-5427-4453-9F44-5ADB4EDDDB28}.ReleaseMD|Win32.ActiveCfg = ReleaseMD|Win32
		{595010C3-5427-4453-9F44-5ADB4EDDDB28}.ReleaseMD|Win32.Build.0 = ReleaseMD|Win32
		{98475FA7-BEA2-42EE-9B1C-31D9684D237B}.Debug|Win32.ActiveCfg = Debug|Win32
		{98475FA7-BEA2-42EE-9B1C-31D9684D237B}.Debug|Win32.Build.0 = Debug|Win32
		{98475FA7-BEA2-42EE-9B1C-31D9684D237B}.DebugMDd|Win32.ActiveCfg = Debug|Win32
		{98475FA7-BEA2-42EE-9B1C-31D9684D237B}.DebugMDd|Win32.Build.0 = Debug|Win32
		{98475FA7-BEA2-42EE-9B1C-31D9684D237B}.Release|Win32.ActiveCfg = Release|Win32
		{98475FA7-BEA2-42EE-9B1C-31D9684D237B}.Release|Win32.Build.0 = Release|Win32
		{98475FA7-BEA2-42EE-9B1C-31D9684D237B}.ReleaseMD|Win32.ActiveCfg = Release|Win32
		{98475FA7-BEA2-42EE-9B1C-31D9684D237B}.ReleaseMD|Win32.Build.0 = Release|Win32
		{7DCC03B9-DD72-4803-AEE2-1F2BE6CE60C2}.Debug|Win32.ActiveCfg = Debug|Win32
		{7DCC03B9-DD72-4803-AEE2-1F2BE6CE60C2}.Debug|Win32.Build.0 = Debug|Win32
		{7DCC03B9-DD72-4803-AEE2-1F2BE6CE60C2}.DebugMDd|Win32.ActiveCfg = DebugMDd|Win32
		{7DCC03B9-DD72-4803-AEE2-1F2BE6CE60C2}.DebugMDd|Win32.Build.0 = DebugMDd|Win32
		{7DCC03B9-DD72-4803-AEE2-1F2BE6CE60C2}.Release|Win32.ActiveCfg = Release|Win32
		{7DCC03B9-DD72-4803-AEE2-1F2BE6CE60C2}.Release|Win32.Build.0 = Release|Win32
		{7DCC03B9-DD72-4803-AEE2-1F2BE6CE60C2}.ReleaseMD|Win32.ActiveCfg = ReleaseMD|Win32
		{7DCC03B9-DD72-4803-AEE2-1F2BE6CE60C2}.ReleaseMD|Win32.Build.0 = ReleaseMD|Win32
		{7820A4C8-B56A-40ED-9B44-86E215A93681}.Debug|Win32.ActiveCfg = Debug|Win32
		{7820A4C8-B56A-40ED-9B44-86E215A93681}.Debug|Win32.Build.0 = Debug|Win32
		{7820A4C8-B56A-40ED-9B44-86E215A93681}.DebugMDd|Win32.ActiveCfg = Debug|Win32
		{7820A4C8-B56A-40ED-9B44-86E215A93681}.DebugMDd|Win32.Build.0 = Debug|Win32
		{7820A4C8-B56A-40ED-9B44-86E215A93681}.Release|Win32.ActiveCfg = Release|Win32
		{7820A4C8-B56A-40ED-9B44-86E215A93681}.Release|Win32.Build.0 = Release|Win32
		{7820A4C8-B56A-40ED-9B44-86E215A93681}.ReleaseMD|Win32.ActiveCfg = Release|Win32
		{7820A4C8-B56A-40ED-9B44-86E215A93681}.ReleaseMD|Win32.Build.0 = Release|Win32
	EndGlobalSection
	GlobalSection(SolutionProperties) = preSolution
		HideSolutionNode = FALSE
	EndGlobalSection
EndGlobal
