
Microsoft Visual Studio Solution File, Format Version 10.00
# Visual Studio 2008
Project("{8BC9CEB8-8B4A-11D0-8D11-00A0C91BC942}") = "MPhysX", "MPhysX.vcproj", "{A1019D76-911A-4A80-B780-16F247E2F2AD}"
	ProjectSection(ProjectDependencies) = postProject
		{8D451493-65C2-49C3-ADAE-ACB17E6B0650} = {8D451493-65C2-49C3-ADAE-ACB17E6B0650}
		{97861011-05BD-450A-A221-DB5F7A2F4B7B} = {97861011-05BD-450A-A221-DB5F7A2F4B7B}
	EndProjectSection
EndProject
Project("{8BC9CEB8-8B4A-11D0-8D11-00A0C91BC942}") = "MPhysX4R3", "MPhysX4R3\MPhysX4R3.vcproj", "{94A262D9-481E-423E-BAA8-AC4D3CD8E527}"
	ProjectSection(ProjectDependencies) = postProject
		{97861011-05BD-450A-A221-DB5F7A2F4B7B} = {97861011-05BD-450A-A221-DB5F7A2F4B7B}
		{7070FA22-C0D4-40F5-BEB7-EC09F3A58A51} = {7070FA22-C0D4-40F5-BEB7-EC09F3A58A51}
		{A1019D76-911A-4A80-B780-16F247E2F2AD} = {A1019D76-911A-4A80-B780-16F247E2F2AD}
		{8D451493-65C2-49C3-ADAE-ACB17E6B0650} = {8D451493-65C2-49C3-ADAE-ACB17E6B0650}
	EndProjectSection
EndProject
Project("{8BC9CEB8-8B4A-11D0-8D11-00A0C91BC942}") = "RealSpace3", "..\RealSpace3\RealSpace3.vcproj", "{7070FA22-C0D4-40F5-BEB7-EC09F3A58A51}"
	ProjectSection(ProjectDependencies) = postProject
		{97861011-05BD-450A-A221-DB5F7A2F4B7B} = {97861011-05BD-450A-A221-DB5F7A2F4B7B}
		{8D451493-65C2-49C3-ADAE-ACB17E6B0650} = {8D451493-65C2-49C3-ADAE-ACB17E6B0650}
	EndProjectSection
EndProject
Project("{8BC9CEB8-8B4A-11D0-8D11-00A0C91BC942}") = "cml2", "..\cml2\cml2.vcproj", "{8D451493-65C2-49C3-ADAE-ACB17E6B0650}"
EndProject
Project("{8BC9CEB8-8B4A-11D0-8D11-00A0C91BC942}") = "MCollision", "..\MCollision\MCollision.vcproj", "{97861011-05BD-450A-A221-DB5F7A2F4B7B}"
EndProject
Project("{8BC9CEB8-8B4A-11D0-8D11-00A0C91BC942}") = "MPhysXRagDoll", "Samples\MPhysXRagDoll.vcproj", "{B31BF1CE-574A-43E8-BB58-72D45260FD2E}"
	ProjectSection(ProjectDependencies) = postProject
		{94A262D9-481E-423E-BAA8-AC4D3CD8E527} = {94A262D9-481E-423E-BAA8-AC4D3CD8E527}
		{8D451493-65C2-49C3-ADAE-ACB17E6B0650} = {8D451493-65C2-49C3-ADAE-ACB17E6B0650}
		{A1019D76-911A-4A80-B780-16F247E2F2AD} = {A1019D76-911A-4A80-B780-16F247E2F2AD}
		{7070FA22-C0D4-40F5-BEB7-EC09F3A58A51} = {7070FA22-C0D4-40F5-BEB7-EC09F3A58A51}
		{97861011-05BD-450A-A221-DB5F7A2F4B7B} = {97861011-05BD-450A-A221-DB5F7A2F4B7B}
	EndProjectSection
EndProject
Global
	GlobalSection(SolutionConfigurationPlatforms) = preSolution
		Debug|Win32 = Debug|Win32
		Release|Win32 = Release|Win32
	EndGlobalSection
	GlobalSection(ProjectConfigurationPlatforms) = postSolution
		{A1019D76-911A-4A80-B780-16F247E2F2AD}.Debug|Win32.ActiveCfg = Debug|Win32
		{A1019D76-911A-4A80-B780-16F247E2F2AD}.Debug|Win32.Build.0 = Debug|Win32
		{A1019D76-911A-4A80-B780-16F247E2F2AD}.Release|Win32.ActiveCfg = Release|Win32
		{A1019D76-911A-4A80-B780-16F247E2F2AD}.Release|Win32.Build.0 = Release|Win32
		{94A262D9-481E-423E-BAA8-AC4D3CD8E527}.Debug|Win32.ActiveCfg = Debug|Win32
		{94A262D9-481E-423E-BAA8-AC4D3CD8E527}.Debug|Win32.Build.0 = Debug|Win32
		{94A262D9-481E-423E-BAA8-AC4D3CD8E527}.Release|Win32.ActiveCfg = Release|Win32
		{94A262D9-481E-423E-BAA8-AC4D3CD8E527}.Release|Win32.Build.0 = Release|Win32
		{7070FA22-C0D4-40F5-BEB7-EC09F3A58A51}.Debug|Win32.ActiveCfg = Debug|Win32
		{7070FA22-C0D4-40F5-BEB7-EC09F3A58A51}.Debug|Win32.Build.0 = Debug|Win32
		{7070FA22-C0D4-40F5-BEB7-EC09F3A58A51}.Release|Win32.ActiveCfg = Release|Win32
		{7070FA22-C0D4-40F5-BEB7-EC09F3A58A51}.Release|Win32.Build.0 = Release|Win32
		{8D451493-65C2-49C3-ADAE-ACB17E6B0650}.Debug|Win32.ActiveCfg = Debug|Win32
		{8D451493-65C2-49C3-ADAE-ACB17E6B0650}.Debug|Win32.Build.0 = Debug|Win32
		{8D451493-65C2-49C3-ADAE-ACB17E6B0650}.Release|Win32.ActiveCfg = Release|Win32
		{8D451493-65C2-49C3-ADAE-ACB17E6B0650}.Release|Win32.Build.0 = Release|Win32
		{97861011-05BD-450A-A221-DB5F7A2F4B7B}.Debug|Win32.ActiveCfg = Debug|Win32
		{97861011-05BD-450A-A221-DB5F7A2F4B7B}.Debug|Win32.Build.0 = Debug|Win32
		{97861011-05BD-450A-A221-DB5F7A2F4B7B}.Release|Win32.ActiveCfg = Release|Win32
		{97861011-05BD-450A-A221-DB5F7A2F4B7B}.Release|Win32.Build.0 = Release|Win32
		{B31BF1CE-574A-43E8-BB58-72D45260FD2E}.Debug|Win32.ActiveCfg = Debug|Win32
		{B31BF1CE-574A-43E8-BB58-72D45260FD2E}.Debug|Win32.Build.0 = Debug|Win32
		{B31BF1CE-574A-43E8-BB58-72D45260FD2E}.Release|Win32.ActiveCfg = Release|Win32
		{B31BF1CE-574A-43E8-BB58-72D45260FD2E}.Release|Win32.Build.0 = Release|Win32
	EndGlobalSection
	GlobalSection(SolutionProperties) = preSolution
		HideSolutionNode = FALSE
	EndGlobalSection
EndGlobal
