Microsoft Visual Studio Solution File, Format Version 10.00
# Visual Studio 2008
Project("{8BC9CEB8-8B4A-11D0-8D11-00A0C91BC942}") = "TalentExporter", "TalentExporter.vcproj", "{4C1D3F7D-E305-467D-8F23-CCE96F235FC8}"
	ProjectSection(ProjectDependencies) = postProject
		{A1019D76-911A-4A80-B780-16F247E2F2AD} = {A1019D76-911A-4A80-B780-16F247E2F2AD}
		{97861011-05BD-450A-A221-DB5F7A2F4B7B} = {97861011-05BD-450A-A221-DB5F7A2F4B7B}
		{7070FA22-C0D4-40F5-BEB7-EC09F3A58A51} = {7070FA22-C0D4-40F5-BEB7-EC09F3A58A51}
		{8D451493-65C2-49C3-ADAE-ACB17E6B0650} = {8D451493-65C2-49C3-ADAE-ACB17E6B0650}
		{7DCC03B9-DD72-4803-AEE2-1F2BE6CE60C2} = {7DCC03B9-DD72-4803-AEE2-1F2BE6CE60C2}
	EndProjectSection
EndProject
Project("{8BC9CEB8-8B4A-11D0-8D11-00A0C91BC942}") = "CSCommon", "..\..\CSCommon\CSCommon.vcproj", "{7DCC03B9-DD72-4803-AEE2-1F2BE6CE60C2}"
EndProject
Project("{8BC9CEB8-8B4A-11D0-8D11-00A0C91BC942}") = "cml2", "..\..\mdk\cml2\cml2.vcproj", "{8D451493-65C2-49C3-ADAE-ACB17E6B0650}"
EndProject
Project("{8BC9CEB8-8B4A-11D0-8D11-00A0C91BC942}") = "RealSpace3", "..\..\mdk\RealSpace3\RealSpace3.vcproj", "{7070FA22-C0D4-40F5-BEB7-EC09F3A58A51}"
	ProjectSection(ProjectDependencies) = postProject
		{8D451493-65C2-49C3-ADAE-ACB17E6B0650} = {8D451493-65C2-49C3-ADAE-ACB17E6B0650}
	EndProjectSection
EndProject
Project("{8BC9CEB8-8B4A-11D0-8D11-00A0C91BC942}") = "RealSound2", "..\..\mdk\RealSound2\RealSound2.vcproj", "{E626E2EF-80C7-47BD-BB8E-CFEFB3C0D340}"
EndProject
Project("{8BC9CEB8-8B4A-11D0-8D11-00A0C91BC942}") = "MPhysX", "..\..\mdk\MPhysX\MPhysX.vcproj", "{A1019D76-911A-4A80-B780-16F247E2F2AD}"
EndProject
Project("{8BC9CEB8-8B4A-11D0-8D11-00A0C91BC942}") = "MCollision", "..\..\mdk\MCollision\MCollision.vcproj", "{97861011-05BD-450A-A221-DB5F7A2F4B7B}"
EndProject
Project("{8BC9CEB8-8B4A-11D0-8D11-00A0C91BC942}") = "GameCommon", "..\..\Game\GameCommon\GameCommon.vcproj", "{7820A4C8-B56A-40ED-9B44-86E215A93681}"
EndProject
Project("{8BC9CEB8-8B4A-11D0-8D11-00A0C91BC942}") = "MTest", "..\..\mdk\MTest\MTest.vcproj", "{249D9B5B-BC66-4D30-AB85-F936F737D3CA}"
EndProject
Global
	GlobalSection(SolutionConfigurationPlatforms) = preSolution
		Debug|Win32 = Debug|Win32
		DebugMD|Win32 = DebugMD|Win32
		Release|Win32 = Release|Win32
		ReleaseMD|Win32 = ReleaseMD|Win32
	EndGlobalSection
	GlobalSection(ProjectConfigurationPlatforms) = postSolution
		{4C1D3F7D-E305-467D-8F23-CCE96F235FC8}.Debug|Win32.ActiveCfg = Debug|Win32
		{4C1D3F7D-E305-467D-8F23-CCE96F235FC8}.Debug|Win32.Build.0 = Debug|Win32
		{4C1D3F7D-E305-467D-8F23-CCE96F235FC8}.DebugMD|Win32.ActiveCfg = Debug|Win32
		{4C1D3F7D-E305-467D-8F23-CCE96F235FC8}.DebugMD|Win32.Build.0 = Debug|Win32
		{4C1D3F7D-E305-467D-8F23-CCE96F235FC8}.Release|Win32.ActiveCfg = Release|Win32
		{4C1D3F7D-E305-467D-8F23-CCE96F235FC8}.Release|Win32.Build.0 = Release|Win32
		{4C1D3F7D-E305-467D-8F23-CCE96F235FC8}.ReleaseMD|Win32.ActiveCfg = Release|Win32
		{4C1D3F7D-E305-467D-8F23-CCE96F235FC8}.ReleaseMD|Win32.Build.0 = Release|Win32
		{7DCC03B9-DD72-4803-AEE2-1F2BE6CE60C2}.Debug|Win32.ActiveCfg = DebugW|Win32
		{7DCC03B9-DD72-4803-AEE2-1F2BE6CE60C2}.Debug|Win32.Build.0 = DebugW|Win32
		{7DCC03B9-DD72-4803-AEE2-1F2BE6CE60C2}.DebugMD|Win32.ActiveCfg = DebugMD|Win32
		{7DCC03B9-DD72-4803-AEE2-1F2BE6CE60C2}.DebugMD|Win32.Build.0 = DebugMD|Win32
		{7DCC03B9-DD72-4803-AEE2-1F2BE6CE60C2}.Release|Win32.ActiveCfg = ReleaseW|Win32
		{7DCC03B9-DD72-4803-AEE2-1F2BE6CE60C2}.Release|Win32.Build.0 = ReleaseW|Win32
		{7DCC03B9-DD72-4803-AEE2-1F2BE6CE60C2}.ReleaseMD|Win32.ActiveCfg = ReleaseMD|Win32
		{7DCC03B9-DD72-4803-AEE2-1F2BE6CE60C2}.ReleaseMD|Win32.Build.0 = ReleaseMD|Win32
		{8D451493-65C2-49C3-ADAE-ACB17E6B0650}.Debug|Win32.ActiveCfg = Debug|Win32
		{8D451493-65C2-49C3-ADAE-ACB17E6B0650}.Debug|Win32.Build.0 = Debug|Win32
		{8D451493-65C2-49C3-ADAE-ACB17E6B0650}.DebugMD|Win32.ActiveCfg = DebugMD|Win32
		{8D451493-65C2-49C3-ADAE-ACB17E6B0650}.DebugMD|Win32.Build.0 = DebugMD|Win32
		{8D451493-65C2-49C3-ADAE-ACB17E6B0650}.Release|Win32.ActiveCfg = Release|Win32
		{8D451493-65C2-49C3-ADAE-ACB17E6B0650}.Release|Win32.Build.0 = Release|Win32
		{8D451493-65C2-49C3-ADAE-ACB17E6B0650}.ReleaseMD|Win32.ActiveCfg = ReleaseMD|Win32
		{8D451493-65C2-49C3-ADAE-ACB17E6B0650}.ReleaseMD|Win32.Build.0 = ReleaseMD|Win32
		{7070FA22-C0D4-40F5-BEB7-EC09F3A58A51}.Debug|Win32.ActiveCfg = Debug|Win32
		{7070FA22-C0D4-40F5-BEB7-EC09F3A58A51}.Debug|Win32.Build.0 = Debug|Win32
		{7070FA22-C0D4-40F5-BEB7-EC09F3A58A51}.DebugMD|Win32.ActiveCfg = DebugMD|Win32
		{7070FA22-C0D4-40F5-BEB7-EC09F3A58A51}.DebugMD|Win32.Build.0 = DebugMD|Win32
		{7070FA22-C0D4-40F5-BEB7-EC09F3A58A51}.Release|Win32.ActiveCfg = Release|Win32
		{7070FA22-C0D4-40F5-BEB7-EC09F3A58A51}.Release|Win32.Build.0 = Release|Win32
		{7070FA22-C0D4-40F5-BEB7-EC09F3A58A51}.ReleaseMD|Win32.ActiveCfg = Release_profile|Win32
		{7070FA22-C0D4-40F5-BEB7-EC09F3A58A51}.ReleaseMD|Win32.Build.0 = Release_profile|Win32
		{E626E2EF-80C7-47BD-BB8E-CFEFB3C0D340}.Debug|Win32.ActiveCfg = Debug|Win32
		{E626E2EF-80C7-47BD-BB8E-CFEFB3C0D340}.Debug|Win32.Build.0 = Debug|Win32
		{E626E2EF-80C7-47BD-BB8E-CFEFB3C0D340}.DebugMD|Win32.ActiveCfg = DebugMD|Win32
		{E626E2EF-80C7-47BD-BB8E-CFEFB3C0D340}.DebugMD|Win32.Build.0 = DebugMD|Win32
		{E626E2EF-80C7-47BD-BB8E-CFEFB3C0D340}.Release|Win32.ActiveCfg = Release|Win32
		{E626E2EF-80C7-47BD-BB8E-CFEFB3C0D340}.Release|Win32.Build.0 = Release|Win32
		{E626E2EF-80C7-47BD-BB8E-CFEFB3C0D340}.ReleaseMD|Win32.ActiveCfg = ReleaseMD|Win32
		{E626E2EF-80C7-47BD-BB8E-CFEFB3C0D340}.ReleaseMD|Win32.Build.0 = ReleaseMD|Win32
		{A1019D76-911A-4A80-B780-16F247E2F2AD}.Debug|Win32.ActiveCfg = Debug|Win32
		{A1019D76-911A-4A80-B780-16F247E2F2AD}.Debug|Win32.Build.0 = Debug|Win32
		{A1019D76-911A-4A80-B780-16F247E2F2AD}.DebugMD|Win32.ActiveCfg = DebugMD|Win32
		{A1019D76-911A-4A80-B780-16F247E2F2AD}.DebugMD|Win32.Build.0 = DebugMD|Win32
		{A1019D76-911A-4A80-B780-16F247E2F2AD}.Release|Win32.ActiveCfg = Release|Win32
		{A1019D76-911A-4A80-B780-16F247E2F2AD}.Release|Win32.Build.0 = Release|Win32
		{A1019D76-911A-4A80-B780-16F247E2F2AD}.ReleaseMD|Win32.ActiveCfg = ReleaseMD|Win32
		{A1019D76-911A-4A80-B780-16F247E2F2AD}.ReleaseMD|Win32.Build.0 = ReleaseMD|Win32
		{97861011-05BD-450A-A221-DB5F7A2F4B7B}.Debug|Win32.ActiveCfg = Debug|Win32
		{97861011-05BD-450A-A221-DB5F7A2F4B7B}.Debug|Win32.Build.0 = Debug|Win32
		{97861011-05BD-450A-A221-DB5F7A2F4B7B}.DebugMD|Win32.ActiveCfg = DebugMD|Win32
		{97861011-05BD-450A-A221-DB5F7A2F4B7B}.DebugMD|Win32.Build.0 = DebugMD|Win32
		{97861011-05BD-450A-A221-DB5F7A2F4B7B}.Release|Win32.ActiveCfg = Release|Win32
		{97861011-05BD-450A-A221-DB5F7A2F4B7B}.Release|Win32.Build.0 = Release|Win32
		{97861011-05BD-450A-A221-DB5F7A2F4B7B}.ReleaseMD|Win32.ActiveCfg = ReleaseMD|Win32
		{97861011-05BD-450A-A221-DB5F7A2F4B7B}.ReleaseMD|Win32.Build.0 = ReleaseMD|Win32
		{7820A4C8-B56A-40ED-9B44-86E215A93681}.Debug|Win32.ActiveCfg = Debug_W|Win32
		{7820A4C8-B56A-40ED-9B44-86E215A93681}.Debug|Win32.Build.0 = Debug_W|Win32
		{7820A4C8-B56A-40ED-9B44-86E215A93681}.DebugMD|Win32.ActiveCfg = DebugMD|Win32
		{7820A4C8-B56A-40ED-9B44-86E215A93681}.DebugMD|Win32.Build.0 = DebugMD|Win32
		{7820A4C8-B56A-40ED-9B44-86E215A93681}.Release|Win32.ActiveCfg = Release_W|Win32
		{7820A4C8-B56A-40ED-9B44-86E215A93681}.Release|Win32.Build.0 = Release_W|Win32
		{7820A4C8-B56A-40ED-9B44-86E215A93681}.ReleaseMD|Win32.ActiveCfg = ReleaseMD|Win32
		{7820A4C8-B56A-40ED-9B44-86E215A93681}.ReleaseMD|Win32.Build.0 = ReleaseMD|Win32
		{249D9B5B-BC66-4D30-AB85-F936F737D3CA}.Debug|Win32.ActiveCfg = Debug|Win32
		{249D9B5B-BC66-4D30-AB85-F936F737D3CA}.Debug|Win32.Build.0 = Debug|Win32
		{249D9B5B-BC66-4D30-AB85-F936F737D3CA}.DebugMD|Win32.ActiveCfg = DebugMD|Win32
		{249D9B5B-BC66-4D30-AB85-F936F737D3CA}.DebugMD|Win32.Build.0 = DebugMD|Win32
		{249D9B5B-BC66-4D30-AB85-F936F737D3CA}.Release|Win32.ActiveCfg = Release|Win32
		{249D9B5B-BC66-4D30-AB85-F936F737D3CA}.Release|Win32.Build.0 = Release|Win32
		{249D9B5B-BC66-4D30-AB85-F936F737D3CA}.ReleaseMD|Win32.ActiveCfg = ReleaseMD|Win32
		{249D9B5B-BC66-4D30-AB85-F936F737D3CA}.ReleaseMD|Win32.Build.0 = ReleaseMD|Win32
	EndGlobalSection
	GlobalSection(SolutionProperties) = preSolution
		HideSolutionNode = FALSE
	EndGlobalSection
EndGlobal
