Microsoft Visual Studio Solution File, Format Version 10.00
# Visual Studio 2008
Project("{8BC9CEB8-8B4A-11D0-8D11-00A0C91BC942}") = "cml2", "..\cml2\cml2.vcproj", "{8D451493-65C2-49C3-ADAE-ACB17E6B0650}"
EndProject
Project("{8BC9CEB8-8B4A-11D0-8D11-00A0C91BC942}") = "MCplug3", "MCplug3.vcproj", "{BEBCB677-F42B-4E85-9691-585520CBDC10}"
	ProjectSection(ProjectDependencies) = postProject
		{97861011-05BD-450A-A221-DB5F7A2F4B7B} = {97861011-05BD-450A-A221-DB5F7A2F4B7B}
		{8D451493-65C2-49C3-ADAE-ACB17E6B0650} = {8D451493-65C2-49C3-ADAE-ACB17E6B0650}
	EndProjectSection
EndProject
Project("{8BC9CEB8-8B4A-11D0-8D11-00A0C91BC942}") = "MCollision", "..\MCollision\MCollision.vcproj", "{97861011-05BD-450A-A221-DB5F7A2F4B7B}"
EndProject
Global
	GlobalSection(SolutionConfigurationPlatforms) = preSolution
		Debug|Win32 = Debug|Win32
		Debug2009|Win32 = Debug2009|Win32
		Debug2011_x64|Win32 = Debug2011_x64|Win32
		Debug2011|Win32 = Debug2011|Win32
		Release2008|Win32 = Release2008|Win32
		Release2009|Win32 = Release2009|Win32
		Release2011_x64|Win32 = Release2011_x64|Win32
		Release2011|Win32 = Release2011|Win32
	EndGlobalSection
	GlobalSection(ProjectConfigurationPlatforms) = postSolution
		{8D451493-65C2-49C3-ADAE-ACB17E6B0650}.Debug|Win32.ActiveCfg = Debug|Win32
		{8D451493-65C2-49C3-ADAE-ACB17E6B0650}.Debug|Win32.Build.0 = Debug|Win32
		{8D451493-65C2-49C3-ADAE-ACB17E6B0650}.Debug2009|Win32.ActiveCfg = Debug|Win32
		{8D451493-65C2-49C3-ADAE-ACB17E6B0650}.Debug2009|Win32.Build.0 = Debug|Win32
		{8D451493-65C2-49C3-ADAE-ACB17E6B0650}.Debug2011_x64|Win32.ActiveCfg = Debug|Win32
		{8D451493-65C2-49C3-ADAE-ACB17E6B0650}.Debug2011_x64|Win32.Build.0 = Debug|Win32
		{8D451493-65C2-49C3-ADAE-ACB17E6B0650}.Debug2011|Win32.ActiveCfg = Debug|Win32
		{8D451493-65C2-49C3-ADAE-ACB17E6B0650}.Debug2011|Win32.Build.0 = Debug|Win32
		{8D451493-65C2-49C3-ADAE-ACB17E6B0650}.Release2008|Win32.ActiveCfg = Release|Win32
		{8D451493-65C2-49C3-ADAE-ACB17E6B0650}.Release2008|Win32.Build.0 = Release|Win32
		{8D451493-65C2-49C3-ADAE-ACB17E6B0650}.Release2009|Win32.ActiveCfg = Release|Win32
		{8D451493-65C2-49C3-ADAE-ACB17E6B0650}.Release2009|Win32.Build.0 = Release|Win32
		{8D451493-65C2-49C3-ADAE-ACB17E6B0650}.Release2011_x64|Win32.ActiveCfg = Release|Win32
		{8D451493-65C2-49C3-ADAE-ACB17E6B0650}.Release2011_x64|Win32.Build.0 = Release|Win32
		{8D451493-65C2-49C3-ADAE-ACB17E6B0650}.Release2011|Win32.ActiveCfg = Release|Win32
		{8D451493-65C2-49C3-ADAE-ACB17E6B0650}.Release2011|Win32.Build.0 = Release|Win32
		{BEBCB677-F42B-4E85-9691-585520CBDC10}.Debug|Win32.ActiveCfg = Debug|Win32
		{BEBCB677-F42B-4E85-9691-585520CBDC10}.Debug|Win32.Build.0 = Debug|Win32
		{BEBCB677-F42B-4E85-9691-585520CBDC10}.Debug2009|Win32.ActiveCfg = Debug2009|Win32
		{BEBCB677-F42B-4E85-9691-585520CBDC10}.Debug2009|Win32.Build.0 = Debug2009|Win32
		{BEBCB677-F42B-4E85-9691-585520CBDC10}.Debug2011_x64|Win32.ActiveCfg = Debug2011_x64|Win32
		{BEBCB677-F42B-4E85-9691-585520CBDC10}.Debug2011_x64|Win32.Build.0 = Debug2011_x64|Win32
		{BEBCB677-F42B-4E85-9691-585520CBDC10}.Debug2011|Win32.ActiveCfg = Debug2011|Win32
		{BEBCB677-F42B-4E85-9691-585520CBDC10}.Debug2011|Win32.Build.0 = Debug2011|Win32
		{BEBCB677-F42B-4E85-9691-585520CBDC10}.Release2008|Win32.ActiveCfg = Release2008|Win32
		{BEBCB677-F42B-4E85-9691-585520CBDC10}.Release2008|Win32.Build.0 = Release2008|Win32
		{BEBCB677-F42B-4E85-9691-585520CBDC10}.Release2009|Win32.ActiveCfg = Release2009|Win32
		{BEBCB677-F42B-4E85-9691-585520CBDC10}.Release2009|Win32.Build.0 = Release2009|Win32
		{BEBCB677-F42B-4E85-9691-585520CBDC10}.Release2011_x64|Win32.ActiveCfg = Release2011_x64|Win32
		{BEBCB677-F42B-4E85-9691-585520CBDC10}.Release2011_x64|Win32.Build.0 = Release2011_x64|Win32
		{BEBCB677-F42B-4E85-9691-585520CBDC10}.Release2011|Win32.ActiveCfg = Release2011|Win32
		{BEBCB677-F42B-4E85-9691-585520CBDC10}.Release2011|Win32.Build.0 = Release2011|Win32
		{97861011-05BD-450A-A221-DB5F7A2F4B7B}.Debug|Win32.ActiveCfg = Debug|Win32
		{97861011-05BD-450A-A221-DB5F7A2F4B7B}.Debug|Win32.Build.0 = Debug|Win32
		{97861011-05BD-450A-A221-DB5F7A2F4B7B}.Debug2009|Win32.ActiveCfg = Debug|Win32
		{97861011-05BD-450A-A221-DB5F7A2F4B7B}.Debug2009|Win32.Build.0 = Debug|Win32
		{97861011-05BD-450A-A221-DB5F7A2F4B7B}.Debug2011_x64|Win32.ActiveCfg = Debug|Win32
		{97861011-05BD-450A-A221-DB5F7A2F4B7B}.Debug2011_x64|Win32.Build.0 = Debug|Win32
		{97861011-05BD-450A-A221-DB5F7A2F4B7B}.Debug2011|Win32.ActiveCfg = Debug|Win32
		{97861011-05BD-450A-A221-DB5F7A2F4B7B}.Debug2011|Win32.Build.0 = Debug|Win32
		{97861011-05BD-450A-A221-DB5F7A2F4B7B}.Release2008|Win32.ActiveCfg = Release|Win32
		{97861011-05BD-450A-A221-DB5F7A2F4B7B}.Release2008|Win32.Build.0 = Release|Win32
		{97861011-05BD-450A-A221-DB5F7A2F4B7B}.Release2009|Win32.ActiveCfg = Release|Win32
		{97861011-05BD-450A-A221-DB5F7A2F4B7B}.Release2009|Win32.Build.0 = Release|Win32
		{97861011-05BD-450A-A221-DB5F7A2F4B7B}.Release2011_x64|Win32.ActiveCfg = Release|Win32
		{97861011-05BD-450A-A221-DB5F7A2F4B7B}.Release2011_x64|Win32.Build.0 = Release|Win32
		{97861011-05BD-450A-A221-DB5F7A2F4B7B}.Release2011|Win32.ActiveCfg = Release|Win32
		{97861011-05BD-450A-A221-DB5F7A2F4B7B}.Release2011|Win32.Build.0 = Release|Win32
	EndGlobalSection
	GlobalSection(SolutionProperties) = preSolution
		HideSolutionNode = FALSE
	EndGlobalSection
EndGlobal
